{
  "object": {
    "pins": [
      {
        "package": "Evander",
        "repositoryURL": "https://github.com/elihwyma/Evander",
        "state": {
          "branch": "main",
          "revision": "1fae2b7c69f2fc9ceb05dab6736df0cc5897ca48",
          "version": null
        }
      },
      {
        "package": "SerializedSwift",
        "repositoryURL": "https://github.com/elihwyma/SerializedSwift",
        "state": {
          "branch": "master",
          "revision": "895c6a2242f9396bd9fbc898db385a8510db1bb6",
          "version": null
        }
      },
      {
        "package": "SQLite.swift",
        "repositoryURL": "https://github.com/stephencelis/SQLite.swift",
        "state": {
          "branch": null,
          "revision": "5f5ad81ac0d0a0f3e56e39e646e8423c617df523",
          "version": "0.13.2"
        }
      },
      {
        "package": "SwiftSoup",
        "repositoryURL": "https://github.com/scinfu/SwiftSoup",
        "state": {
          "branch": null,
          "revision": "13ba661fd1146967270fca92ce8195b223631436",
          "version": "2.3.8"
        }
      }
    ]
  },
  "version": 1
}
