// !$*UTF8*$!
{
	archiveVersion = 1;
	classes = {
	};
	objectVersion = 55;
	objects = {

/* Begin PBXBuildFile section */
		E1B5196E27A9A966001E6C43 /* AppDelegate.swift in Sources */ = {isa = PBXBuildFile; fileRef = E1B5196D27A9A966001E6C43 /* AppDelegate.swift */; };
		E1B5197027A9A966001E6C43 /* SceneDelegate.swift in Sources */ = {isa = PBXBuildFile; fileRef = E1B5196F27A9A966001E6C43 /* SceneDelegate.swift */; };
		E1B5197227A9A966001E6C43 /* ViewController.swift in Sources */ = {isa = PBXBuildFile; fileRef = E1B5197127A9A966001E6C43 /* ViewController.swift */; };
		E1B5197527A9A966001E6C43 /* Main.storyboard in Resources */ = {isa = PBXBuildFile; fileRef = E1B5197327A9A966001E6C43 /* Main.storyboard */; };
		E1B5197727A9A968001E6C43 /* Assets.xcassets in Resources */ = {isa = PBXBuildFile; fileRef = E1B5197627A9A968001E6C43 /* Assets.xcassets */; };
		E1B5197A27A9A968001E6C43 /* LaunchScreen.storyboard in Resources */ = {isa = PBXBuildFile; fileRef = E1B5197827A9A968001E6C43 /* LaunchScreen.storyboard */; };
		E1B5198327A9A9A9001E6C43 /* Evander in Frameworks */ = {isa = PBXBuildFile; productRef = E1B5198227A9A9A9001E6C43 /* Evander */; };
		E1B5198627A9B9B9001E6C43 /* ReqestsHandler.swift in Sources */ = {isa = PBXBuildFile; fileRef = E1B5198527A9B9B9001E6C43 /* ReqestsHandler.swift */; };
		E1B5198927A9C479001E6C43 /* SwiftSoup in Frameworks */ = {isa = PBXBuildFile; productRef = E1B5198827A9C479001E6C43 /* SwiftSoup */; };
/* End PBXBuildFile section */

/* Begin PBXFileReference section */
		E1B5196A27A9A966001E6C43 /* MyMathsTesting.app */ = {isa = PBXFileReference; explicitFileType = wrapper.application; includeInIndex = 0; path = MyMathsTesting.app; sourceTree = BUILT_PRODUCTS_DIR; };
		E1B5196D27A9A966001E6C43 /* AppDelegate.swift */ = {isa = PBXFileReference; lastKnownFileType = sourcecode.swift; path = AppDelegate.swift; sourceTree = "<group>"; };
		E1B5196F27A9A966001E6C43 /* SceneDelegate.swift */ = {isa = PBXFileReference; lastKnownFileType = sourcecode.swift; path = SceneDelegate.swift; sourceTree = "<group>"; };
		E1B5197127A9A966001E6C43 /* ViewController.swift */ = {isa = PBXFileReference; lastKnownFileType = sourcecode.swift; path = ViewController.swift; sourceTree = "<group>"; };
		E1B5197427A9A966001E6C43 /* Base */ = {isa = PBXFileReference; lastKnownFileType = file.storyboard; name = Base; path = Base.lproj/Main.storyboard; sourceTree = "<group>"; };
		E1B5197627A9A968001E6C43 /* Assets.xcassets */ = {isa = PBXFileReference; lastKnownFileType = folder.assetcatalog; path = Assets.xcassets; sourceTree = "<group>"; };
		E1B5197927A9A968001E6C43 /* Base */ = {isa = PBXFileReference; lastKnownFileType = file.storyboard; name = Base; path = Base.lproj/LaunchScreen.storyboard; sourceTree = "<group>"; };
		E1B5197B27A9A968001E6C43 /* Info.plist */ = {isa = PBXFileReference; lastKnownFileType = text.plist.xml; path = Info.plist; sourceTree = "<group>"; };
		E1B5198527A9B9B9001E6C43 /* ReqestsHandler.swift */ = {isa = PBXFileReference; lastKnownFileType = sourcecode.swift; path = ReqestsHandler.swift; sourceTree = "<group>"; };
		E1B5198A27A9D3D7001E6C43 /* BridgingHeader.h */ = {isa = PBXFileReference; lastKnownFileType = sourcecode.c.h; path = BridgingHeader.h; sourceTree = "<group>"; };
/* End PBXFileReference section */

/* Begin PBXFrameworksBuildPhase section */
		E1B5196727A9A966001E6C43 /* Frameworks */ = {
			isa = PBXFrameworksBuildPhase;
			buildActionMask = 2147483647;
			files = (
				E1B5198327A9A9A9001E6C43 /* Evander in Frameworks */,
				E1B5198927A9C479001E6C43 /* SwiftSoup in Frameworks */,
			);
			runOnlyForDeploymentPostprocessing = 0;
		};
/* End PBXFrameworksBuildPhase section */

/* Begin PBXGroup section */
		E1B5196127A9A966001E6C43 = {
			isa = PBXGroup;
			children = (
				E1B5196C27A9A966001E6C43 /* MyMathsTesting */,
				E1B5196B27A9A966001E6C43 /* Products */,
			);
			sourceTree = "<group>";
		};
		E1B5196B27A9A966001E6C43 /* Products */ = {
			isa = PBXGroup;
			children = (
				E1B5196A27A9A966001E6C43 /* MyMathsTesting.app */,
			);
			name = Products;
			sourceTree = "<group>";
		};
		E1B5196C27A9A966001E6C43 /* MyMathsTesting */ = {
			isa = PBXGroup;
			children = (
				E1B5196D27A9A966001E6C43 /* AppDelegate.swift */,
				E1B5196F27A9A966001E6C43 /* SceneDelegate.swift */,
				E1B5197127A9A966001E6C43 /* ViewController.swift */,
				E1B5198427A9B9A2001E6C43 /* MyMathsRequests */,
				E1B5197327A9A966001E6C43 /* Main.storyboard */,
				E1B5197627A9A968001E6C43 /* Assets.xcassets */,
				E1B5197827A9A968001E6C43 /* LaunchScreen.storyboard */,
				E1B5197B27A9A968001E6C43 /* Info.plist */,
				E1B5198A27A9D3D7001E6C43 /* BridgingHeader.h */,
			);
			path = MyMathsTesting;
			sourceTree = "<group>";
		};
		E1B5198427A9B9A2001E6C43 /* MyMathsRequests */ = {
			isa = PBXGroup;
			children = (
				E1B5198527A9B9B9001E6C43 /* ReqestsHandler.swift */,
			);
			path = MyMathsRequests;
			sourceTree = "<group>";
		};
/* End PBXGroup section */

/* Begin PBXNativeTarget section */
		E1B5196927A9A966001E6C43 /* MyMathsTesting */ = {
			isa = PBXNativeTarget;
			buildConfigurationList = E1B5197E27A9A968001E6C43 /* Build configuration list for PBXNativeTarget "MyMathsTesting" */;
			buildPhases = (
				E1B5196627A9A966001E6C43 /* Sources */,
				E1B5196727A9A966001E6C43 /* Frameworks */,
				E1B5196827A9A966001E6C43 /* Resources */,
			);
			buildRules = (
			);
			dependencies = (
			);
			name = MyMathsTesting;
			packageProductDependencies = (
				E1B5198227A9A9A9001E6C43 /* Evander */,
				E1B5198827A9C479001E6C43 /* SwiftSoup */,
			);
			productName = MyMathsTesting;
			productReference = E1B5196A27A9A966001E6C43 /* MyMathsTesting.app */;
			productType = "com.apple.product-type.application";
		};
/* End PBXNativeTarget section */

/* Begin PBXProject section */
		E1B5196227A9A966001E6C43 /* Project object */ = {
			isa = PBXProject;
			attributes = {
				BuildIndependentTargetsInParallel = 1;
				LastSwiftUpdateCheck = 1330;
				LastUpgradeCheck = 1330;
				TargetAttributes = {
					E1B5196927A9A966001E6C43 = {
						CreatedOnToolsVersion = 13.3;
					};
				};
			};
			buildConfigurationList = E1B5196527A9A966001E6C43 /* Build configuration list for PBXProject "MyMathsTesting" */;
			compatibilityVersion = "Xcode 13.0";
			developmentRegion = en;
			hasScannedForEncodings = 0;
			knownRegions = (
				en,
				Base,
			);
			mainGroup = E1B5196127A9A966001E6C43;
			packageReferences = (
				E1B5198127A9A9A9001E6C43 /* XCRemoteSwiftPackageReference "Evander" */,
				E1B5198727A9C478001E6C43 /* XCRemoteSwiftPackageReference "SwiftSoup" */,
			);
			productRefGroup = E1B5196B27A9A966001E6C43 /* Products */;
			projectDirPath = "";
			projectRoot = "";
			targets = (
				E1B5196927A9A966001E6C43 /* MyMathsTesting */,
			);
		};
/* End PBXProject section */

/* Begin PBXResourcesBuildPhase section */
		E1B5196827A9A966001E6C43 /* Resources */ = {
			isa = PBXResourcesBuildPhase;
			buildActionMask = 2147483647;
			files = (
				E1B5197A27A9A968001E6C43 /* LaunchScreen.storyboard in Resources */,
				E1B5197727A9A968001E6C43 /* Assets.xcassets in Resources */,
				E1B5197527A9A966001E6C43 /* Main.storyboard in Resources */,
			);
			runOnlyForDeploymentPostprocessing = 0;
		};
/* End PBXResourcesBuildPhase section */

/* Begin PBXSourcesBuildPhase section */
		E1B5196627A9A966001E6C43 /* Sources */ = {
			isa = PBXSourcesBuildPhase;
			buildActionMask = 2147483647;
			files = (
				E1B5198627A9B9B9001E6C43 /* ReqestsHandler.swift in Sources */,
				E1B5197227A9A966001E6C43 /* ViewController.swift in Sources */,
				E1B5196E27A9A966001E6C43 /* AppDelegate.swift in Sources */,
				E1B5197027A9A966001E6C43 /* SceneDelegate.swift in Sources */,
			);
			runOnlyForDeploymentPostprocessing = 0;
		};
/* End PBXSourcesBuildPhase section */

/* Begin PBXVariantGroup section */
		E1B5197327A9A966001E6C43 /* Main.storyboard */ = {
			isa = PBXVariantGroup;
			children = (
				E1B5197427A9A966001E6C43 /* Base */,
			);
			name = Main.storyboard;
			sourceTree = "<group>";
		};
		E1B5197827A9A968001E6C43 /* LaunchScreen.storyboard */ = {
			isa = PBXVariantGroup;
			children = (
				E1B5197927A9A968001E6C43 /* Base */,
			);
			name = LaunchScreen.storyboard;
			sourceTree = "<group>";
		};
/* End PBXVariantGroup section */

/* Begin XCBuildConfiguration section */
		E1B5197C27A9A968001E6C43 /* Debug */ = {
			isa = XCBuildConfiguration;
			buildSettings = {
				ALWAYS_SEARCH_USER_PATHS = NO;
				CLANG_ANALYZER_NONNULL = YES;
				CLANG_ANALYZER_NUMBER_OBJECT_CONVERSION = YES_AGGRESSIVE;
				CLANG_CXX_LANGUAGE_STANDARD = "gnu++17";
				CLANG_ENABLE_MODULES = YES;
				CLANG_ENABLE_OBJC_ARC = YES;
				CLANG_ENABLE_OBJC_WEAK = YES;
				CLANG_WARN_BLOCK_CAPTURE_AUTORELEASING = YES;
				CLANG_WARN_BOOL_CONVERSION = YES;
				CLANG_WARN_COMMA = YES;
				CLANG_WARN_CONSTANT_CONVERSION = YES;
				CLANG_WARN_DEPRECATED_OBJC_IMPLEMENTATIONS = YES;
				CLANG_WARN_DIRECT_OBJC_ISA_USAGE = YES_ERROR;
				CLANG_WARN_DOCUMENTATION_COMMENTS = YES;
				CLANG_WARN_EMPTY_BODY = YES;
				CLANG_WARN_ENUM_CONVERSION = YES;
				CLANG_WARN_INFINITE_RECURSION = YES;
				CLANG_WARN_INT_CONVERSION = YES;
				CLANG_WARN_NON_LITERAL_NULL_CONVERSION = YES;
				CLANG_WARN_OBJC_IMPLICIT_RETAIN_SELF = YES;
				CLANG_WARN_OBJC_LITERAL_CONVERSION = YES;
				CLANG_WARN_OBJC_ROOT_CLASS = YES_ERROR;
				CLANG_WARN_QUOTED_INCLUDE_IN_FRAMEWORK_HEADER = YES;
				CLANG_WARN_RANGE_LOOP_ANALYSIS = YES;
				CLANG_WARN_STRICT_PROTOTYPES = YES;
				CLANG_WARN_SUSPICIOUS_MOVE = YES;
				CLANG_WARN_UNGUARDED_AVAILABILITY = YES_AGGRESSIVE;
				CLANG_WARN_UNREACHABLE_CODE = YES;
				CLANG_WARN__DUPLICATE_METHOD_MATCH = YES;
				COPY_PHASE_STRIP = NO;
				DEBUG_INFORMATION_FORMAT = dwarf;
				ENABLE_STRICT_OBJC_MSGSEND = YES;
				ENABLE_TESTABILITY = YES;
				GCC_C_LANGUAGE_STANDARD = gnu11;
				GCC_DYNAMIC_NO_PIC = NO;
				GCC_NO_COMMON_BLOCKS = YES;
				GCC_OPTIMIZATION_LEVEL = 0;
				GCC_PREPROCESSOR_DEFINITIONS = (
					"DEBUG=1",
					"$(inherited)",
				);
				GCC_WARN_64_TO_32_BIT_CONVERSION = YES;
				GCC_WARN_ABOUT_RETURN_TYPE = YES_ERROR;
				GCC_WARN_UNDECLARED_SELECTOR = YES;
				GCC_WARN_UNINITIALIZED_AUTOS = YES_AGGRESSIVE;
				GCC_WARN_UNUSED_FUNCTION = YES;
				GCC_WARN_UNUSED_VARIABLE = YES;
				IPHONEOS_DEPLOYMENT_TARGET = 15.4;
				MTL_ENABLE_DEBUG_INFO = INCLUDE_SOURCE;
				MTL_FAST_MATH = YES;
				ONLY_ACTIVE_ARCH = YES;
				SDKROOT = iphoneos;
				SWIFT_ACTIVE_COMPILATION_CONDITIONS = DEBUG;
				SWIFT_OPTIMIZATION_LEVEL = "-Onone";
			};
			name = Debug;
		};
		E1B5197D27A9A968001E6C43 /* Release */ = {
			isa = XCBuildConfiguration;
			buildSettings = {
				ALWAYS_SEARCH_USER_PATHS = NO;
				CLANG_ANALYZER_NONNULL = YES;
				CLANG_ANALYZER_NUMBER_OBJECT_CONVERSION = YES_AGGRESSIVE;
				CLANG_CXX_LANGUAGE_STANDARD = "gnu++17";
				CLANG_ENABLE_MODULES = YES;
				CLANG_ENABLE_OBJC_ARC = YES;
				CLANG_ENABLE_OBJC_WEAK = YES;
				CLANG_WARN_BLOCK_CAPTURE_AUTORELEASING = YES;
				CLANG_WARN_BOOL_CONVERSION = YES;
				CLANG_WARN_COMMA = YES;
				CLANG_WARN_CONSTANT_CONVERSION = YES;
				CLANG_WARN_DEPRECATED_OBJC_IMPLEMENTATIONS = YES;
				CLANG_WARN_DIRECT_OBJC_ISA_USAGE = YES_ERROR;
				CLANG_WARN_DOCUMENTATION_COMMENTS = YES;
				CLANG_WARN_EMPTY_BODY = YES;
				CLANG_WARN_ENUM_CONVERSION = YES;
				CLANG_WARN_INFINITE_RECURSION = YES;
				CLANG_WARN_INT_CONVERSION = YES;
				CLANG_WARN_NON_LITERAL_NULL_CONVERSION = YES;
				CLANG_WARN_OBJC_IMPLICIT_RETAIN_SELF = YES;
				CLANG_WARN_OBJC_LITERAL_CONVERSION = YES;
				CLANG_WARN_OBJC_ROOT_CLASS = YES_ERROR;
				CLANG_WARN_QUOTED_INCLUDE_IN_FRAMEWORK_HEADER = YES;
				CLANG_WARN_RANGE_LOOP_ANALYSIS = YES;
				CLANG_WARN_STRICT_PROTOTYPES = YES;
				CLANG_WARN_SUSPICIOUS_MOVE = YES;
				CLANG_WARN_UNGUARDED_AVAILABILITY = YES_AGGRESSIVE;
				CLANG_WARN_UNREACHABLE_CODE = YES;
				CLANG_WARN__DUPLICATE_METHOD_MATCH = YES;
				COPY_PHASE_STRIP = NO;
				DEBUG_INFORMATION_FORMAT = "dwarf-with-dsym";
				ENABLE_NS_ASSERTIONS = NO;
				ENABLE_STRICT_OBJC_MSGSEND = YES;
				GCC_C_LANGUAGE_STANDARD = gnu11;
				GCC_NO_COMMON_BLOCKS = YES;
				GCC_WARN_64_TO_32_BIT_CONVERSION = YES;
				GCC_WARN_ABOUT_RETURN_TYPE = YES_ERROR;
				GCC_WARN_UNDECLARED_SELECTOR = YES;
				GCC_WARN_UNINITIALIZED_AUTOS = YES_AGGRESSIVE;
				GCC_WARN_UNUSED_FUNCTION = YES;
				GCC_WARN_UNUSED_VARIABLE = YES;
				IPHONEOS_DEPLOYMENT_TARGET = 15.4;
				MTL_ENABLE_DEBUG_INFO = NO;
				MTL_FAST_MATH = YES;
				SDKROOT = iphoneos;
				SWIFT_COMPILATION_MODE = wholemodule;
				SWIFT_OPTIMIZATION_LEVEL = "-O";
				VALIDATE_PRODUCT = YES;
			};
			name = Release;
		};
		E1B5197F27A9A968001E6C43 /* Debug */ = {
			isa = XCBuildConfiguration;
			buildSettings = {
				ASSETCATALOG_COMPILER_APPICON_NAME = AppIcon;
				ASSETCATALOG_COMPILER_GLOBAL_ACCENT_COLOR_NAME = AccentColor;
				CODE_SIGN_STYLE = Automatic;
				CURRENT_PROJECT_VERSION = 1;
				DEVELOPMENT_TEAM = 7J8FJX4SRX;
				GENERATE_INFOPLIST_FILE = YES;
				INFOPLIST_FILE = MyMathsTesting/Info.plist;
				INFOPLIST_KEY_UIApplicationSupportsIndirectInputEvents = YES;
				INFOPLIST_KEY_UILaunchStoryboardName = LaunchScreen;
				INFOPLIST_KEY_UIMainStoryboardFile = Main;
				INFOPLIST_KEY_UISupportedInterfaceOrientations_iPad = "UIInterfaceOrientationPortrait UIInterfaceOrientationPortraitUpsideDown UIInterfaceOrientationLandscapeLeft UIInterfaceOrientationLandscapeRight";
				INFOPLIST_KEY_UISupportedInterfaceOrientations_iPhone = "UIInterfaceOrientationPortrait UIInterfaceOrientationLandscapeLeft UIInterfaceOrientationLandscapeRight";
				IPHONEOS_DEPLOYMENT_TARGET = 14.0;
				LD_RUNPATH_SEARCH_PATHS = (
					"$(inherited)",
					"@executable_path/Frameworks",
				);
				MARKETING_VERSION = 1.0;
				PRODUCT_BUNDLE_IDENTIFIER = com.amywhile.MyMathsTesting;
				PRODUCT_NAME = "$(TARGET_NAME)";
				SWIFT_EMIT_LOC_STRINGS = YES;
				SWIFT_OBJC_BRIDGING_HEADER = MyMathsTesting/BridgingHeader.h;
				SWIFT_VERSION = 5.0;
				TARGETED_DEVICE_FAMILY = "1,2";
			};
			name = Debug;
		};
		E1B5198027A9A968001E6C43 /* Release */ = {
			isa = XCBuildConfiguration;
			buildSettings = {
				ASSETCATALOG_COMPILER_APPICON_NAME = AppIcon;
				ASSETCATALOG_COMPILER_GLOBAL_ACCENT_COLOR_NAME = AccentColor;
				CODE_SIGN_STYLE = Automatic;
				CURRENT_PROJECT_VERSION = 1;
				DEVELOPMENT_TEAM = 7J8FJX4SRX;
				GENERATE_INFOPLIST_FILE = YES;
				INFOPLIST_FILE = MyMathsTesting/Info.plist;
				INFOPLIST_KEY_UIApplicationSupportsIndirectInputEvents = YES;
				INFOPLIST_KEY_UILaunchStoryboardName = LaunchScreen;
				INFOPLIST_KEY_UIMainStoryboardFile = Main;
				INFOPLIST_KEY_UISupportedInterfaceOrientations_iPad = "UIInterfaceOrientationPortrait UIInterfaceOrientationPortraitUpsideDown UIInterfaceOrientationLandscapeLeft UIInterfaceOrientationLandscapeRight";
				INFOPLIST_KEY_UISupportedInterfaceOrientations_iPhone = "UIInterfaceOrientationPortrait UIInterfaceOrientationLandscapeLeft UIInterfaceOrientationLandscapeRight";
				IPHONEOS_DEPLOYMENT_TARGET = 14.0;
				LD_RUNPATH_SEARCH_PATHS = (
					"$(inherited)",
					"@executable_path/Frameworks",
				);
				MARKETING_VERSION = 1.0;
				PRODUCT_BUNDLE_IDENTIFIER = com.amywhile.MyMathsTesting;
				PRODUCT_NAME = "$(TARGET_NAME)";
				SWIFT_EMIT_LOC_STRINGS = YES;
				SWIFT_OBJC_BRIDGING_HEADER = MyMathsTesting/BridgingHeader.h;
				SWIFT_VERSION = 5.0;
				TARGETED_DEVICE_FAMILY = "1,2";
			};
			name = Release;
		};
/* End XCBuildConfiguration section */

/* Begin XCConfigurationList section */
		E1B5196527A9A966001E6C43 /* Build configuration list for PBXProject "MyMathsTesting" */ = {
			isa = XCConfigurationList;
			buildConfigurations = (
				E1B5197C27A9A968001E6C43 /* Debug */,
				E1B5197D27A9A968001E6C43 /* Release */,
			);
			defaultConfigurationIsVisible = 0;
			defaultConfigurationName = Release;
		};
		E1B5197E27A9A968001E6C43 /* Build configuration list for PBXNativeTarget "MyMathsTesting" */ = {
			isa = XCConfigurationList;
			buildConfigurations = (
				E1B5197F27A9A968001E6C43 /* Debug */,
				E1B5198027A9A968001E6C43 /* Release */,
			);
			defaultConfigurationIsVisible = 0;
			defaultConfigurationName = Release;
		};
/* End XCConfigurationList section */

/* Begin XCRemoteSwiftPackageReference section */
		E1B5198127A9A9A9001E6C43 /* XCRemoteSwiftPackageReference "Evander" */ = {
			isa = XCRemoteSwiftPackageReference;
			repositoryURL = "https://github.com/elihwyma/Evander";
			requirement = {
				branch = main;
				kind = branch;
			};
		};
		E1B5198727A9C478001E6C43 /* XCRemoteSwiftPackageReference "SwiftSoup" */ = {
			isa = XCRemoteSwiftPackageReference;
			repositoryURL = "https://github.com/scinfu/SwiftSoup";
			requirement = {
				kind = upToNextMajorVersion;
				minimumVersion = 2.0.0;
			};
		};
/* End XCRemoteSwiftPackageReference section */

/* Begin XCSwiftPackageProductDependency section */
		E1B5198227A9A9A9001E6C43 /* Evander */ = {
			isa = XCSwiftPackageProductDependency;
			package = E1B5198127A9A9A9001E6C43 /* XCRemoteSwiftPackageReference "Evander" */;
			productName = Evander;
		};
		E1B5198827A9C479001E6C43 /* SwiftSoup */ = {
			isa = XCSwiftPackageProductDependency;
			package = E1B5198727A9C478001E6C43 /* XCRemoteSwiftPackageReference "SwiftSoup" */;
			productName = SwiftSoup;
		};
/* End XCSwiftPackageProductDependency section */
	};
	rootObject = E1B5196227A9A966001E6C43 /* Project object */;
}
