// !$*UTF8*$!
{
	archiveVersion = 1;
	classes = {
	};
	objectVersion = 55;
	objects = {

/* Begin PBXBuildFile section */
		E10B95E9275139D600C8C12E /* SchoolCodeViewController.swift in Sources */ = {isa = PBXBuildFile; fileRef = E10B95E8275139D600C8C12E /* SchoolCodeViewController.swift */; };
		E10B95EC27513A3100C8C12E /* RoundedTextField.swift in Sources */ = {isa = PBXBuildFile; fileRef = E10B95EB27513A3100C8C12E /* RoundedTextField.swift */; };
		E10B95EE27513AD900C8C12E /* LoadingButton.swift in Sources */ = {isa = PBXBuildFile; fileRef = E10B95ED27513AD900C8C12E /* LoadingButton.swift */; };
		E10B95F027513E7E00C8C12E /* KeyboardAwareViewController.swift in Sources */ = {isa = PBXBuildFile; fileRef = E10B95EF27513E7E00C8C12E /* KeyboardAwareViewController.swift */; };
		E10B95FD275160C000C8C12E /* URL+Extensions.swift in Sources */ = {isa = PBXBuildFile; fileRef = E10B95FC275160C000C8C12E /* URL+Extensions.swift */; };
		E10B95FF275164D800C8C12E /* CentralisNavigationController.swift in Sources */ = {isa = PBXBuildFile; fileRef = E10B95FE275164D800C8C12E /* CentralisNavigationController.swift */; };
		E10B9601275167AD00C8C12E /* UserPasswordViewController.swift in Sources */ = {isa = PBXBuildFile; fileRef = E10B9600275167AD00C8C12E /* UserPasswordViewController.swift */; };
		E10B96042751773D00C8C12E /* HomeViewController.swift in Sources */ = {isa = PBXBuildFile; fileRef = E10B96032751773D00C8C12E /* HomeViewController.swift */; };
		E10B9607275178F500C8C12E /* CentralisTabBarController.swift in Sources */ = {isa = PBXBuildFile; fileRef = E10B9606275178F500C8C12E /* CentralisTabBarController.swift */; };
		E10B960A2751865E00C8C12E /* BaseSubtitleCell.swift in Sources */ = {isa = PBXBuildFile; fileRef = E10B96082751865E00C8C12E /* BaseSubtitleCell.swift */; };
		E10B960B2751865E00C8C12E /* BaseTableViewController.swift in Sources */ = {isa = PBXBuildFile; fileRef = E10B96092751865E00C8C12E /* BaseTableViewController.swift */; };
		E10B960E27518B0800C8C12E /* QuickLoginViewController.swift in Sources */ = {isa = PBXBuildFile; fileRef = E10B960D27518B0800C8C12E /* QuickLoginViewController.swift */; };
		E10B961127518EFF00C8C12E /* SQLite in Frameworks */ = {isa = PBXBuildFile; productRef = E10B961027518EFF00C8C12E /* SQLite */; };
		E10B96132751A35500C8C12E /* Edulink_Homework.swift in Sources */ = {isa = PBXBuildFile; fileRef = E10B96122751A35500C8C12E /* Edulink_Homework.swift */; };
		E10B96162752605E00C8C12E /* PersistenceDatabase.swift in Sources */ = {isa = PBXBuildFile; fileRef = E10B96152752605E00C8C12E /* PersistenceDatabase.swift */; };
		E12D63C7275F71F0008DAB00 /* Edulink_Timetable.swift in Sources */ = {isa = PBXBuildFile; fileRef = E12D63C6275F71F0008DAB00 /* Edulink_Timetable.swift */; };
		E15B5BCC275306720003A56D /* BasicInfoCell.swift in Sources */ = {isa = PBXBuildFile; fileRef = E15B5BCA275306720003A56D /* BasicInfoCell.swift */; };
		E17E14A1274C19B10090F822 /* AppDelegate.swift in Sources */ = {isa = PBXBuildFile; fileRef = E17E14A0274C19B10090F822 /* AppDelegate.swift */; };
		E17E14AA274C19B30090F822 /* Assets.xcassets in Resources */ = {isa = PBXBuildFile; fileRef = E17E14A9274C19B30090F822 /* Assets.xcassets */; };
		E17E14AD274C19B30090F822 /* LaunchScreen.storyboard in Resources */ = {isa = PBXBuildFile; fileRef = E17E14AB274C19B30090F822 /* LaunchScreen.storyboard */; };
		E17E14B9274C1A470090F822 /* Evander in Frameworks */ = {isa = PBXBuildFile; productRef = E17E14B8274C1A470090F822 /* Evander */; };
		E17E14BD274C1ABA0090F822 /* EdulinkManager.swift in Sources */ = {isa = PBXBuildFile; fileRef = E17E14BC274C1ABA0090F822 /* EdulinkManager.swift */; };
		E17E14C2274C1B2F0090F822 /* UserLogin.swift in Sources */ = {isa = PBXBuildFile; fileRef = E17E14C1274C1B2F0090F822 /* UserLogin.swift */; };
		E17E14C6274C1ECD0090F822 /* LoginManager.swift in Sources */ = {isa = PBXBuildFile; fileRef = E17E14C5274C1ECD0090F822 /* LoginManager.swift */; };
		E17E14C8274C20610090F822 /* EdulinkRequests.swift in Sources */ = {isa = PBXBuildFile; fileRef = E17E14C7274C20610090F822 /* EdulinkRequests.swift */; };
		E17E14CA274C211D0090F822 /* Transformers.swift in Sources */ = {isa = PBXBuildFile; fileRef = E17E14C9274C211D0090F822 /* Transformers.swift */; };
		E17E14CC274C25010090F822 /* EdulinkBase.swift in Sources */ = {isa = PBXBuildFile; fileRef = E17E14CB274C25010090F822 /* EdulinkBase.swift */; };
		E17FDF93276676EF002F8FF0 /* SerializedSwift in Frameworks */ = {isa = PBXBuildFile; productRef = E17FDF92276676EF002F8FF0 /* SerializedSwift */; };
		E183B1FB2791BA20004C6C65 /* MessageViewController.swift in Sources */ = {isa = PBXBuildFile; fileRef = E183B1FA2791BA20004C6C65 /* MessageViewController.swift */; };
		E19621A6275BC2A50065B446 /* NSAttributedString+Extensions.swift in Sources */ = {isa = PBXBuildFile; fileRef = E19621A5275BC2A50065B446 /* NSAttributedString+Extensions.swift */; };
		E19621AC275CFDA10065B446 /* HomeworkViewController.swift in Sources */ = {isa = PBXBuildFile; fileRef = E19621AB275CFDA10065B446 /* HomeworkViewController.swift */; };
		E19621AF275D04970065B446 /* InfoViewController.swift in Sources */ = {isa = PBXBuildFile; fileRef = E19621AE275D04970065B446 /* InfoViewController.swift */; };
		E19621B1275D05EB0065B446 /* SettingsSwitchTableViewCell.swift in Sources */ = {isa = PBXBuildFile; fileRef = E19621B0275D05EB0065B446 /* SettingsSwitchTableViewCell.swift */; };
		E19621B3275D076F0065B446 /* ClosureSwitchCell.swift in Sources */ = {isa = PBXBuildFile; fileRef = E19621B2275D076F0065B446 /* ClosureSwitchCell.swift */; };
		E197455D2751298900EEB853 /* OnboardingViewController.swift in Sources */ = {isa = PBXBuildFile; fileRef = E197455C2751298900EEB853 /* OnboardingViewController.swift */; };
		E197456027512B4800EEB853 /* Bundle+Extensions.swift in Sources */ = {isa = PBXBuildFile; fileRef = E197455F27512B4800EEB853 /* Bundle+Extensions.swift */; };
		E197456327512D6600EEB853 /* ThemeManager.swift in Sources */ = {isa = PBXBuildFile; fileRef = E197456227512D6600EEB853 /* ThemeManager.swift */; };
		E19D9FAD27A71732005C8398 /* Reachability.swift in Sources */ = {isa = PBXBuildFile; fileRef = E19D9FAC27A71732005C8398 /* Reachability.swift */; };
		E1A23523277F58CF004563C9 /* HomeworkCell.swift in Sources */ = {isa = PBXBuildFile; fileRef = E1A23522277F58CF004563C9 /* HomeworkCell.swift */; };
		E1A23525277F5D24004563C9 /* TimetableCell.swift in Sources */ = {isa = PBXBuildFile; fileRef = E1A23524277F5D24004563C9 /* TimetableCell.swift */; };
		E1A23528277F6FF9004563C9 /* TimetableViewController.swift in Sources */ = {isa = PBXBuildFile; fileRef = E1A23527277F6FF9004563C9 /* TimetableViewController.swift */; };
		E1B8C18D27528FAA001FF9FD /* Date+Extensions.swift in Sources */ = {isa = PBXBuildFile; fileRef = E1B8C18C27528FAA001FF9FD /* Date+Extensions.swift */; };
		E1B8C1912752A0AD001FF9FD /* NotificationManager.swift in Sources */ = {isa = PBXBuildFile; fileRef = E1B8C1902752A0AD001FF9FD /* NotificationManager.swift */; };
		E1B92690278D96D7001EEDAC /* MessagesViewController.swift in Sources */ = {isa = PBXBuildFile; fileRef = E1B9268F278D96D7001EEDAC /* MessagesViewController.swift */; };
		E1BDD309274C63BE00056027 /* User.swift in Sources */ = {isa = PBXBuildFile; fileRef = E1BDD308274C63BE00056027 /* User.swift */; };
		E1CDE49827502F1B00AA7769 /* Edulink_Status.swift in Sources */ = {isa = PBXBuildFile; fileRef = E1CDE49627502F1B00AA7769 /* Edulink_Status.swift */; };
		E1CEBD8D274C2F80009F35D4 /* AuthenticatedUser.swift in Sources */ = {isa = PBXBuildFile; fileRef = E1CEBD8C274C2F80009F35D4 /* AuthenticatedUser.swift */; };
		E1CEBD8F274C3AB9009F35D4 /* SchoolDetails.swift in Sources */ = {isa = PBXBuildFile; fileRef = E1CEBD8E274C3AB9009F35D4 /* SchoolDetails.swift */; };
		E1CEBD91274C5F8E009F35D4 /* Establishment.swift in Sources */ = {isa = PBXBuildFile; fileRef = E1CEBD90274C5F8E009F35D4 /* Establishment.swift */; };
		E1E51EF327A6DA9C00C81413 /* LoginMiddleware.swift in Sources */ = {isa = PBXBuildFile; fileRef = E1E51EF227A6DA9C00C81413 /* LoginMiddleware.swift */; };
		E1F6BB97278CC6B000E7A360 /* Edulink_Message.swift in Sources */ = {isa = PBXBuildFile; fileRef = E1F6BB96278CC6B000E7A360 /* Edulink_Message.swift */; };
		E1F6BB9B278E102500E7A360 /* Edulink_Photos.swift in Sources */ = {isa = PBXBuildFile; fileRef = E1F6BB9A278E102500E7A360 /* Edulink_Photos.swift */; };
		E1F6BB9D2790BF9500E7A360 /* MessageTableViewCell.swift in Sources */ = {isa = PBXBuildFile; fileRef = E1F6BB9C2790BF9500E7A360 /* MessageTableViewCell.swift */; };
/* End PBXBuildFile section */

/* Begin PBXFileReference section */
		E10B95E8275139D600C8C12E /* SchoolCodeViewController.swift */ = {isa = PBXFileReference; lastKnownFileType = sourcecode.swift; path = SchoolCodeViewController.swift; sourceTree = "<group>"; };
		E10B95EB27513A3100C8C12E /* RoundedTextField.swift */ = {isa = PBXFileReference; lastKnownFileType = sourcecode.swift; path = RoundedTextField.swift; sourceTree = "<group>"; };
		E10B95ED27513AD900C8C12E /* LoadingButton.swift */ = {isa = PBXFileReference; lastKnownFileType = sourcecode.swift; path = LoadingButton.swift; sourceTree = "<group>"; };
		E10B95EF27513E7E00C8C12E /* KeyboardAwareViewController.swift */ = {isa = PBXFileReference; lastKnownFileType = sourcecode.swift; path = KeyboardAwareViewController.swift; sourceTree = "<group>"; };
		E10B95F62751554B00C8C12E /* Centralis-Bridging-Header.h */ = {isa = PBXFileReference; lastKnownFileType = sourcecode.c.h; path = "Centralis-Bridging-Header.h"; sourceTree = "<group>"; };
		E10B95F82751566700C8C12E /* WebKit.framework */ = {isa = PBXFileReference; lastKnownFileType = wrapper.framework; name = WebKit.framework; path = System/Library/Frameworks/WebKit.framework; sourceTree = SDKROOT; };
		E10B95FA2751566B00C8C12E /* SafariServices.framework */ = {isa = PBXFileReference; lastKnownFileType = wrapper.framework; name = SafariServices.framework; path = System/Library/Frameworks/SafariServices.framework; sourceTree = SDKROOT; };
		E10B95FC275160C000C8C12E /* URL+Extensions.swift */ = {isa = PBXFileReference; lastKnownFileType = sourcecode.swift; path = "URL+Extensions.swift"; sourceTree = "<group>"; };
		E10B95FE275164D800C8C12E /* CentralisNavigationController.swift */ = {isa = PBXFileReference; lastKnownFileType = sourcecode.swift; path = CentralisNavigationController.swift; sourceTree = "<group>"; };
		E10B9600275167AD00C8C12E /* UserPasswordViewController.swift */ = {isa = PBXFileReference; lastKnownFileType = sourcecode.swift; path = UserPasswordViewController.swift; sourceTree = "<group>"; };
		E10B96032751773D00C8C12E /* HomeViewController.swift */ = {isa = PBXFileReference; lastKnownFileType = sourcecode.swift; path = HomeViewController.swift; sourceTree = "<group>"; };
		E10B9606275178F500C8C12E /* CentralisTabBarController.swift */ = {isa = PBXFileReference; lastKnownFileType = sourcecode.swift; path = CentralisTabBarController.swift; sourceTree = "<group>"; };
		E10B96082751865E00C8C12E /* BaseSubtitleCell.swift */ = {isa = PBXFileReference; fileEncoding = 4; lastKnownFileType = sourcecode.swift; path = BaseSubtitleCell.swift; sourceTree = "<group>"; };
		E10B96092751865E00C8C12E /* BaseTableViewController.swift */ = {isa = PBXFileReference; fileEncoding = 4; lastKnownFileType = sourcecode.swift; path = BaseTableViewController.swift; sourceTree = "<group>"; };
		E10B960D27518B0800C8C12E /* QuickLoginViewController.swift */ = {isa = PBXFileReference; lastKnownFileType = sourcecode.swift; path = QuickLoginViewController.swift; sourceTree = "<group>"; };
		E10B96122751A35500C8C12E /* Edulink_Homework.swift */ = {isa = PBXFileReference; lastKnownFileType = sourcecode.swift; path = Edulink_Homework.swift; sourceTree = "<group>"; };
		E10B96152752605E00C8C12E /* PersistenceDatabase.swift */ = {isa = PBXFileReference; lastKnownFileType = sourcecode.swift; path = PersistenceDatabase.swift; sourceTree = "<group>"; };
		E12D63C6275F71F0008DAB00 /* Edulink_Timetable.swift */ = {isa = PBXFileReference; lastKnownFileType = sourcecode.swift; path = Edulink_Timetable.swift; sourceTree = "<group>"; };
		E15B5BCA275306720003A56D /* BasicInfoCell.swift */ = {isa = PBXFileReference; lastKnownFileType = sourcecode.swift; path = BasicInfoCell.swift; sourceTree = "<group>"; };
		E17E149D274C19B10090F822 /* Centralis.app */ = {isa = PBXFileReference; explicitFileType = wrapper.application; includeInIndex = 0; path = Centralis.app; sourceTree = BUILT_PRODUCTS_DIR; };
		E17E14A0274C19B10090F822 /* AppDelegate.swift */ = {isa = PBXFileReference; lastKnownFileType = sourcecode.swift; path = AppDelegate.swift; sourceTree = "<group>"; };
		E17E14A9274C19B30090F822 /* Assets.xcassets */ = {isa = PBXFileReference; lastKnownFileType = folder.assetcatalog; path = Assets.xcassets; sourceTree = "<group>"; };
		E17E14AC274C19B30090F822 /* Base */ = {isa = PBXFileReference; lastKnownFileType = file.storyboard; name = Base; path = Base.lproj/LaunchScreen.storyboard; sourceTree = "<group>"; };
		E17E14AE274C19B30090F822 /* Info.plist */ = {isa = PBXFileReference; lastKnownFileType = text.plist.xml; path = Info.plist; sourceTree = "<group>"; };
		E17E14BC274C1ABA0090F822 /* EdulinkManager.swift */ = {isa = PBXFileReference; lastKnownFileType = sourcecode.swift; path = EdulinkManager.swift; sourceTree = "<group>"; };
		E17E14C1274C1B2F0090F822 /* UserLogin.swift */ = {isa = PBXFileReference; lastKnownFileType = sourcecode.swift; path = UserLogin.swift; sourceTree = "<group>"; };
		E17E14C3274C1DDF0090F822 /* Centralis.entitlements */ = {isa = PBXFileReference; lastKnownFileType = text.plist.entitlements; path = Centralis.entitlements; sourceTree = "<group>"; };
		E17E14C5274C1ECD0090F822 /* LoginManager.swift */ = {isa = PBXFileReference; lastKnownFileType = sourcecode.swift; path = LoginManager.swift; sourceTree = "<group>"; };
		E17E14C7274C20610090F822 /* EdulinkRequests.swift */ = {isa = PBXFileReference; lastKnownFileType = sourcecode.swift; path = EdulinkRequests.swift; sourceTree = "<group>"; };
		E17E14C9274C211D0090F822 /* Transformers.swift */ = {isa = PBXFileReference; lastKnownFileType = sourcecode.swift; path = Transformers.swift; sourceTree = "<group>"; };
		E17E14CB274C25010090F822 /* EdulinkBase.swift */ = {isa = PBXFileReference; lastKnownFileType = sourcecode.swift; path = EdulinkBase.swift; sourceTree = "<group>"; };
		E183B1FA2791BA20004C6C65 /* MessageViewController.swift */ = {isa = PBXFileReference; lastKnownFileType = sourcecode.swift; path = MessageViewController.swift; sourceTree = "<group>"; };
		E19621A5275BC2A50065B446 /* NSAttributedString+Extensions.swift */ = {isa = PBXFileReference; lastKnownFileType = sourcecode.swift; path = "NSAttributedString+Extensions.swift"; sourceTree = "<group>"; };
		E19621AB275CFDA10065B446 /* HomeworkViewController.swift */ = {isa = PBXFileReference; lastKnownFileType = sourcecode.swift; path = HomeworkViewController.swift; sourceTree = "<group>"; };
		E19621AE275D04970065B446 /* InfoViewController.swift */ = {isa = PBXFileReference; lastKnownFileType = sourcecode.swift; path = InfoViewController.swift; sourceTree = "<group>"; };
		E19621B0275D05EB0065B446 /* SettingsSwitchTableViewCell.swift */ = {isa = PBXFileReference; fileEncoding = 4; lastKnownFileType = sourcecode.swift; path = SettingsSwitchTableViewCell.swift; sourceTree = "<group>"; };
		E19621B2275D076F0065B446 /* ClosureSwitchCell.swift */ = {isa = PBXFileReference; fileEncoding = 4; lastKnownFileType = sourcecode.swift; path = ClosureSwitchCell.swift; sourceTree = "<group>"; };
		E197455C2751298900EEB853 /* OnboardingViewController.swift */ = {isa = PBXFileReference; lastKnownFileType = sourcecode.swift; path = OnboardingViewController.swift; sourceTree = "<group>"; };
		E197455F27512B4800EEB853 /* Bundle+Extensions.swift */ = {isa = PBXFileReference; lastKnownFileType = sourcecode.swift; path = "Bundle+Extensions.swift"; sourceTree = "<group>"; };
		E197456227512D6600EEB853 /* ThemeManager.swift */ = {isa = PBXFileReference; fileEncoding = 4; lastKnownFileType = sourcecode.swift; path = ThemeManager.swift; sourceTree = "<group>"; };
		E19D9FAC27A71732005C8398 /* Reachability.swift */ = {isa = PBXFileReference; lastKnownFileType = sourcecode.swift; path = Reachability.swift; sourceTree = "<group>"; };
		E1A23522277F58CF004563C9 /* HomeworkCell.swift */ = {isa = PBXFileReference; lastKnownFileType = sourcecode.swift; path = HomeworkCell.swift; sourceTree = "<group>"; };
		E1A23524277F5D24004563C9 /* TimetableCell.swift */ = {isa = PBXFileReference; lastKnownFileType = sourcecode.swift; path = TimetableCell.swift; sourceTree = "<group>"; };
		E1A23527277F6FF9004563C9 /* TimetableViewController.swift */ = {isa = PBXFileReference; lastKnownFileType = sourcecode.swift; path = TimetableViewController.swift; sourceTree = "<group>"; };
		E1B8C18C27528FAA001FF9FD /* Date+Extensions.swift */ = {isa = PBXFileReference; lastKnownFileType = sourcecode.swift; path = "Date+Extensions.swift"; sourceTree = "<group>"; };
		E1B8C1902752A0AD001FF9FD /* NotificationManager.swift */ = {isa = PBXFileReference; lastKnownFileType = sourcecode.swift; path = NotificationManager.swift; sourceTree = "<group>"; };
		E1B9268F278D96D7001EEDAC /* MessagesViewController.swift */ = {isa = PBXFileReference; lastKnownFileType = sourcecode.swift; path = MessagesViewController.swift; sourceTree = "<group>"; };
		E1BDD308274C63BE00056027 /* User.swift */ = {isa = PBXFileReference; lastKnownFileType = sourcecode.swift; path = User.swift; sourceTree = "<group>"; };
		E1CDE49627502F1B00AA7769 /* Edulink_Status.swift */ = {isa = PBXFileReference; fileEncoding = 4; lastKnownFileType = sourcecode.swift; path = Edulink_Status.swift; sourceTree = "<group>"; };
		E1CEBD8C274C2F80009F35D4 /* AuthenticatedUser.swift */ = {isa = PBXFileReference; lastKnownFileType = sourcecode.swift; path = AuthenticatedUser.swift; sourceTree = "<group>"; };
		E1CEBD8E274C3AB9009F35D4 /* SchoolDetails.swift */ = {isa = PBXFileReference; lastKnownFileType = sourcecode.swift; path = SchoolDetails.swift; sourceTree = "<group>"; };
		E1CEBD90274C5F8E009F35D4 /* Establishment.swift */ = {isa = PBXFileReference; lastKnownFileType = sourcecode.swift; path = Establishment.swift; sourceTree = "<group>"; };
		E1E51EF227A6DA9C00C81413 /* LoginMiddleware.swift */ = {isa = PBXFileReference; lastKnownFileType = sourcecode.swift; path = LoginMiddleware.swift; sourceTree = "<group>"; };
		E1F6BB96278CC6B000E7A360 /* Edulink_Message.swift */ = {isa = PBXFileReference; lastKnownFileType = sourcecode.swift; path = Edulink_Message.swift; sourceTree = "<group>"; };
		E1F6BB9A278E102500E7A360 /* Edulink_Photos.swift */ = {isa = PBXFileReference; lastKnownFileType = sourcecode.swift; path = Edulink_Photos.swift; sourceTree = "<group>"; };
		E1F6BB9C2790BF9500E7A360 /* MessageTableViewCell.swift */ = {isa = PBXFileReference; lastKnownFileType = sourcecode.swift; path = MessageTableViewCell.swift; sourceTree = "<group>"; };
/* End PBXFileReference section */

/* Begin PBXFrameworksBuildPhase section */
		E17E149A274C19B10090F822 /* Frameworks */ = {
			isa = PBXFrameworksBuildPhase;
			buildActionMask = 2147483647;
			files = (
				E17FDF93276676EF002F8FF0 /* SerializedSwift in Frameworks */,
				E10B961127518EFF00C8C12E /* SQLite in Frameworks */,
				E17E14B9274C1A470090F822 /* Evander in Frameworks */,
			);
			runOnlyForDeploymentPostprocessing = 0;
		};
/* End PBXFrameworksBuildPhase section */

/* Begin PBXGroup section */
		E10B95E72751398F00C8C12E /* Login View Controller */ = {
			isa = PBXGroup;
			children = (
				E10B95E8275139D600C8C12E /* SchoolCodeViewController.swift */,
				E10B9600275167AD00C8C12E /* UserPasswordViewController.swift */,
			);
			path = "Login View Controller";
			sourceTree = "<group>";
		};
		E10B95F72751566700C8C12E /* Frameworks */ = {
			isa = PBXGroup;
			children = (
				E10B95FA2751566B00C8C12E /* SafariServices.framework */,
				E10B95F82751566700C8C12E /* WebKit.framework */,
			);
			name = Frameworks;
			sourceTree = "<group>";
		};
		E10B9602275176B200C8C12E /* Home View Controller */ = {
			isa = PBXGroup;
			children = (
				E10B96032751773D00C8C12E /* HomeViewController.swift */,
			);
			path = "Home View Controller";
			sourceTree = "<group>";
		};
		E10B9605275178CB00C8C12E /* Centralis Tab Bar Controller */ = {
			isa = PBXGroup;
			children = (
				E10B9606275178F500C8C12E /* CentralisTabBarController.swift */,
			);
			path = "Centralis Tab Bar Controller";
			sourceTree = "<group>";
		};
		E10B960C27518AF100C8C12E /* Quick Login Controller */ = {
			isa = PBXGroup;
			children = (
				E10B960D27518B0800C8C12E /* QuickLoginViewController.swift */,
			);
			path = "Quick Login Controller";
			sourceTree = "<group>";
		};
		E10B96142752605000C8C12E /* Persistence Database */ = {
			isa = PBXGroup;
			children = (
				E10B96152752605E00C8C12E /* PersistenceDatabase.swift */,
				E1B8C1902752A0AD001FF9FD /* NotificationManager.swift */,
			);
			path = "Persistence Database";
			sourceTree = "<group>";
		};
		E15B5BC92753060F0003A56D /* Table View Cells */ = {
			isa = PBXGroup;
			children = (
				E19621B0275D05EB0065B446 /* SettingsSwitchTableViewCell.swift */,
				E19621B2275D076F0065B446 /* ClosureSwitchCell.swift */,
				E15B5BCA275306720003A56D /* BasicInfoCell.swift */,
				E1A23522277F58CF004563C9 /* HomeworkCell.swift */,
				E1A23524277F5D24004563C9 /* TimetableCell.swift */,
				E1F6BB9C2790BF9500E7A360 /* MessageTableViewCell.swift */,
			);
			path = "Table View Cells";
			sourceTree = "<group>";
		};
		E17E1494274C19B10090F822 = {
			isa = PBXGroup;
			children = (
				E17E149F274C19B10090F822 /* Centralis */,
				E17E149E274C19B10090F822 /* Products */,
				E10B95F72751566700C8C12E /* Frameworks */,
			);
			sourceTree = "<group>";
		};
		E17E149E274C19B10090F822 /* Products */ = {
			isa = PBXGroup;
			children = (
				E17E149D274C19B10090F822 /* Centralis.app */,
			);
			name = Products;
			sourceTree = "<group>";
		};
		E17E149F274C19B10090F822 /* Centralis */ = {
			isa = PBXGroup;
			children = (
				E17E14C3274C1DDF0090F822 /* Centralis.entitlements */,
				E197455A2751295E00EEB853 /* UI */,
				E17E14BA274C1A700090F822 /* Backend */,
				E17E14A0274C19B10090F822 /* AppDelegate.swift */,
				E17E14A9274C19B30090F822 /* Assets.xcassets */,
				E17E14AB274C19B30090F822 /* LaunchScreen.storyboard */,
				E17E14AE274C19B30090F822 /* Info.plist */,
				E10B95F62751554B00C8C12E /* Centralis-Bridging-Header.h */,
			);
			path = Centralis;
			sourceTree = "<group>";
		};
		E17E14BA274C1A700090F822 /* Backend */ = {
			isa = PBXGroup;
			children = (
				E10B96142752605000C8C12E /* Persistence Database */,
				E197455E27512B3700EEB853 /* Extensions */,
				E17E14C4274C1EBE0090F822 /* Login Manager */,
				E17E14C0274C1B220090F822 /* Models */,
				E17E14BF274C1B050090F822 /* Contrib */,
			);
			path = Backend;
			sourceTree = "<group>";
		};
		E17E14BB274C1A760090F822 /* EduLink Manager */ = {
			isa = PBXGroup;
			children = (
				E1C2125E274CFCF20030BE0C /* API Requests */,
				E17E14BC274C1ABA0090F822 /* EdulinkManager.swift */,
			);
			path = "EduLink Manager";
			sourceTree = "<group>";
		};
		E17E14BF274C1B050090F822 /* Contrib */ = {
			isa = PBXGroup;
			children = (
				E17E14C7274C20610090F822 /* EdulinkRequests.swift */,
				E17E14BB274C1A760090F822 /* EduLink Manager */,
				E19D9FAC27A71732005C8398 /* Reachability.swift */,
			);
			path = Contrib;
			sourceTree = "<group>";
		};
		E17E14C0274C1B220090F822 /* Models */ = {
			isa = PBXGroup;
			children = (
				E17E14C1274C1B2F0090F822 /* UserLogin.swift */,
				E17E14C9274C211D0090F822 /* Transformers.swift */,
				E17E14CB274C25010090F822 /* EdulinkBase.swift */,
				E1CEBD8C274C2F80009F35D4 /* AuthenticatedUser.swift */,
				E1CEBD8E274C3AB9009F35D4 /* SchoolDetails.swift */,
				E1CEBD90274C5F8E009F35D4 /* Establishment.swift */,
				E1BDD308274C63BE00056027 /* User.swift */,
			);
			path = Models;
			sourceTree = "<group>";
		};
		E17E14C4274C1EBE0090F822 /* Login Manager */ = {
			isa = PBXGroup;
			children = (
				E17E14C5274C1ECD0090F822 /* LoginManager.swift */,
				E1E51EF227A6DA9C00C81413 /* LoginMiddleware.swift */,
			);
			path = "Login Manager";
			sourceTree = "<group>";
		};
		E183B1F32791A83A004C6C65 /* MessageViewController */ = {
			isa = PBXGroup;
			children = (
				E183B1FA2791BA20004C6C65 /* MessageViewController.swift */,
			);
			path = MessageViewController;
			sourceTree = "<group>";
		};
		E19621A7275BD6930065B446 /* Homework View Controller */ = {
			isa = PBXGroup;
			children = (
				E19621AB275CFDA10065B446 /* HomeworkViewController.swift */,
			);
			path = "Homework View Controller";
			sourceTree = "<group>";
		};
		E19621AD275D04500065B446 /* Info View Controller */ = {
			isa = PBXGroup;
			children = (
				E19621AE275D04970065B446 /* InfoViewController.swift */,
			);
			path = "Info View Controller";
			sourceTree = "<group>";
		};
		E197455A2751295E00EEB853 /* UI */ = {
			isa = PBXGroup;
			children = (
				E183B1F32791A83A004C6C65 /* MessageViewController */,
				E1B9268E278D96B6001EEDAC /* Messages View Controller */,
				E1A23526277F6FC8004563C9 /* Timetable View Controller */,
				E19621AD275D04500065B446 /* Info View Controller */,
				E19621A7275BD6930065B446 /* Homework View Controller */,
				E15B5BC92753060F0003A56D /* Table View Cells */,
				E10B960C27518AF100C8C12E /* Quick Login Controller */,
				E10B9605275178CB00C8C12E /* Centralis Tab Bar Controller */,
				E10B9602275176B200C8C12E /* Home View Controller */,
				E10B95E72751398F00C8C12E /* Login View Controller */,
				E197456127512D3C00EEB853 /* Common */,
				E197455B2751296800EEB853 /* Onboarding */,
			);
			path = UI;
			sourceTree = "<group>";
		};
		E197455B2751296800EEB853 /* Onboarding */ = {
			isa = PBXGroup;
			children = (
				E197455C2751298900EEB853 /* OnboardingViewController.swift */,
			);
			path = Onboarding;
			sourceTree = "<group>";
		};
		E197455E27512B3700EEB853 /* Extensions */ = {
			isa = PBXGroup;
			children = (
				E197455F27512B4800EEB853 /* Bundle+Extensions.swift */,
				E10B95FC275160C000C8C12E /* URL+Extensions.swift */,
				E1B8C18C27528FAA001FF9FD /* Date+Extensions.swift */,
			);
			path = Extensions;
			sourceTree = "<group>";
		};
		E197456127512D3C00EEB853 /* Common */ = {
			isa = PBXGroup;
			children = (
				E10B96082751865E00C8C12E /* BaseSubtitleCell.swift */,
				E10B96092751865E00C8C12E /* BaseTableViewController.swift */,
				E197456227512D6600EEB853 /* ThemeManager.swift */,
				E10B95EB27513A3100C8C12E /* RoundedTextField.swift */,
				E10B95ED27513AD900C8C12E /* LoadingButton.swift */,
				E10B95EF27513E7E00C8C12E /* KeyboardAwareViewController.swift */,
				E10B95FE275164D800C8C12E /* CentralisNavigationController.swift */,
				E19621A5275BC2A50065B446 /* NSAttributedString+Extensions.swift */,
			);
			path = Common;
			sourceTree = "<group>";
		};
		E1A23526277F6FC8004563C9 /* Timetable View Controller */ = {
			isa = PBXGroup;
			children = (
				E1A23527277F6FF9004563C9 /* TimetableViewController.swift */,
			);
			path = "Timetable View Controller";
			sourceTree = "<group>";
		};
		E1B9268E278D96B6001EEDAC /* Messages View Controller */ = {
			isa = PBXGroup;
			children = (
				E1B9268F278D96D7001EEDAC /* MessagesViewController.swift */,
			);
			path = "Messages View Controller";
			sourceTree = "<group>";
		};
		E1C2125E274CFCF20030BE0C /* API Requests */ = {
			isa = PBXGroup;
			children = (
				E1CDE49627502F1B00AA7769 /* Edulink_Status.swift */,
				E10B96122751A35500C8C12E /* Edulink_Homework.swift */,
				E12D63C6275F71F0008DAB00 /* Edulink_Timetable.swift */,
				E1F6BB96278CC6B000E7A360 /* Edulink_Message.swift */,
				E1F6BB9A278E102500E7A360 /* Edulink_Photos.swift */,
			);
			path = "API Requests";
			sourceTree = "<group>";
		};
/* End PBXGroup section */

/* Begin PBXNativeTarget section */
		E17E149C274C19B10090F822 /* Centralis */ = {
			isa = PBXNativeTarget;
			buildConfigurationList = E17E14B1274C19B30090F822 /* Build configuration list for PBXNativeTarget "Centralis" */;
			buildPhases = (
				E17E1499274C19B10090F822 /* Sources */,
				E17E149A274C19B10090F822 /* Frameworks */,
				E17E149B274C19B10090F822 /* Resources */,
			);
			buildRules = (
			);
			dependencies = (
			);
			name = Centralis;
			packageProductDependencies = (
				E17E14B8274C1A470090F822 /* Evander */,
				E10B961027518EFF00C8C12E /* SQLite */,
				E17FDF92276676EF002F8FF0 /* SerializedSwift */,
			);
			productName = Centralis;
			productReference = E17E149D274C19B10090F822 /* Centralis.app */;
			productType = "com.apple.product-type.application";
		};
/* End PBXNativeTarget section */

/* Begin PBXProject section */
		E17E1495274C19B10090F822 /* Project object */ = {
			isa = PBXProject;
			attributes = {
				BuildIndependentTargetsInParallel = 1;
				LastSwiftUpdateCheck = 1310;
				LastUpgradeCheck = 1310;
				TargetAttributes = {
					E17E149C274C19B10090F822 = {
						CreatedOnToolsVersion = 13.1;
					};
				};
			};
			buildConfigurationList = E17E1498274C19B10090F822 /* Build configuration list for PBXProject "Centralis" */;
			compatibilityVersion = "Xcode 13.0";
			developmentRegion = en;
			hasScannedForEncodings = 0;
			knownRegions = (
				en,
				Base,
			);
			mainGroup = E17E1494274C19B10090F822;
			packageReferences = (
				E17E14B7274C1A470090F822 /* XCRemoteSwiftPackageReference "Evander" */,
				E10B960F27518EFF00C8C12E /* XCRemoteSwiftPackageReference "SQLite" */,
				E17FDF91276676EF002F8FF0 /* XCRemoteSwiftPackageReference "SerializedSwift" */,
			);
			productRefGroup = E17E149E274C19B10090F822 /* Products */;
			projectDirPath = "";
			projectRoot = "";
			targets = (
				E17E149C274C19B10090F822 /* Centralis */,
			);
		};
/* End PBXProject section */

/* Begin PBXResourcesBuildPhase section */
		E17E149B274C19B10090F822 /* Resources */ = {
			isa = PBXResourcesBuildPhase;
			buildActionMask = 2147483647;
			files = (
				E17E14AD274C19B30090F822 /* LaunchScreen.storyboard in Resources */,
				E17E14AA274C19B30090F822 /* Assets.xcassets in Resources */,
			);
			runOnlyForDeploymentPostprocessing = 0;
		};
/* End PBXResourcesBuildPhase section */

/* Begin PBXSourcesBuildPhase section */
		E17E1499274C19B10090F822 /* Sources */ = {
			isa = PBXSourcesBuildPhase;
			buildActionMask = 2147483647;
			files = (
				E1BDD309274C63BE00056027 /* User.swift in Sources */,
				E10B96162752605E00C8C12E /* PersistenceDatabase.swift in Sources */,
				E17E14C8274C20610090F822 /* EdulinkRequests.swift in Sources */,
				E19621B3275D076F0065B446 /* ClosureSwitchCell.swift in Sources */,
				E19621B1275D05EB0065B446 /* SettingsSwitchTableViewCell.swift in Sources */,
				E10B960A2751865E00C8C12E /* BaseSubtitleCell.swift in Sources */,
				E10B95EE27513AD900C8C12E /* LoadingButton.swift in Sources */,
				E17E14CC274C25010090F822 /* EdulinkBase.swift in Sources */,
				E17E14C2274C1B2F0090F822 /* UserLogin.swift in Sources */,
				E19621A6275BC2A50065B446 /* NSAttributedString+Extensions.swift in Sources */,
				E10B95FD275160C000C8C12E /* URL+Extensions.swift in Sources */,
				E17E14CA274C211D0090F822 /* Transformers.swift in Sources */,
				E1B8C18D27528FAA001FF9FD /* Date+Extensions.swift in Sources */,
				E1CEBD8F274C3AB9009F35D4 /* SchoolDetails.swift in Sources */,
				E19D9FAD27A71732005C8398 /* Reachability.swift in Sources */,
				E197456027512B4800EEB853 /* Bundle+Extensions.swift in Sources */,
				E10B95F027513E7E00C8C12E /* KeyboardAwareViewController.swift in Sources */,
				E10B95EC27513A3100C8C12E /* RoundedTextField.swift in Sources */,
				E10B96042751773D00C8C12E /* HomeViewController.swift in Sources */,
				E10B9607275178F500C8C12E /* CentralisTabBarController.swift in Sources */,
				E1F6BB9D2790BF9500E7A360 /* MessageTableViewCell.swift in Sources */,
				E197455D2751298900EEB853 /* OnboardingViewController.swift in Sources */,
				E15B5BCC275306720003A56D /* BasicInfoCell.swift in Sources */,
				E17E14A1274C19B10090F822 /* AppDelegate.swift in Sources */,
				E1E51EF327A6DA9C00C81413 /* LoginMiddleware.swift in Sources */,
				E10B95FF275164D800C8C12E /* CentralisNavigationController.swift in Sources */,
				E1CEBD8D274C2F80009F35D4 /* AuthenticatedUser.swift in Sources */,
				E19621AF275D04970065B446 /* InfoViewController.swift in Sources */,
				E1A23523277F58CF004563C9 /* HomeworkCell.swift in Sources */,
				E10B96132751A35500C8C12E /* Edulink_Homework.swift in Sources */,
				E19621AC275CFDA10065B446 /* HomeworkViewController.swift in Sources */,
				E1A23528277F6FF9004563C9 /* TimetableViewController.swift in Sources */,
				E10B960B2751865E00C8C12E /* BaseTableViewController.swift in Sources */,
				E1B8C1912752A0AD001FF9FD /* NotificationManager.swift in Sources */,
				E17E14BD274C1ABA0090F822 /* EdulinkManager.swift in Sources */,
				E10B9601275167AD00C8C12E /* UserPasswordViewController.swift in Sources */,
				E197456327512D6600EEB853 /* ThemeManager.swift in Sources */,
				E1F6BB97278CC6B000E7A360 /* Edulink_Message.swift in Sources */,
				E1CEBD91274C5F8E009F35D4 /* Establishment.swift in Sources */,
				E1F6BB9B278E102500E7A360 /* Edulink_Photos.swift in Sources */,
				E10B95E9275139D600C8C12E /* SchoolCodeViewController.swift in Sources */,
				E1CDE49827502F1B00AA7769 /* Edulink_Status.swift in Sources */,
				E12D63C7275F71F0008DAB00 /* Edulink_Timetable.swift in Sources */,
				E10B960E27518B0800C8C12E /* QuickLoginViewController.swift in Sources */,
				E1A23525277F5D24004563C9 /* TimetableCell.swift in Sources */,
				E1B92690278D96D7001EEDAC /* MessagesViewController.swift in Sources */,
				E183B1FB2791BA20004C6C65 /* MessageViewController.swift in Sources */,
				E17E14C6274C1ECD0090F822 /* LoginManager.swift in Sources */,
			);
			runOnlyForDeploymentPostprocessing = 0;
		};
/* End PBXSourcesBuildPhase section */

/* Begin PBXVariantGroup section */
		E17E14AB274C19B30090F822 /* LaunchScreen.storyboard */ = {
			isa = PBXVariantGroup;
			children = (
				E17E14AC274C19B30090F822 /* Base */,
			);
			name = LaunchScreen.storyboard;
			sourceTree = "<group>";
		};
/* End PBXVariantGroup section */

/* Begin XCBuildConfiguration section */
		E17E14AF274C19B30090F822 /* Debug */ = {
			isa = XCBuildConfiguration;
			buildSettings = {
				ALWAYS_SEARCH_USER_PATHS = NO;
				CLANG_ANALYZER_NONNULL = YES;
				CLANG_ANALYZER_NUMBER_OBJECT_CONVERSION = YES_AGGRESSIVE;
				CLANG_CXX_LANGUAGE_STANDARD = "gnu++17";
				CLANG_CXX_LIBRARY = "libc++";
				CLANG_ENABLE_MODULES = YES;
				CLANG_ENABLE_OBJC_ARC = YES;
				CLANG_ENABLE_OBJC_WEAK = YES;
				CLANG_WARN_BLOCK_CAPTURE_AUTORELEASING = YES;
				CLANG_WARN_BOOL_CONVERSION = YES;
				CLANG_WARN_COMMA = YES;
				CLANG_WARN_CONSTANT_CONVERSION = YES;
				CLANG_WARN_DEPRECATED_OBJC_IMPLEMENTATIONS = YES;
				CLANG_WARN_DIRECT_OBJC_ISA_USAGE = YES_ERROR;
				CLANG_WARN_DOCUMENTATION_COMMENTS = YES;
				CLANG_WARN_EMPTY_BODY = YES;
				CLANG_WARN_ENUM_CONVERSION = YES;
				CLANG_WARN_INFINITE_RECURSION = YES;
				CLANG_WARN_INT_CONVERSION = YES;
				CLANG_WARN_NON_LITERAL_NULL_CONVERSION = YES;
				CLANG_WARN_OBJC_IMPLICIT_RETAIN_SELF = YES;
				CLANG_WARN_OBJC_LITERAL_CONVERSION = YES;
				CLANG_WARN_OBJC_ROOT_CLASS = YES_ERROR;
				CLANG_WARN_QUOTED_INCLUDE_IN_FRAMEWORK_HEADER = YES;
				CLANG_WARN_RANGE_LOOP_ANALYSIS = YES;
				CLANG_WARN_STRICT_PROTOTYPES = YES;
				CLANG_WARN_SUSPICIOUS_MOVE = YES;
				CLANG_WARN_UNGUARDED_AVAILABILITY = YES_AGGRESSIVE;
				CLANG_WARN_UNREACHABLE_CODE = YES;
				CLANG_WARN__DUPLICATE_METHOD_MATCH = YES;
				COPY_PHASE_STRIP = NO;
				DEBUG_INFORMATION_FORMAT = dwarf;
				ENABLE_STRICT_OBJC_MSGSEND = YES;
				ENABLE_TESTABILITY = YES;
				GCC_C_LANGUAGE_STANDARD = gnu11;
				GCC_DYNAMIC_NO_PIC = NO;
				GCC_NO_COMMON_BLOCKS = YES;
				GCC_OPTIMIZATION_LEVEL = 0;
				GCC_PREPROCESSOR_DEFINITIONS = (
					"DEBUG=1",
					"$(inherited)",
				);
				GCC_WARN_64_TO_32_BIT_CONVERSION = YES;
				GCC_WARN_ABOUT_RETURN_TYPE = YES_ERROR;
				GCC_WARN_UNDECLARED_SELECTOR = YES;
				GCC_WARN_UNINITIALIZED_AUTOS = YES_AGGRESSIVE;
				GCC_WARN_UNUSED_FUNCTION = YES;
				GCC_WARN_UNUSED_VARIABLE = YES;
				IPHONEOS_DEPLOYMENT_TARGET = 15.0;
				MTL_ENABLE_DEBUG_INFO = INCLUDE_SOURCE;
				MTL_FAST_MATH = YES;
				ONLY_ACTIVE_ARCH = YES;
				SDKROOT = iphoneos;
				SWIFT_ACTIVE_COMPILATION_CONDITIONS = DEBUG;
				SWIFT_OPTIMIZATION_LEVEL = "-Onone";
			};
			name = Debug;
		};
		E17E14B0274C19B30090F822 /* Release */ = {
			isa = XCBuildConfiguration;
			buildSettings = {
				ALWAYS_SEARCH_USER_PATHS = NO;
				CLANG_ANALYZER_NONNULL = YES;
				CLANG_ANALYZER_NUMBER_OBJECT_CONVERSION = YES_AGGRESSIVE;
				CLANG_CXX_LANGUAGE_STANDARD = "gnu++17";
				CLANG_CXX_LIBRARY = "libc++";
				CLANG_ENABLE_MODULES = YES;
				CLANG_ENABLE_OBJC_ARC = YES;
				CLANG_ENABLE_OBJC_WEAK = YES;
				CLANG_WARN_BLOCK_CAPTURE_AUTORELEASING = YES;
				CLANG_WARN_BOOL_CONVERSION = YES;
				CLANG_WARN_COMMA = YES;
				CLANG_WARN_CONSTANT_CONVERSION = YES;
				CLANG_WARN_DEPRECATED_OBJC_IMPLEMENTATIONS = YES;
				CLANG_WARN_DIRECT_OBJC_ISA_USAGE = YES_ERROR;
				CLANG_WARN_DOCUMENTATION_COMMENTS = YES;
				CLANG_WARN_EMPTY_BODY = YES;
				CLANG_WARN_ENUM_CONVERSION = YES;
				CLANG_WARN_INFINITE_RECURSION = YES;
				CLANG_WARN_INT_CONVERSION = YES;
				CLANG_WARN_NON_LITERAL_NULL_CONVERSION = YES;
				CLANG_WARN_OBJC_IMPLICIT_RETAIN_SELF = YES;
				CLANG_WARN_OBJC_LITERAL_CONVERSION = YES;
				CLANG_WARN_OBJC_ROOT_CLASS = YES_ERROR;
				CLANG_WARN_QUOTED_INCLUDE_IN_FRAMEWORK_HEADER = YES;
				CLANG_WARN_RANGE_LOOP_ANALYSIS = YES;
				CLANG_WARN_STRICT_PROTOTYPES = YES;
				CLANG_WARN_SUSPICIOUS_MOVE = YES;
				CLANG_WARN_UNGUARDED_AVAILABILITY = YES_AGGRESSIVE;
				CLANG_WARN_UNREACHABLE_CODE = YES;
				CLANG_WARN__DUPLICATE_METHOD_MATCH = YES;
				COPY_PHASE_STRIP = NO;
				DEBUG_INFORMATION_FORMAT = "dwarf-with-dsym";
				ENABLE_NS_ASSERTIONS = NO;
				ENABLE_STRICT_OBJC_MSGSEND = YES;
				GCC_C_LANGUAGE_STANDARD = gnu11;
				GCC_NO_COMMON_BLOCKS = YES;
				GCC_WARN_64_TO_32_BIT_CONVERSION = YES;
				GCC_WARN_ABOUT_RETURN_TYPE = YES_ERROR;
				GCC_WARN_UNDECLARED_SELECTOR = YES;
				GCC_WARN_UNINITIALIZED_AUTOS = YES_AGGRESSIVE;
				GCC_WARN_UNUSED_FUNCTION = YES;
				GCC_WARN_UNUSED_VARIABLE = YES;
				IPHONEOS_DEPLOYMENT_TARGET = 15.0;
				MTL_ENABLE_DEBUG_INFO = NO;
				MTL_FAST_MATH = YES;
				SDKROOT = iphoneos;
				SWIFT_COMPILATION_MODE = wholemodule;
				SWIFT_OPTIMIZATION_LEVEL = "-O";
				VALIDATE_PRODUCT = YES;
			};
			name = Release;
		};
		E17E14B2274C19B30090F822 /* Debug */ = {
			isa = XCBuildConfiguration;
			buildSettings = {
				ASSETCATALOG_COMPILER_APPICON_NAME = AppIcon;
				ASSETCATALOG_COMPILER_GLOBAL_ACCENT_COLOR_NAME = AccentColor;
				CLANG_TIDY_BUGPRONE_REDUNDANT_BRANCH_CONDITION = YES;
				CLANG_TIDY_MISC_REDUNDANT_EXPRESSION = YES;
				CODE_SIGN_ENTITLEMENTS = Centralis/Centralis.entitlements;
				CODE_SIGN_STYLE = Automatic;
				CURRENT_PROJECT_VERSION = 845768945766;
				DEVELOPMENT_TEAM = 7J8FJX4SRX;
				ENABLE_BITCODE = YES;
				"ENABLE_HARDENED_RUNTIME[sdk=macosx*]" = NO;
				GENERATE_INFOPLIST_FILE = YES;
				INFOPLIST_FILE = Centralis/Info.plist;
				INFOPLIST_KEY_UIApplicationSupportsIndirectInputEvents = YES;
				INFOPLIST_KEY_UILaunchStoryboardName = LaunchScreen;
				INFOPLIST_KEY_UISupportedInterfaceOrientations_iPad = "UIInterfaceOrientationPortrait UIInterfaceOrientationPortraitUpsideDown UIInterfaceOrientationLandscapeLeft UIInterfaceOrientationLandscapeRight";
				INFOPLIST_KEY_UISupportedInterfaceOrientations_iPhone = "UIInterfaceOrientationPortrait UIInterfaceOrientationLandscapeLeft UIInterfaceOrientationLandscapeRight";
				IPHONEOS_DEPLOYMENT_TARGET = 14.0;
				"IPHONEOS_DEPLOYMENT_TARGET[sdk=macosx*]" = 14.2;
				LD_RUNPATH_SEARCH_PATHS = (
					"$(inherited)",
					"@executable_path/Frameworks",
				);
				MARKETING_VERSION = 0.1;
				PRODUCT_BUNDLE_IDENTIFIER = com.amywhile.Centralis;
				PRODUCT_NAME = "$(TARGET_NAME)";
				SUPPORTS_MACCATALYST = YES;
				SWIFT_EMIT_LOC_STRINGS = YES;
				SWIFT_INSTALL_OBJC_HEADER = NO;
				SWIFT_OBJC_BRIDGING_HEADER = "";
				SWIFT_VERSION = 5.0;
				TARGETED_DEVICE_FAMILY = "1,2";
			};
			name = Debug;
		};
		E17E14B3274C19B30090F822 /* Release */ = {
			isa = XCBuildConfiguration;
			buildSettings = {
				ASSETCATALOG_COMPILER_APPICON_NAME = AppIcon;
				ASSETCATALOG_COMPILER_GLOBAL_ACCENT_COLOR_NAME = AccentColor;
				ASSETCATALOG_COMPILER_OPTIMIZATION = space;
				CLANG_STATIC_ANALYZER_MODE = deep;
				CLANG_TIDY_BUGPRONE_REDUNDANT_BRANCH_CONDITION = YES;
				CLANG_TIDY_MISC_REDUNDANT_EXPRESSION = YES;
				CODE_SIGN_ENTITLEMENTS = Centralis/Centralis.entitlements;
				CODE_SIGN_STYLE = Automatic;
				CURRENT_PROJECT_VERSION = 845768945766;
				DEVELOPMENT_TEAM = 7J8FJX4SRX;
				ENABLE_BITCODE = YES;
				"ENABLE_HARDENED_RUNTIME[sdk=macosx*]" = NO;
				GENERATE_INFOPLIST_FILE = YES;
				INFOPLIST_FILE = Centralis/Info.plist;
				INFOPLIST_KEY_UIApplicationSupportsIndirectInputEvents = YES;
				INFOPLIST_KEY_UILaunchStoryboardName = LaunchScreen;
				INFOPLIST_KEY_UISupportedInterfaceOrientations_iPad = "UIInterfaceOrientationPortrait UIInterfaceOrientationPortraitUpsideDown UIInterfaceOrientationLandscapeLeft UIInterfaceOrientationLandscapeRight";
				INFOPLIST_KEY_UISupportedInterfaceOrientations_iPhone = "UIInterfaceOrientationPortrait UIInterfaceOrientationLandscapeLeft UIInterfaceOrientationLandscapeRight";
				IPHONEOS_DEPLOYMENT_TARGET = 14.0;
				"IPHONEOS_DEPLOYMENT_TARGET[sdk=macosx*]" = 14.2;
				LD_RUNPATH_SEARCH_PATHS = (
					"$(inherited)",
					"@executable_path/Frameworks",
				);
				LLVM_LTO = YES;
				MARKETING_VERSION = 0.1;
				PRODUCT_BUNDLE_IDENTIFIER = com.amywhile.Centralis;
				PRODUCT_NAME = "$(TARGET_NAME)";
				RUN_CLANG_STATIC_ANALYZER = YES;
				SUPPORTS_MACCATALYST = YES;
				SWIFT_EMIT_LOC_STRINGS = YES;
				SWIFT_INSTALL_OBJC_HEADER = NO;
				SWIFT_OBJC_BRIDGING_HEADER = "";
				SWIFT_OPTIMIZATION_LEVEL = "-Osize";
				SWIFT_OPTIMIZE_OBJECT_LIFETIME = YES;
				SWIFT_VERSION = 5.0;
				TARGETED_DEVICE_FAMILY = "1,2";
			};
			name = Release;
		};
/* End XCBuildConfiguration section */

/* Begin XCConfigurationList section */
		E17E1498274C19B10090F822 /* Build configuration list for PBXProject "Centralis" */ = {
			isa = XCConfigurationList;
			buildConfigurations = (
				E17E14AF274C19B30090F822 /* Debug */,
				E17E14B0274C19B30090F822 /* Release */,
			);
			defaultConfigurationIsVisible = 0;
			defaultConfigurationName = Release;
		};
		E17E14B1274C19B30090F822 /* Build configuration list for PBXNativeTarget "Centralis" */ = {
			isa = XCConfigurationList;
			buildConfigurations = (
				E17E14B2274C19B30090F822 /* Debug */,
				E17E14B3274C19B30090F822 /* Release */,
			);
			defaultConfigurationIsVisible = 0;
			defaultConfigurationName = Release;
		};
/* End XCConfigurationList section */

/* Begin XCRemoteSwiftPackageReference section */
		E10B960F27518EFF00C8C12E /* XCRemoteSwiftPackageReference "SQLite" */ = {
			isa = XCRemoteSwiftPackageReference;
			repositoryURL = "https://github.com/stephencelis/SQLite.swift";
			requirement = {
				kind = upToNextMajorVersion;
				minimumVersion = 0.9.2;
			};
		};
		E17E14B7274C1A470090F822 /* XCRemoteSwiftPackageReference "Evander" */ = {
			isa = XCRemoteSwiftPackageReference;
			repositoryURL = "https://github.com/elihwyma/Evander";
			requirement = {
				branch = main;
				kind = branch;
			};
		};
		E17FDF91276676EF002F8FF0 /* XCRemoteSwiftPackageReference "SerializedSwift" */ = {
			isa = XCRemoteSwiftPackageReference;
			repositoryURL = "https://github.com/elihwyma/SerializedSwift";
			requirement = {
				branch = master;
				kind = branch;
			};
		};
/* End XCRemoteSwiftPackageReference section */

/* Begin XCSwiftPackageProductDependency section */
		E10B961027518EFF00C8C12E /* SQLite */ = {
			isa = XCSwiftPackageProductDependency;
			package = E10B960F27518EFF00C8C12E /* XCRemoteSwiftPackageReference "SQLite" */;
			productName = SQLite;
		};
		E17E14B8274C1A470090F822 /* Evander */ = {
			isa = XCSwiftPackageProductDependency;
			package = E17E14B7274C1A470090F822 /* XCRemoteSwiftPackageReference "Evander" */;
			productName = Evander;
		};
		E17FDF92276676EF002F8FF0 /* SerializedSwift */ = {
			isa = XCSwiftPackageProductDependency;
			package = E17FDF91276676EF002F8FF0 /* XCRemoteSwiftPackageReference "SerializedSwift" */;
			productName = SerializedSwift;
		};
/* End XCSwiftPackageProductDependency section */
	};
	rootObject = E17E1495274C19B10090F822 /* Project object */;
}
