// !$*UTF8*$!
{
	archiveVersion = 1;
	classes = {
	};
	objectVersion = 54;
	objects = {

/* Begin PBXBuildFile section */
		E10B95E9275139D600C8C12E /* SchoolCodeViewController.swift in Sources */ = {isa = PBXBuildFile; fileRef = E10B95E8275139D600C8C12E /* SchoolCodeViewController.swift */; };
		E10B95EC27513A3100C8C12E /* RoundedTextField.swift in Sources */ = {isa = PBXBuildFile; fileRef = E10B95EB27513A3100C8C12E /* RoundedTextField.swift */; };
		E10B95EE27513AD900C8C12E /* LoadingButton.swift in Sources */ = {isa = PBXBuildFile; fileRef = E10B95ED27513AD900C8C12E /* LoadingButton.swift */; };
		E10B95F027513E7E00C8C12E /* KeyboardAwareViewController.swift in Sources */ = {isa = PBXBuildFile; fileRef = E10B95EF27513E7E00C8C12E /* KeyboardAwareViewController.swift */; };
		E10B95FD275160C000C8C12E /* URL+Extensions.swift in Sources */ = {isa = PBXBuildFile; fileRef = E10B95FC275160C000C8C12E /* URL+Extensions.swift */; };
		E10B95FF275164D800C8C12E /* CentralisNavigationController.swift in Sources */ = {isa = PBXBuildFile; fileRef = E10B95FE275164D800C8C12E /* CentralisNavigationController.swift */; };
		E10B9601275167AD00C8C12E /* UserPasswordViewController.swift in Sources */ = {isa = PBXBuildFile; fileRef = E10B9600275167AD00C8C12E /* UserPasswordViewController.swift */; };
		E10B96042751773D00C8C12E /* HomeViewController.swift in Sources */ = {isa = PBXBuildFile; fileRef = E10B96032751773D00C8C12E /* HomeViewController.swift */; };
		E10B960A2751865E00C8C12E /* BaseSubtitleCell.swift in Sources */ = {isa = PBXBuildFile; fileRef = E10B96082751865E00C8C12E /* BaseSubtitleCell.swift */; };
		E10B960B2751865E00C8C12E /* BaseTableViewController.swift in Sources */ = {isa = PBXBuildFile; fileRef = E10B96092751865E00C8C12E /* BaseTableViewController.swift */; };
		E10B960E27518B0800C8C12E /* QuickLoginViewController.swift in Sources */ = {isa = PBXBuildFile; fileRef = E10B960D27518B0800C8C12E /* QuickLoginViewController.swift */; };
		E10B961127518EFF00C8C12E /* SQLite in Frameworks */ = {isa = PBXBuildFile; productRef = E10B961027518EFF00C8C12E /* SQLite */; };
		E10B96132751A35500C8C12E /* Edulink_Homework.swift in Sources */ = {isa = PBXBuildFile; fileRef = E10B96122751A35500C8C12E /* Edulink_Homework.swift */; };
		E10B96162752605E00C8C12E /* PersistenceDatabase.swift in Sources */ = {isa = PBXBuildFile; fileRef = E10B96152752605E00C8C12E /* PersistenceDatabase.swift */; };
		E10F656528229F43007E7091 /* UserDefaults+Extension.swift in Sources */ = {isa = PBXBuildFile; fileRef = E10F656428229F43007E7091 /* UserDefaults+Extension.swift */; };
		E10F656628229F4D007E7091 /* UserDefaults+Extension.swift in Sources */ = {isa = PBXBuildFile; fileRef = E10F656428229F43007E7091 /* UserDefaults+Extension.swift */; };
		E11E553D27F1B21300FEA9D7 /* UIAlertController+Extensions.swift in Sources */ = {isa = PBXBuildFile; fileRef = E11E553C27F1B21300FEA9D7 /* UIAlertController+Extensions.swift */; };
		E11E553E27F1B21300FEA9D7 /* UIAlertController+Extensions.swift in Sources */ = {isa = PBXBuildFile; fileRef = E11E553C27F1B21300FEA9D7 /* UIAlertController+Extensions.swift */; };
		E12690E027EC77A800929C21 /* Edulink_iCalendar.swift in Sources */ = {isa = PBXBuildFile; fileRef = E12690DF27EC77A800929C21 /* Edulink_iCalendar.swift */; };
		E12690E127EC77A900929C21 /* Edulink_iCalendar.swift in Sources */ = {isa = PBXBuildFile; fileRef = E12690DF27EC77A800929C21 /* Edulink_iCalendar.swift */; };
		E12993ED27DB908E007AC00B /* SwiftSoup in Frameworks */ = {isa = PBXBuildFile; productRef = E12993EC27DB908E007AC00B /* SwiftSoup */; };
		E12993EF27DB909A007AC00B /* SwiftSoup in Frameworks */ = {isa = PBXBuildFile; productRef = E12993EE27DB909A007AC00B /* SwiftSoup */; };
		E12D63C7275F71F0008DAB00 /* Edulink_Timetable.swift in Sources */ = {isa = PBXBuildFile; fileRef = E12D63C6275F71F0008DAB00 /* Edulink_Timetable.swift */; };
		E145D3CB2832F40300EC84C0 /* ChartProgressView.swift in Sources */ = {isa = PBXBuildFile; fileRef = E145D3CA2832F40300EC84C0 /* ChartProgressView.swift */; };
		E145D3CC2832F40300EC84C0 /* ChartProgressView.swift in Sources */ = {isa = PBXBuildFile; fileRef = E145D3CA2832F40300EC84C0 /* ChartProgressView.swift */; };
		E149969227FAF3D400FC039E /* Edulink_Attendance.swift in Sources */ = {isa = PBXBuildFile; fileRef = E149969127FAF3D400FC039E /* Edulink_Attendance.swift */; };
		E149969327FAF3D500FC039E /* Edulink_Attendance.swift in Sources */ = {isa = PBXBuildFile; fileRef = E149969127FAF3D400FC039E /* Edulink_Attendance.swift */; };
		E150BC2D27AD5F84001D34AD /* Edulink_Documents.swift in Sources */ = {isa = PBXBuildFile; fileRef = E150BC2C27AD5F84001D34AD /* Edulink_Documents.swift */; };
		E15B5BCC275306720003A56D /* BasicInfoCell.swift in Sources */ = {isa = PBXBuildFile; fileRef = E15B5BCA275306720003A56D /* BasicInfoCell.swift */; };
		E17CB8862834F3CF006ADE67 /* AccountInfoViewController.swift in Sources */ = {isa = PBXBuildFile; fileRef = E17CB8852834F3CF006ADE67 /* AccountInfoViewController.swift */; };
		E17CB8872834F3CF006ADE67 /* AccountInfoViewController.swift in Sources */ = {isa = PBXBuildFile; fileRef = E17CB8852834F3CF006ADE67 /* AccountInfoViewController.swift */; };
		E17E14A1274C19B10090F822 /* AppDelegate.swift in Sources */ = {isa = PBXBuildFile; fileRef = E17E14A0274C19B10090F822 /* AppDelegate.swift */; };
		E17E14AA274C19B30090F822 /* Assets.xcassets in Resources */ = {isa = PBXBuildFile; fileRef = E17E14A9274C19B30090F822 /* Assets.xcassets */; };
		E17E14AD274C19B30090F822 /* LaunchScreen.storyboard in Resources */ = {isa = PBXBuildFile; fileRef = E17E14AB274C19B30090F822 /* LaunchScreen.storyboard */; };
		E17E14B9274C1A470090F822 /* Evander in Frameworks */ = {isa = PBXBuildFile; productRef = E17E14B8274C1A470090F822 /* Evander */; };
		E17E14BD274C1ABA0090F822 /* EdulinkManager.swift in Sources */ = {isa = PBXBuildFile; fileRef = E17E14BC274C1ABA0090F822 /* EdulinkManager.swift */; };
		E17E14C2274C1B2F0090F822 /* UserLogin.swift in Sources */ = {isa = PBXBuildFile; fileRef = E17E14C1274C1B2F0090F822 /* UserLogin.swift */; };
		E17E14C6274C1ECD0090F822 /* LoginManager.swift in Sources */ = {isa = PBXBuildFile; fileRef = E17E14C5274C1ECD0090F822 /* LoginManager.swift */; };
		E17E14C8274C20610090F822 /* EdulinkRequests.swift in Sources */ = {isa = PBXBuildFile; fileRef = E17E14C7274C20610090F822 /* EdulinkRequests.swift */; };
		E17E14CA274C211D0090F822 /* Transformers.swift in Sources */ = {isa = PBXBuildFile; fileRef = E17E14C9274C211D0090F822 /* Transformers.swift */; };
		E17E14CC274C25010090F822 /* EdulinkBase.swift in Sources */ = {isa = PBXBuildFile; fileRef = E17E14CB274C25010090F822 /* EdulinkBase.swift */; };
		E17FDF93276676EF002F8FF0 /* SerializedSwift in Frameworks */ = {isa = PBXBuildFile; productRef = E17FDF92276676EF002F8FF0 /* SerializedSwift */; };
		E183B1FB2791BA20004C6C65 /* MessageViewController.swift in Sources */ = {isa = PBXBuildFile; fileRef = E183B1FA2791BA20004C6C65 /* MessageViewController.swift */; };
		E19621A6275BC2A50065B446 /* NSAttributedString+Extensions.swift in Sources */ = {isa = PBXBuildFile; fileRef = E19621A5275BC2A50065B446 /* NSAttributedString+Extensions.swift */; };
		E19621AC275CFDA10065B446 /* HomeworkViewController.swift in Sources */ = {isa = PBXBuildFile; fileRef = E19621AB275CFDA10065B446 /* HomeworkViewController.swift */; };
		E19621AF275D04970065B446 /* InfoViewController.swift in Sources */ = {isa = PBXBuildFile; fileRef = E19621AE275D04970065B446 /* InfoViewController.swift */; };
		E19621B1275D05EB0065B446 /* SettingsSwitchTableViewCell.swift in Sources */ = {isa = PBXBuildFile; fileRef = E19621B0275D05EB0065B446 /* SettingsSwitchTableViewCell.swift */; };
		E19621B3275D076F0065B446 /* ClosureSwitchCell.swift in Sources */ = {isa = PBXBuildFile; fileRef = E19621B2275D076F0065B446 /* ClosureSwitchCell.swift */; };
		E196618627B02C7E00793007 /* DocumentsViewController.swift in Sources */ = {isa = PBXBuildFile; fileRef = E196618527B02C7E00793007 /* DocumentsViewController.swift */; };
		E196618827B02CBB00793007 /* DocumentCell.swift in Sources */ = {isa = PBXBuildFile; fileRef = E196618727B02CBB00793007 /* DocumentCell.swift */; };
		E19661A727B03AA700793007 /* Edulink_Links.swift in Sources */ = {isa = PBXBuildFile; fileRef = E19661A627B03AA700793007 /* Edulink_Links.swift */; };
		E19661AA27B0443C00793007 /* LinksViewController.swift in Sources */ = {isa = PBXBuildFile; fileRef = E19661A927B0443C00793007 /* LinksViewController.swift */; };
		E19661DA27B0611600793007 /* LaunchScreen.storyboard in Resources */ = {isa = PBXBuildFile; fileRef = E19661D827B0611600793007 /* LaunchScreen.storyboard */; };
		E19661DF27B0611600793007 /* CentralisAppClip.app in Embed App Clips */ = {isa = PBXBuildFile; fileRef = E19661CB27B0611400793007 /* CentralisAppClip.app */; platformFilter = ios; settings = {ATTRIBUTES = (RemoveHeadersOnCopy, ); }; };
		E19661E327B061DE00793007 /* AppDelegate.swift in Sources */ = {isa = PBXBuildFile; fileRef = E17E14A0274C19B10090F822 /* AppDelegate.swift */; };
		E19661E427B061E000793007 /* Reachability.swift in Sources */ = {isa = PBXBuildFile; fileRef = E19D9FAC27A71732005C8398 /* Reachability.swift */; };
		E19661E527B061E300793007 /* EdulinkManager.swift in Sources */ = {isa = PBXBuildFile; fileRef = E17E14BC274C1ABA0090F822 /* EdulinkManager.swift */; };
		E19661E627B061E500793007 /* Edulink_Links.swift in Sources */ = {isa = PBXBuildFile; fileRef = E19661A627B03AA700793007 /* Edulink_Links.swift */; };
		E19661E727B061E800793007 /* Edulink_Documents.swift in Sources */ = {isa = PBXBuildFile; fileRef = E150BC2C27AD5F84001D34AD /* Edulink_Documents.swift */; };
		E19661E827B061EB00793007 /* Edulink_Timetable.swift in Sources */ = {isa = PBXBuildFile; fileRef = E12D63C6275F71F0008DAB00 /* Edulink_Timetable.swift */; };
		E19661E927B061EB00793007 /* Edulink_Homework.swift in Sources */ = {isa = PBXBuildFile; fileRef = E10B96122751A35500C8C12E /* Edulink_Homework.swift */; };
		E19661EA27B061EB00793007 /* Edulink_Photos.swift in Sources */ = {isa = PBXBuildFile; fileRef = E1F6BB9A278E102500E7A360 /* Edulink_Photos.swift */; };
		E19661EB27B061EB00793007 /* Edulink_Message.swift in Sources */ = {isa = PBXBuildFile; fileRef = E1F6BB96278CC6B000E7A360 /* Edulink_Message.swift */; };
		E19661EC27B061EB00793007 /* Edulink_Status.swift in Sources */ = {isa = PBXBuildFile; fileRef = E1CDE49627502F1B00AA7769 /* Edulink_Status.swift */; };
		E19661ED27B061EE00793007 /* EdulinkRequests.swift in Sources */ = {isa = PBXBuildFile; fileRef = E17E14C7274C20610090F822 /* EdulinkRequests.swift */; };
		E19661EE27B061F100793007 /* SchoolDetails.swift in Sources */ = {isa = PBXBuildFile; fileRef = E1CEBD8E274C3AB9009F35D4 /* SchoolDetails.swift */; };
		E19661EF27B061F100793007 /* User.swift in Sources */ = {isa = PBXBuildFile; fileRef = E1BDD308274C63BE00056027 /* User.swift */; };
		E19661F027B061F100793007 /* Transformers.swift in Sources */ = {isa = PBXBuildFile; fileRef = E17E14C9274C211D0090F822 /* Transformers.swift */; };
		E19661F127B061F100793007 /* UserLogin.swift in Sources */ = {isa = PBXBuildFile; fileRef = E17E14C1274C1B2F0090F822 /* UserLogin.swift */; };
		E19661F227B061F100793007 /* Establishment.swift in Sources */ = {isa = PBXBuildFile; fileRef = E1CEBD90274C5F8E009F35D4 /* Establishment.swift */; };
		E19661F327B061F100793007 /* EdulinkBase.swift in Sources */ = {isa = PBXBuildFile; fileRef = E17E14CB274C25010090F822 /* EdulinkBase.swift */; };
		E19661F427B061F100793007 /* AuthenticatedUser.swift in Sources */ = {isa = PBXBuildFile; fileRef = E1CEBD8C274C2F80009F35D4 /* AuthenticatedUser.swift */; };
		E19661F527B061F400793007 /* LoginManager.swift in Sources */ = {isa = PBXBuildFile; fileRef = E17E14C5274C1ECD0090F822 /* LoginManager.swift */; };
		E19661F627B061F400793007 /* LoginMiddleware.swift in Sources */ = {isa = PBXBuildFile; fileRef = E1E51EF227A6DA9C00C81413 /* LoginMiddleware.swift */; };
		E19661F727B061F600793007 /* Bundle+Extensions.swift in Sources */ = {isa = PBXBuildFile; fileRef = E197455F27512B4800EEB853 /* Bundle+Extensions.swift */; };
		E19661F827B061F600793007 /* URL+Extensions.swift in Sources */ = {isa = PBXBuildFile; fileRef = E10B95FC275160C000C8C12E /* URL+Extensions.swift */; };
		E19661F927B061F600793007 /* Date+Extensions.swift in Sources */ = {isa = PBXBuildFile; fileRef = E1B8C18C27528FAA001FF9FD /* Date+Extensions.swift */; };
		E19661FA27B061F900793007 /* PersistenceDatabase.swift in Sources */ = {isa = PBXBuildFile; fileRef = E10B96152752605E00C8C12E /* PersistenceDatabase.swift */; };
		E19661FB27B061F900793007 /* NotificationManager.swift in Sources */ = {isa = PBXBuildFile; fileRef = E1B8C1902752A0AD001FF9FD /* NotificationManager.swift */; };
		E19661FC27B061FE00793007 /* OnboardingViewController.swift in Sources */ = {isa = PBXBuildFile; fileRef = E197455C2751298900EEB853 /* OnboardingViewController.swift */; };
		E19661FD27B0620100793007 /* BaseTableViewController.swift in Sources */ = {isa = PBXBuildFile; fileRef = E10B96092751865E00C8C12E /* BaseTableViewController.swift */; };
		E19661FE27B0620100793007 /* NSAttributedString+Extensions.swift in Sources */ = {isa = PBXBuildFile; fileRef = E19621A5275BC2A50065B446 /* NSAttributedString+Extensions.swift */; };
		E19661FF27B0620100793007 /* RoundedTextField.swift in Sources */ = {isa = PBXBuildFile; fileRef = E10B95EB27513A3100C8C12E /* RoundedTextField.swift */; };
		E196620027B0620100793007 /* ThemeManager.swift in Sources */ = {isa = PBXBuildFile; fileRef = E197456227512D6600EEB853 /* ThemeManager.swift */; };
		E196620127B0620100793007 /* KeyboardAwareViewController.swift in Sources */ = {isa = PBXBuildFile; fileRef = E10B95EF27513E7E00C8C12E /* KeyboardAwareViewController.swift */; };
		E196620227B0620100793007 /* CentralisNavigationController.swift in Sources */ = {isa = PBXBuildFile; fileRef = E10B95FE275164D800C8C12E /* CentralisNavigationController.swift */; };
		E196620327B0620100793007 /* LoadingButton.swift in Sources */ = {isa = PBXBuildFile; fileRef = E10B95ED27513AD900C8C12E /* LoadingButton.swift */; };
		E196620427B0620100793007 /* BaseSubtitleCell.swift in Sources */ = {isa = PBXBuildFile; fileRef = E10B96082751865E00C8C12E /* BaseSubtitleCell.swift */; };
		E196620527B0620500793007 /* SchoolCodeViewController.swift in Sources */ = {isa = PBXBuildFile; fileRef = E10B95E8275139D600C8C12E /* SchoolCodeViewController.swift */; };
		E196620627B0620500793007 /* UserPasswordViewController.swift in Sources */ = {isa = PBXBuildFile; fileRef = E10B9600275167AD00C8C12E /* UserPasswordViewController.swift */; };
		E196620727B0620900793007 /* HomeViewController.swift in Sources */ = {isa = PBXBuildFile; fileRef = E10B96032751773D00C8C12E /* HomeViewController.swift */; };
		E196620827B0620D00793007 /* CentralisTabBarController.swift in Sources */ = {isa = PBXBuildFile; fileRef = E10B9606275178F500C8C12E /* CentralisTabBarController.swift */; };
		E196620927B0620E00793007 /* CentralisTabBarController.swift in Sources */ = {isa = PBXBuildFile; fileRef = E10B9606275178F500C8C12E /* CentralisTabBarController.swift */; };
		E196620A27B0621100793007 /* QuickLoginViewController.swift in Sources */ = {isa = PBXBuildFile; fileRef = E10B960D27518B0800C8C12E /* QuickLoginViewController.swift */; };
		E196620B27B0621500793007 /* SettingsSwitchTableViewCell.swift in Sources */ = {isa = PBXBuildFile; fileRef = E19621B0275D05EB0065B446 /* SettingsSwitchTableViewCell.swift */; };
		E196620C27B0621500793007 /* ClosureSwitchCell.swift in Sources */ = {isa = PBXBuildFile; fileRef = E19621B2275D076F0065B446 /* ClosureSwitchCell.swift */; };
		E196620D27B0621500793007 /* HomeworkCell.swift in Sources */ = {isa = PBXBuildFile; fileRef = E1A23522277F58CF004563C9 /* HomeworkCell.swift */; };
		E196620E27B0621500793007 /* DocumentCell.swift in Sources */ = {isa = PBXBuildFile; fileRef = E196618727B02CBB00793007 /* DocumentCell.swift */; };
		E196620F27B0621500793007 /* MessageTableViewCell.swift in Sources */ = {isa = PBXBuildFile; fileRef = E1F6BB9C2790BF9500E7A360 /* MessageTableViewCell.swift */; };
		E196621027B0621500793007 /* TimetableCell.swift in Sources */ = {isa = PBXBuildFile; fileRef = E1A23524277F5D24004563C9 /* TimetableCell.swift */; };
		E196621127B0621500793007 /* BasicInfoCell.swift in Sources */ = {isa = PBXBuildFile; fileRef = E15B5BCA275306720003A56D /* BasicInfoCell.swift */; };
		E196621227B0621800793007 /* HomeworkViewController.swift in Sources */ = {isa = PBXBuildFile; fileRef = E19621AB275CFDA10065B446 /* HomeworkViewController.swift */; };
		E196621327B0623400793007 /* InfoViewController.swift in Sources */ = {isa = PBXBuildFile; fileRef = E19621AE275D04970065B446 /* InfoViewController.swift */; };
		E196621427B0623700793007 /* TimetableViewController.swift in Sources */ = {isa = PBXBuildFile; fileRef = E1A23527277F6FF9004563C9 /* TimetableViewController.swift */; };
		E196621527B0623A00793007 /* MessagesViewController.swift in Sources */ = {isa = PBXBuildFile; fileRef = E1B9268F278D96D7001EEDAC /* MessagesViewController.swift */; };
		E196621627B0623D00793007 /* MessageViewController.swift in Sources */ = {isa = PBXBuildFile; fileRef = E183B1FA2791BA20004C6C65 /* MessageViewController.swift */; };
		E196621727B0624000793007 /* DocumentsViewController.swift in Sources */ = {isa = PBXBuildFile; fileRef = E196618527B02C7E00793007 /* DocumentsViewController.swift */; };
		E196621827B0624300793007 /* LinksViewController.swift in Sources */ = {isa = PBXBuildFile; fileRef = E19661A927B0443C00793007 /* LinksViewController.swift */; };
		E196621A27B0627100793007 /* Evander in Frameworks */ = {isa = PBXBuildFile; productRef = E196621927B0627100793007 /* Evander */; };
		E196621C27B0627700793007 /* SQLite in Frameworks */ = {isa = PBXBuildFile; productRef = E196621B27B0627700793007 /* SQLite */; };
		E196621E27B0627A00793007 /* SerializedSwift in Frameworks */ = {isa = PBXBuildFile; productRef = E196621D27B0627A00793007 /* SerializedSwift */; };
		E196621F27B068A300793007 /* Assets.xcassets in Resources */ = {isa = PBXBuildFile; fileRef = E17E14A9274C19B30090F822 /* Assets.xcassets */; };
		E196622127B06DC900793007 /* SceneDelegate.swift in Sources */ = {isa = PBXBuildFile; fileRef = E196622027B06DC900793007 /* SceneDelegate.swift */; };
		E196622227B06DD500793007 /* SceneDelegate.swift in Sources */ = {isa = PBXBuildFile; fileRef = E196622027B06DC900793007 /* SceneDelegate.swift */; };
		E197455D2751298900EEB853 /* OnboardingViewController.swift in Sources */ = {isa = PBXBuildFile; fileRef = E197455C2751298900EEB853 /* OnboardingViewController.swift */; };
		E197456027512B4800EEB853 /* Bundle+Extensions.swift in Sources */ = {isa = PBXBuildFile; fileRef = E197455F27512B4800EEB853 /* Bundle+Extensions.swift */; };
		E197456327512D6600EEB853 /* ThemeManager.swift in Sources */ = {isa = PBXBuildFile; fileRef = E197456227512D6600EEB853 /* ThemeManager.swift */; };
		E199E1292836453C00E130E9 /* ThemeSelectorCell.swift in Sources */ = {isa = PBXBuildFile; fileRef = E199E1282836453B00E130E9 /* ThemeSelectorCell.swift */; };
		E199E12A2836453C00E130E9 /* ThemeSelectorCell.swift in Sources */ = {isa = PBXBuildFile; fileRef = E199E1282836453B00E130E9 /* ThemeSelectorCell.swift */; };
		E199E12C283648AF00E130E9 /* ThemeViewController.swift in Sources */ = {isa = PBXBuildFile; fileRef = E199E12B283648AF00E130E9 /* ThemeViewController.swift */; };
		E199E12D283648AF00E130E9 /* ThemeViewController.swift in Sources */ = {isa = PBXBuildFile; fileRef = E199E12B283648AF00E130E9 /* ThemeViewController.swift */; };
		E19A428027CFA24A0053435F /* Edulink_Catering.swift in Sources */ = {isa = PBXBuildFile; fileRef = E19A427F27CFA24A0053435F /* Edulink_Catering.swift */; };
		E19A428127CFA24B0053435F /* Edulink_Catering.swift in Sources */ = {isa = PBXBuildFile; fileRef = E19A427F27CFA24A0053435F /* Edulink_Catering.swift */; };
		E19A428427D0F1010053435F /* CateringViewController.swift in Sources */ = {isa = PBXBuildFile; fileRef = E19A428327D0F1010053435F /* CateringViewController.swift */; };
		E19A428527D0F1020053435F /* CateringViewController.swift in Sources */ = {isa = PBXBuildFile; fileRef = E19A428327D0F1010053435F /* CateringViewController.swift */; };
		E19A429C27DB91200053435F /* MyMaths.swift in Sources */ = {isa = PBXBuildFile; fileRef = E19A429B27DB91200053435F /* MyMaths.swift */; };
		E19A429D27DB91200053435F /* MyMaths.swift in Sources */ = {isa = PBXBuildFile; fileRef = E19A429B27DB91200053435F /* MyMaths.swift */; };
		E19D9FAD27A71732005C8398 /* Reachability.swift in Sources */ = {isa = PBXBuildFile; fileRef = E19D9FAC27A71732005C8398 /* Reachability.swift */; };
		E1A23523277F58CF004563C9 /* HomeworkCell.swift in Sources */ = {isa = PBXBuildFile; fileRef = E1A23522277F58CF004563C9 /* HomeworkCell.swift */; };
		E1A23525277F5D24004563C9 /* TimetableCell.swift in Sources */ = {isa = PBXBuildFile; fileRef = E1A23524277F5D24004563C9 /* TimetableCell.swift */; };
		E1A23528277F6FF9004563C9 /* TimetableViewController.swift in Sources */ = {isa = PBXBuildFile; fileRef = E1A23527277F6FF9004563C9 /* TimetableViewController.swift */; };
		E1A4A7B928226EAC00CF2DCD /* Edulink_Personal.swift in Sources */ = {isa = PBXBuildFile; fileRef = E1A4A7B828226EAC00CF2DCD /* Edulink_Personal.swift */; };
		E1A4A7BA28226EAC00CF2DCD /* Edulink_Personal.swift in Sources */ = {isa = PBXBuildFile; fileRef = E1A4A7B828226EAC00CF2DCD /* Edulink_Personal.swift */; };
		E1A4C65F27EA5B74000B0821 /* PermissionManager.swift in Sources */ = {isa = PBXBuildFile; fileRef = E1A4C65E27EA5B74000B0821 /* PermissionManager.swift */; };
		E1A4C66027EA5B74000B0821 /* PermissionManager.swift in Sources */ = {isa = PBXBuildFile; fileRef = E1A4C65E27EA5B74000B0821 /* PermissionManager.swift */; };
		E1B8C18D27528FAA001FF9FD /* Date+Extensions.swift in Sources */ = {isa = PBXBuildFile; fileRef = E1B8C18C27528FAA001FF9FD /* Date+Extensions.swift */; };
		E1B8C1912752A0AD001FF9FD /* NotificationManager.swift in Sources */ = {isa = PBXBuildFile; fileRef = E1B8C1902752A0AD001FF9FD /* NotificationManager.swift */; };
		E1B92690278D96D7001EEDAC /* MessagesViewController.swift in Sources */ = {isa = PBXBuildFile; fileRef = E1B9268F278D96D7001EEDAC /* MessagesViewController.swift */; };
		E1BDD309274C63BE00056027 /* User.swift in Sources */ = {isa = PBXBuildFile; fileRef = E1BDD308274C63BE00056027 /* User.swift */; };
		E1C29F1D27DBE3F2003B16E9 /* MyMathsLoginViewController.swift in Sources */ = {isa = PBXBuildFile; fileRef = E1C29F1C27DBE3F2003B16E9 /* MyMathsLoginViewController.swift */; };
		E1C29F1E27DBE3F2003B16E9 /* MyMathsLoginViewController.swift in Sources */ = {isa = PBXBuildFile; fileRef = E1C29F1C27DBE3F2003B16E9 /* MyMathsLoginViewController.swift */; };
		E1C29F2027DC0636003B16E9 /* MyMathsTaskList.swift in Sources */ = {isa = PBXBuildFile; fileRef = E1C29F1F27DC0636003B16E9 /* MyMathsTaskList.swift */; };
		E1C29F2127DC0636003B16E9 /* MyMathsTaskList.swift in Sources */ = {isa = PBXBuildFile; fileRef = E1C29F1F27DC0636003B16E9 /* MyMathsTaskList.swift */; };
		E1C29F2327DCFB9F003B16E9 /* MyMathsTaskCompletionViewController.swift in Sources */ = {isa = PBXBuildFile; fileRef = E1C29F2227DCFB9F003B16E9 /* MyMathsTaskCompletionViewController.swift */; };
		E1C29F2427DCFB9F003B16E9 /* MyMathsTaskCompletionViewController.swift in Sources */ = {isa = PBXBuildFile; fileRef = E1C29F2227DCFB9F003B16E9 /* MyMathsTaskCompletionViewController.swift */; };
		E1C29F2627DD36E3003B16E9 /* ProgressSubtitleCell.swift in Sources */ = {isa = PBXBuildFile; fileRef = E1C29F2527DD36E3003B16E9 /* ProgressSubtitleCell.swift */; };
		E1C29F2727DD36E3003B16E9 /* ProgressSubtitleCell.swift in Sources */ = {isa = PBXBuildFile; fileRef = E1C29F2527DD36E3003B16E9 /* ProgressSubtitleCell.swift */; };
		E1C29F2927DD3785003B16E9 /* TimeConfigSelection.swift in Sources */ = {isa = PBXBuildFile; fileRef = E1C29F2827DD3785003B16E9 /* TimeConfigSelection.swift */; };
		E1C29F2A27DD3785003B16E9 /* TimeConfigSelection.swift in Sources */ = {isa = PBXBuildFile; fileRef = E1C29F2827DD3785003B16E9 /* TimeConfigSelection.swift */; };
		E1CDE49827502F1B00AA7769 /* Edulink_Status.swift in Sources */ = {isa = PBXBuildFile; fileRef = E1CDE49627502F1B00AA7769 /* Edulink_Status.swift */; };
		E1CEBD8D274C2F80009F35D4 /* AuthenticatedUser.swift in Sources */ = {isa = PBXBuildFile; fileRef = E1CEBD8C274C2F80009F35D4 /* AuthenticatedUser.swift */; };
		E1CEBD8F274C3AB9009F35D4 /* SchoolDetails.swift in Sources */ = {isa = PBXBuildFile; fileRef = E1CEBD8E274C3AB9009F35D4 /* SchoolDetails.swift */; };
		E1CEBD91274C5F8E009F35D4 /* Establishment.swift in Sources */ = {isa = PBXBuildFile; fileRef = E1CEBD90274C5F8E009F35D4 /* Establishment.swift */; };
		E1E51EF327A6DA9C00C81413 /* LoginMiddleware.swift in Sources */ = {isa = PBXBuildFile; fileRef = E1E51EF227A6DA9C00C81413 /* LoginMiddleware.swift */; };
		E1F482902834358E000D90C7 /* AttendanceViewController.swift in Sources */ = {isa = PBXBuildFile; fileRef = E1F4828F2834358E000D90C7 /* AttendanceViewController.swift */; };
		E1F482912834358E000D90C7 /* AttendanceViewController.swift in Sources */ = {isa = PBXBuildFile; fileRef = E1F4828F2834358E000D90C7 /* AttendanceViewController.swift */; };
		E1F4829328343B83000D90C7 /* AttendanceViewCell.swift in Sources */ = {isa = PBXBuildFile; fileRef = E1F4829228343B83000D90C7 /* AttendanceViewCell.swift */; };
		E1F4829428343B83000D90C7 /* AttendanceViewCell.swift in Sources */ = {isa = PBXBuildFile; fileRef = E1F4829228343B83000D90C7 /* AttendanceViewCell.swift */; };
		E1F6BB97278CC6B000E7A360 /* Edulink_Message.swift in Sources */ = {isa = PBXBuildFile; fileRef = E1F6BB96278CC6B000E7A360 /* Edulink_Message.swift */; };
		E1F6BB9B278E102500E7A360 /* Edulink_Photos.swift in Sources */ = {isa = PBXBuildFile; fileRef = E1F6BB9A278E102500E7A360 /* Edulink_Photos.swift */; };
		E1F6BB9D2790BF9500E7A360 /* MessageTableViewCell.swift in Sources */ = {isa = PBXBuildFile; fileRef = E1F6BB9C2790BF9500E7A360 /* MessageTableViewCell.swift */; };
/* End PBXBuildFile section */

/* Begin PBXContainerItemProxy section */
		E19661DD27B0611600793007 /* PBXContainerItemProxy */ = {
			isa = PBXContainerItemProxy;
			containerPortal = E17E1495274C19B10090F822 /* Project object */;
			proxyType = 1;
			remoteGlobalIDString = E19661CA27B0611400793007;
			remoteInfo = CentralisAppClip;
		};
/* End PBXContainerItemProxy section */

/* Begin PBXCopyFilesBuildPhase section */
		E19661A527B0379800793007 /* Embed App Clips */ = {
			isa = PBXCopyFilesBuildPhase;
			buildActionMask = 2147483647;
			dstPath = "$(CONTENTS_FOLDER_PATH)/AppClips";
			dstSubfolderSpec = 16;
			files = (
				E19661DF27B0611600793007 /* CentralisAppClip.app in Embed App Clips */,
			);
			name = "Embed App Clips";
			runOnlyForDeploymentPostprocessing = 0;
		};
		E19661C127B04A3400793007 /* Embed App Extensions */ = {
			isa = PBXCopyFilesBuildPhase;
			buildActionMask = 2147483647;
			dstPath = "";
			dstSubfolderSpec = 13;
			files = (
			);
			name = "Embed App Extensions";
			runOnlyForDeploymentPostprocessing = 0;
		};
/* End PBXCopyFilesBuildPhase section */

/* Begin PBXFileReference section */
		E10B95E8275139D600C8C12E /* SchoolCodeViewController.swift */ = {isa = PBXFileReference; lastKnownFileType = sourcecode.swift; path = SchoolCodeViewController.swift; sourceTree = "<group>"; };
		E10B95EB27513A3100C8C12E /* RoundedTextField.swift */ = {isa = PBXFileReference; lastKnownFileType = sourcecode.swift; path = RoundedTextField.swift; sourceTree = "<group>"; };
		E10B95ED27513AD900C8C12E /* LoadingButton.swift */ = {isa = PBXFileReference; lastKnownFileType = sourcecode.swift; path = LoadingButton.swift; sourceTree = "<group>"; };
		E10B95EF27513E7E00C8C12E /* KeyboardAwareViewController.swift */ = {isa = PBXFileReference; lastKnownFileType = sourcecode.swift; path = KeyboardAwareViewController.swift; sourceTree = "<group>"; };
		E10B95F82751566700C8C12E /* WebKit.framework */ = {isa = PBXFileReference; lastKnownFileType = wrapper.framework; name = WebKit.framework; path = System/Library/Frameworks/WebKit.framework; sourceTree = SDKROOT; };
		E10B95FA2751566B00C8C12E /* SafariServices.framework */ = {isa = PBXFileReference; lastKnownFileType = wrapper.framework; name = SafariServices.framework; path = System/Library/Frameworks/SafariServices.framework; sourceTree = SDKROOT; };
		E10B95FC275160C000C8C12E /* URL+Extensions.swift */ = {isa = PBXFileReference; lastKnownFileType = sourcecode.swift; path = "URL+Extensions.swift"; sourceTree = "<group>"; };
		E10B95FE275164D800C8C12E /* CentralisNavigationController.swift */ = {isa = PBXFileReference; lastKnownFileType = sourcecode.swift; path = CentralisNavigationController.swift; sourceTree = "<group>"; };
		E10B9600275167AD00C8C12E /* UserPasswordViewController.swift */ = {isa = PBXFileReference; lastKnownFileType = sourcecode.swift; path = UserPasswordViewController.swift; sourceTree = "<group>"; };
		E10B96032751773D00C8C12E /* HomeViewController.swift */ = {isa = PBXFileReference; lastKnownFileType = sourcecode.swift; path = HomeViewController.swift; sourceTree = "<group>"; };
		E10B9606275178F500C8C12E /* CentralisTabBarController.swift */ = {isa = PBXFileReference; lastKnownFileType = sourcecode.swift; path = CentralisTabBarController.swift; sourceTree = "<group>"; };
		E10B96082751865E00C8C12E /* BaseSubtitleCell.swift */ = {isa = PBXFileReference; fileEncoding = 4; lastKnownFileType = sourcecode.swift; path = BaseSubtitleCell.swift; sourceTree = "<group>"; };
		E10B96092751865E00C8C12E /* BaseTableViewController.swift */ = {isa = PBXFileReference; fileEncoding = 4; lastKnownFileType = sourcecode.swift; path = BaseTableViewController.swift; sourceTree = "<group>"; };
		E10B960D27518B0800C8C12E /* QuickLoginViewController.swift */ = {isa = PBXFileReference; lastKnownFileType = sourcecode.swift; path = QuickLoginViewController.swift; sourceTree = "<group>"; };
		E10B96122751A35500C8C12E /* Edulink_Homework.swift */ = {isa = PBXFileReference; lastKnownFileType = sourcecode.swift; path = Edulink_Homework.swift; sourceTree = "<group>"; };
		E10B96152752605E00C8C12E /* PersistenceDatabase.swift */ = {isa = PBXFileReference; lastKnownFileType = sourcecode.swift; path = PersistenceDatabase.swift; sourceTree = "<group>"; };
		E10F656428229F43007E7091 /* UserDefaults+Extension.swift */ = {isa = PBXFileReference; lastKnownFileType = sourcecode.swift; path = "UserDefaults+Extension.swift"; sourceTree = "<group>"; };
		E11E553C27F1B21300FEA9D7 /* UIAlertController+Extensions.swift */ = {isa = PBXFileReference; lastKnownFileType = sourcecode.swift; path = "UIAlertController+Extensions.swift"; sourceTree = "<group>"; };
		E12690DF27EC77A800929C21 /* Edulink_iCalendar.swift */ = {isa = PBXFileReference; lastKnownFileType = sourcecode.swift; path = Edulink_iCalendar.swift; sourceTree = "<group>"; };
		E12D63C6275F71F0008DAB00 /* Edulink_Timetable.swift */ = {isa = PBXFileReference; lastKnownFileType = sourcecode.swift; path = Edulink_Timetable.swift; sourceTree = "<group>"; };
		E145D3CA2832F40300EC84C0 /* ChartProgressView.swift */ = {isa = PBXFileReference; lastKnownFileType = sourcecode.swift; path = ChartProgressView.swift; sourceTree = "<group>"; };
		E149969127FAF3D400FC039E /* Edulink_Attendance.swift */ = {isa = PBXFileReference; lastKnownFileType = sourcecode.swift; path = Edulink_Attendance.swift; sourceTree = "<group>"; };
		E150BC2C27AD5F84001D34AD /* Edulink_Documents.swift */ = {isa = PBXFileReference; lastKnownFileType = sourcecode.swift; path = Edulink_Documents.swift; sourceTree = "<group>"; };
		E15B5BCA275306720003A56D /* BasicInfoCell.swift */ = {isa = PBXFileReference; lastKnownFileType = sourcecode.swift; path = BasicInfoCell.swift; sourceTree = "<group>"; };
		E17CB8852834F3CF006ADE67 /* AccountInfoViewController.swift */ = {isa = PBXFileReference; lastKnownFileType = sourcecode.swift; path = AccountInfoViewController.swift; sourceTree = "<group>"; };
		E17E149D274C19B10090F822 /* Centralis.app */ = {isa = PBXFileReference; explicitFileType = wrapper.application; includeInIndex = 0; path = Centralis.app; sourceTree = BUILT_PRODUCTS_DIR; };
		E17E14A0274C19B10090F822 /* AppDelegate.swift */ = {isa = PBXFileReference; lastKnownFileType = sourcecode.swift; path = AppDelegate.swift; sourceTree = "<group>"; };
		E17E14A9274C19B30090F822 /* Assets.xcassets */ = {isa = PBXFileReference; lastKnownFileType = folder.assetcatalog; path = Assets.xcassets; sourceTree = "<group>"; };
		E17E14AC274C19B30090F822 /* Base */ = {isa = PBXFileReference; lastKnownFileType = file.storyboard; name = Base; path = Base.lproj/LaunchScreen.storyboard; sourceTree = "<group>"; };
		E17E14AE274C19B30090F822 /* Info.plist */ = {isa = PBXFileReference; lastKnownFileType = text.plist.xml; path = Info.plist; sourceTree = "<group>"; };
		E17E14BC274C1ABA0090F822 /* EdulinkManager.swift */ = {isa = PBXFileReference; lastKnownFileType = sourcecode.swift; path = EdulinkManager.swift; sourceTree = "<group>"; };
		E17E14C1274C1B2F0090F822 /* UserLogin.swift */ = {isa = PBXFileReference; lastKnownFileType = sourcecode.swift; path = UserLogin.swift; sourceTree = "<group>"; };
		E17E14C3274C1DDF0090F822 /* Centralis.entitlements */ = {isa = PBXFileReference; lastKnownFileType = text.plist.entitlements; path = Centralis.entitlements; sourceTree = "<group>"; };
		E17E14C5274C1ECD0090F822 /* LoginManager.swift */ = {isa = PBXFileReference; lastKnownFileType = sourcecode.swift; path = LoginManager.swift; sourceTree = "<group>"; };
		E17E14C7274C20610090F822 /* EdulinkRequests.swift */ = {isa = PBXFileReference; lastKnownFileType = sourcecode.swift; path = EdulinkRequests.swift; sourceTree = "<group>"; };
		E17E14C9274C211D0090F822 /* Transformers.swift */ = {isa = PBXFileReference; lastKnownFileType = sourcecode.swift; path = Transformers.swift; sourceTree = "<group>"; };
		E17E14CB274C25010090F822 /* EdulinkBase.swift */ = {isa = PBXFileReference; lastKnownFileType = sourcecode.swift; path = EdulinkBase.swift; sourceTree = "<group>"; };
		E183B1FA2791BA20004C6C65 /* MessageViewController.swift */ = {isa = PBXFileReference; lastKnownFileType = sourcecode.swift; path = MessageViewController.swift; sourceTree = "<group>"; };
		E19621A5275BC2A50065B446 /* NSAttributedString+Extensions.swift */ = {isa = PBXFileReference; lastKnownFileType = sourcecode.swift; path = "NSAttributedString+Extensions.swift"; sourceTree = "<group>"; };
		E19621AB275CFDA10065B446 /* HomeworkViewController.swift */ = {isa = PBXFileReference; lastKnownFileType = sourcecode.swift; path = HomeworkViewController.swift; sourceTree = "<group>"; };
		E19621AE275D04970065B446 /* InfoViewController.swift */ = {isa = PBXFileReference; lastKnownFileType = sourcecode.swift; path = InfoViewController.swift; sourceTree = "<group>"; };
		E19621B0275D05EB0065B446 /* SettingsSwitchTableViewCell.swift */ = {isa = PBXFileReference; fileEncoding = 4; lastKnownFileType = sourcecode.swift; path = SettingsSwitchTableViewCell.swift; sourceTree = "<group>"; };
		E19621B2275D076F0065B446 /* ClosureSwitchCell.swift */ = {isa = PBXFileReference; fileEncoding = 4; lastKnownFileType = sourcecode.swift; path = ClosureSwitchCell.swift; sourceTree = "<group>"; };
		E196618527B02C7E00793007 /* DocumentsViewController.swift */ = {isa = PBXFileReference; lastKnownFileType = sourcecode.swift; path = DocumentsViewController.swift; sourceTree = "<group>"; };
		E196618727B02CBB00793007 /* DocumentCell.swift */ = {isa = PBXFileReference; lastKnownFileType = sourcecode.swift; path = DocumentCell.swift; sourceTree = "<group>"; };
		E19661A627B03AA700793007 /* Edulink_Links.swift */ = {isa = PBXFileReference; lastKnownFileType = sourcecode.swift; path = Edulink_Links.swift; sourceTree = "<group>"; };
		E19661A927B0443C00793007 /* LinksViewController.swift */ = {isa = PBXFileReference; lastKnownFileType = sourcecode.swift; path = LinksViewController.swift; sourceTree = "<group>"; };
		E19661B027B04A3300793007 /* Messages.framework */ = {isa = PBXFileReference; lastKnownFileType = wrapper.framework; name = Messages.framework; path = System/Library/Frameworks/Messages.framework; sourceTree = SDKROOT; };
		E19661C327B04A6700793007 /* PassKit.framework */ = {isa = PBXFileReference; lastKnownFileType = wrapper.framework; name = PassKit.framework; path = System/Library/Frameworks/PassKit.framework; sourceTree = SDKROOT; };
		E19661C527B04A8400793007 /* HealthKit.framework */ = {isa = PBXFileReference; lastKnownFileType = wrapper.framework; name = HealthKit.framework; path = System/Library/Frameworks/HealthKit.framework; sourceTree = SDKROOT; };
		E19661CB27B0611400793007 /* CentralisAppClip.app */ = {isa = PBXFileReference; explicitFileType = wrapper.application; includeInIndex = 0; path = CentralisAppClip.app; sourceTree = BUILT_PRODUCTS_DIR; };
		E19661D927B0611600793007 /* Base */ = {isa = PBXFileReference; lastKnownFileType = file.storyboard; name = Base; path = Base.lproj/LaunchScreen.storyboard; sourceTree = "<group>"; };
		E19661DB27B0611600793007 /* Info.plist */ = {isa = PBXFileReference; lastKnownFileType = text.plist.xml; path = Info.plist; sourceTree = "<group>"; };
		E19661DC27B0611600793007 /* CentralisAppClip.entitlements */ = {isa = PBXFileReference; lastKnownFileType = text.plist.entitlements; path = CentralisAppClip.entitlements; sourceTree = "<group>"; };
		E196622027B06DC900793007 /* SceneDelegate.swift */ = {isa = PBXFileReference; lastKnownFileType = sourcecode.swift; path = SceneDelegate.swift; sourceTree = "<group>"; };
		E197455C2751298900EEB853 /* OnboardingViewController.swift */ = {isa = PBXFileReference; lastKnownFileType = sourcecode.swift; path = OnboardingViewController.swift; sourceTree = "<group>"; };
		E197455F27512B4800EEB853 /* Bundle+Extensions.swift */ = {isa = PBXFileReference; lastKnownFileType = sourcecode.swift; path = "Bundle+Extensions.swift"; sourceTree = "<group>"; };
		E197456227512D6600EEB853 /* ThemeManager.swift */ = {isa = PBXFileReference; fileEncoding = 4; lastKnownFileType = sourcecode.swift; path = ThemeManager.swift; sourceTree = "<group>"; };
		E199E1282836453B00E130E9 /* ThemeSelectorCell.swift */ = {isa = PBXFileReference; lastKnownFileType = sourcecode.swift; path = ThemeSelectorCell.swift; sourceTree = "<group>"; };
		E199E12B283648AF00E130E9 /* ThemeViewController.swift */ = {isa = PBXFileReference; lastKnownFileType = sourcecode.swift; path = ThemeViewController.swift; sourceTree = "<group>"; };
		E19A427F27CFA24A0053435F /* Edulink_Catering.swift */ = {isa = PBXFileReference; lastKnownFileType = sourcecode.swift; path = Edulink_Catering.swift; sourceTree = "<group>"; };
		E19A428327D0F1010053435F /* CateringViewController.swift */ = {isa = PBXFileReference; lastKnownFileType = sourcecode.swift; path = CateringViewController.swift; sourceTree = "<group>"; };
		E19A429B27DB91200053435F /* MyMaths.swift */ = {isa = PBXFileReference; lastKnownFileType = sourcecode.swift; path = MyMaths.swift; sourceTree = "<group>"; };
		E19D9FAC27A71732005C8398 /* Reachability.swift */ = {isa = PBXFileReference; lastKnownFileType = sourcecode.swift; path = Reachability.swift; sourceTree = "<group>"; };
		E1A23522277F58CF004563C9 /* HomeworkCell.swift */ = {isa = PBXFileReference; lastKnownFileType = sourcecode.swift; path = HomeworkCell.swift; sourceTree = "<group>"; };
		E1A23524277F5D24004563C9 /* TimetableCell.swift */ = {isa = PBXFileReference; lastKnownFileType = sourcecode.swift; path = TimetableCell.swift; sourceTree = "<group>"; };
		E1A23527277F6FF9004563C9 /* TimetableViewController.swift */ = {isa = PBXFileReference; lastKnownFileType = sourcecode.swift; path = TimetableViewController.swift; sourceTree = "<group>"; };
		E1A4A7B828226EAC00CF2DCD /* Edulink_Personal.swift */ = {isa = PBXFileReference; lastKnownFileType = sourcecode.swift; path = Edulink_Personal.swift; sourceTree = "<group>"; };
		E1A4C65E27EA5B74000B0821 /* PermissionManager.swift */ = {isa = PBXFileReference; lastKnownFileType = sourcecode.swift; path = PermissionManager.swift; sourceTree = "<group>"; };
		E1B8C18C27528FAA001FF9FD /* Date+Extensions.swift */ = {isa = PBXFileReference; lastKnownFileType = sourcecode.swift; path = "Date+Extensions.swift"; sourceTree = "<group>"; };
		E1B8C1902752A0AD001FF9FD /* NotificationManager.swift */ = {isa = PBXFileReference; lastKnownFileType = sourcecode.swift; path = NotificationManager.swift; sourceTree = "<group>"; };
		E1B9268F278D96D7001EEDAC /* MessagesViewController.swift */ = {isa = PBXFileReference; lastKnownFileType = sourcecode.swift; path = MessagesViewController.swift; sourceTree = "<group>"; };
		E1BDD308274C63BE00056027 /* User.swift */ = {isa = PBXFileReference; lastKnownFileType = sourcecode.swift; path = User.swift; sourceTree = "<group>"; };
		E1C29F1C27DBE3F2003B16E9 /* MyMathsLoginViewController.swift */ = {isa = PBXFileReference; lastKnownFileType = sourcecode.swift; path = MyMathsLoginViewController.swift; sourceTree = "<group>"; };
		E1C29F1F27DC0636003B16E9 /* MyMathsTaskList.swift */ = {isa = PBXFileReference; lastKnownFileType = sourcecode.swift; path = MyMathsTaskList.swift; sourceTree = "<group>"; };
		E1C29F2227DCFB9F003B16E9 /* MyMathsTaskCompletionViewController.swift */ = {isa = PBXFileReference; lastKnownFileType = sourcecode.swift; path = MyMathsTaskCompletionViewController.swift; sourceTree = "<group>"; };
		E1C29F2527DD36E3003B16E9 /* ProgressSubtitleCell.swift */ = {isa = PBXFileReference; lastKnownFileType = sourcecode.swift; path = ProgressSubtitleCell.swift; sourceTree = "<group>"; };
		E1C29F2827DD3785003B16E9 /* TimeConfigSelection.swift */ = {isa = PBXFileReference; fileEncoding = 4; lastKnownFileType = sourcecode.swift; path = TimeConfigSelection.swift; sourceTree = "<group>"; };
		E1CDE49627502F1B00AA7769 /* Edulink_Status.swift */ = {isa = PBXFileReference; fileEncoding = 4; lastKnownFileType = sourcecode.swift; path = Edulink_Status.swift; sourceTree = "<group>"; };
		E1CEBD8C274C2F80009F35D4 /* AuthenticatedUser.swift */ = {isa = PBXFileReference; lastKnownFileType = sourcecode.swift; path = AuthenticatedUser.swift; sourceTree = "<group>"; };
		E1CEBD8E274C3AB9009F35D4 /* SchoolDetails.swift */ = {isa = PBXFileReference; lastKnownFileType = sourcecode.swift; path = SchoolDetails.swift; sourceTree = "<group>"; };
		E1CEBD90274C5F8E009F35D4 /* Establishment.swift */ = {isa = PBXFileReference; lastKnownFileType = sourcecode.swift; path = Establishment.swift; sourceTree = "<group>"; };
		E1E51EF227A6DA9C00C81413 /* LoginMiddleware.swift */ = {isa = PBXFileReference; lastKnownFileType = sourcecode.swift; path = LoginMiddleware.swift; sourceTree = "<group>"; };
		E1F4828F2834358E000D90C7 /* AttendanceViewController.swift */ = {isa = PBXFileReference; lastKnownFileType = sourcecode.swift; path = AttendanceViewController.swift; sourceTree = "<group>"; };
		E1F4829228343B83000D90C7 /* AttendanceViewCell.swift */ = {isa = PBXFileReference; lastKnownFileType = sourcecode.swift; path = AttendanceViewCell.swift; sourceTree = "<group>"; };
		E1F6BB96278CC6B000E7A360 /* Edulink_Message.swift */ = {isa = PBXFileReference; lastKnownFileType = sourcecode.swift; path = Edulink_Message.swift; sourceTree = "<group>"; };
		E1F6BB9A278E102500E7A360 /* Edulink_Photos.swift */ = {isa = PBXFileReference; lastKnownFileType = sourcecode.swift; path = Edulink_Photos.swift; sourceTree = "<group>"; };
		E1F6BB9C2790BF9500E7A360 /* MessageTableViewCell.swift */ = {isa = PBXFileReference; lastKnownFileType = sourcecode.swift; path = MessageTableViewCell.swift; sourceTree = "<group>"; };
/* End PBXFileReference section */

/* Begin PBXFrameworksBuildPhase section */
		E17E149A274C19B10090F822 /* Frameworks */ = {
			isa = PBXFrameworksBuildPhase;
			buildActionMask = 2147483647;
			files = (
				E17FDF93276676EF002F8FF0 /* SerializedSwift in Frameworks */,
				E12993ED27DB908E007AC00B /* SwiftSoup in Frameworks */,
				E10B961127518EFF00C8C12E /* SQLite in Frameworks */,
				E17E14B9274C1A470090F822 /* Evander in Frameworks */,
			);
			runOnlyForDeploymentPostprocessing = 0;
		};
		E19661C827B0611400793007 /* Frameworks */ = {
			isa = PBXFrameworksBuildPhase;
			buildActionMask = 2147483647;
			files = (
				E196621E27B0627A00793007 /* SerializedSwift in Frameworks */,
				E12993EF27DB909A007AC00B /* SwiftSoup in Frameworks */,
				E196621C27B0627700793007 /* SQLite in Frameworks */,
				E196621A27B0627100793007 /* Evander in Frameworks */,
			);
			runOnlyForDeploymentPostprocessing = 0;
		};
/* End PBXFrameworksBuildPhase section */

/* Begin PBXGroup section */
		E10B95E72751398F00C8C12E /* Login View Controller */ = {
			isa = PBXGroup;
			children = (
				E10B95E8275139D600C8C12E /* SchoolCodeViewController.swift */,
				E10B9600275167AD00C8C12E /* UserPasswordViewController.swift */,
			);
			path = "Login View Controller";
			sourceTree = "<group>";
		};
		E10B95F72751566700C8C12E /* Frameworks */ = {
			isa = PBXGroup;
			children = (
				E19661C527B04A8400793007 /* HealthKit.framework */,
				E19661C327B04A6700793007 /* PassKit.framework */,
				E10B95FA2751566B00C8C12E /* SafariServices.framework */,
				E10B95F82751566700C8C12E /* WebKit.framework */,
				E19661B027B04A3300793007 /* Messages.framework */,
			);
			name = Frameworks;
			sourceTree = "<group>";
		};
		E10B9602275176B200C8C12E /* Home View Controller */ = {
			isa = PBXGroup;
			children = (
				E10B96032751773D00C8C12E /* HomeViewController.swift */,
			);
			path = "Home View Controller";
			sourceTree = "<group>";
		};
		E10B9605275178CB00C8C12E /* Centralis Tab Bar Controller */ = {
			isa = PBXGroup;
			children = (
				E10B9606275178F500C8C12E /* CentralisTabBarController.swift */,
			);
			path = "Centralis Tab Bar Controller";
			sourceTree = "<group>";
		};
		E10B960C27518AF100C8C12E /* Quick Login Controller */ = {
			isa = PBXGroup;
			children = (
				E10B960D27518B0800C8C12E /* QuickLoginViewController.swift */,
			);
			path = "Quick Login Controller";
			sourceTree = "<group>";
		};
		E10B96142752605000C8C12E /* Persistence Database */ = {
			isa = PBXGroup;
			children = (
				E10B96152752605E00C8C12E /* PersistenceDatabase.swift */,
				E1B8C1902752A0AD001FF9FD /* NotificationManager.swift */,
			);
			path = "Persistence Database";
			sourceTree = "<group>";
		};
		E15B5BC92753060F0003A56D /* Table View Cells */ = {
			isa = PBXGroup;
			children = (
				E19621B0275D05EB0065B446 /* SettingsSwitchTableViewCell.swift */,
				E19621B2275D076F0065B446 /* ClosureSwitchCell.swift */,
				E15B5BCA275306720003A56D /* BasicInfoCell.swift */,
				E1A23522277F58CF004563C9 /* HomeworkCell.swift */,
				E1A23524277F5D24004563C9 /* TimetableCell.swift */,
				E1F6BB9C2790BF9500E7A360 /* MessageTableViewCell.swift */,
				E196618727B02CBB00793007 /* DocumentCell.swift */,
				E1F4829228343B83000D90C7 /* AttendanceViewCell.swift */,
				E199E1282836453B00E130E9 /* ThemeSelectorCell.swift */,
			);
			path = "Table View Cells";
			sourceTree = "<group>";
		};
		E17CB8842834F376006ADE67 /* Account Info View Controller */ = {
			isa = PBXGroup;
			children = (
				E17CB8852834F3CF006ADE67 /* AccountInfoViewController.swift */,
			);
			path = "Account Info View Controller";
			sourceTree = "<group>";
		};
		E17CB8882834F3D9006ADE67 /* Theme View Controller */ = {
			isa = PBXGroup;
			children = (
				E199E12B283648AF00E130E9 /* ThemeViewController.swift */,
			);
			path = "Theme View Controller";
			sourceTree = "<group>";
		};
		E17E1494274C19B10090F822 = {
			isa = PBXGroup;
			children = (
				E17E149F274C19B10090F822 /* Centralis */,
				E19661CC27B0611400793007 /* CentralisAppClip */,
				E17E149E274C19B10090F822 /* Products */,
				E10B95F72751566700C8C12E /* Frameworks */,
			);
			sourceTree = "<group>";
		};
		E17E149E274C19B10090F822 /* Products */ = {
			isa = PBXGroup;
			children = (
				E17E149D274C19B10090F822 /* Centralis.app */,
				E19661CB27B0611400793007 /* CentralisAppClip.app */,
			);
			name = Products;
			sourceTree = "<group>";
		};
		E17E149F274C19B10090F822 /* Centralis */ = {
			isa = PBXGroup;
			children = (
				E17E14C3274C1DDF0090F822 /* Centralis.entitlements */,
				E197455A2751295E00EEB853 /* UI */,
				E17E14BA274C1A700090F822 /* Backend */,
				E17E14A0274C19B10090F822 /* AppDelegate.swift */,
				E196622027B06DC900793007 /* SceneDelegate.swift */,
				E17E14A9274C19B30090F822 /* Assets.xcassets */,
				E17E14AB274C19B30090F822 /* LaunchScreen.storyboard */,
				E17E14AE274C19B30090F822 /* Info.plist */,
			);
			path = Centralis;
			sourceTree = "<group>";
		};
		E17E14BA274C1A700090F822 /* Backend */ = {
			isa = PBXGroup;
			children = (
				E19A429A27DB91010053435F /* MyMaths */,
				E10B96142752605000C8C12E /* Persistence Database */,
				E197455E27512B3700EEB853 /* Extensions */,
				E17E14C4274C1EBE0090F822 /* Login Manager */,
				E17E14C0274C1B220090F822 /* Models */,
				E17E14BF274C1B050090F822 /* Contrib */,
			);
			path = Backend;
			sourceTree = "<group>";
		};
		E17E14BB274C1A760090F822 /* EduLink Manager */ = {
			isa = PBXGroup;
			children = (
				E1C2125E274CFCF20030BE0C /* API Requests */,
				E17E14BC274C1ABA0090F822 /* EdulinkManager.swift */,
			);
			path = "EduLink Manager";
			sourceTree = "<group>";
		};
		E17E14BF274C1B050090F822 /* Contrib */ = {
			isa = PBXGroup;
			children = (
				E17E14C7274C20610090F822 /* EdulinkRequests.swift */,
				E17E14BB274C1A760090F822 /* EduLink Manager */,
				E19D9FAC27A71732005C8398 /* Reachability.swift */,
			);
			path = Contrib;
			sourceTree = "<group>";
		};
		E17E14C0274C1B220090F822 /* Models */ = {
			isa = PBXGroup;
			children = (
				E17E14C1274C1B2F0090F822 /* UserLogin.swift */,
				E17E14C9274C211D0090F822 /* Transformers.swift */,
				E17E14CB274C25010090F822 /* EdulinkBase.swift */,
				E1CEBD8C274C2F80009F35D4 /* AuthenticatedUser.swift */,
				E1A4C65E27EA5B74000B0821 /* PermissionManager.swift */,
				E1CEBD8E274C3AB9009F35D4 /* SchoolDetails.swift */,
				E1CEBD90274C5F8E009F35D4 /* Establishment.swift */,
				E1BDD308274C63BE00056027 /* User.swift */,
			);
			path = Models;
			sourceTree = "<group>";
		};
		E17E14C4274C1EBE0090F822 /* Login Manager */ = {
			isa = PBXGroup;
			children = (
				E17E14C5274C1ECD0090F822 /* LoginManager.swift */,
				E1E51EF227A6DA9C00C81413 /* LoginMiddleware.swift */,
			);
			path = "Login Manager";
			sourceTree = "<group>";
		};
		E183B1F32791A83A004C6C65 /* MessageViewController */ = {
			isa = PBXGroup;
			children = (
				E183B1FA2791BA20004C6C65 /* MessageViewController.swift */,
			);
			path = MessageViewController;
			sourceTree = "<group>";
		};
		E19621A7275BD6930065B446 /* Homework View Controller */ = {
			isa = PBXGroup;
			children = (
				E19621AB275CFDA10065B446 /* HomeworkViewController.swift */,
			);
			path = "Homework View Controller";
			sourceTree = "<group>";
		};
		E19621AD275D04500065B446 /* Info View Controller */ = {
			isa = PBXGroup;
			children = (
				E19621AE275D04970065B446 /* InfoViewController.swift */,
			);
			path = "Info View Controller";
			sourceTree = "<group>";
		};
		E196618427B02C5900793007 /* Documents View Controller */ = {
			isa = PBXGroup;
			children = (
				E196618527B02C7E00793007 /* DocumentsViewController.swift */,
			);
			path = "Documents View Controller";
			sourceTree = "<group>";
		};
		E19661A827B0442400793007 /* Links View Controller */ = {
			isa = PBXGroup;
			children = (
				E19661A927B0443C00793007 /* LinksViewController.swift */,
			);
			path = "Links View Controller";
			sourceTree = "<group>";
		};
		E19661CC27B0611400793007 /* CentralisAppClip */ = {
			isa = PBXGroup;
			children = (
				E19661D827B0611600793007 /* LaunchScreen.storyboard */,
				E19661DB27B0611600793007 /* Info.plist */,
				E19661DC27B0611600793007 /* CentralisAppClip.entitlements */,
			);
			path = CentralisAppClip;
			sourceTree = "<group>";
		};
		E197455A2751295E00EEB853 /* UI */ = {
			isa = PBXGroup;
			children = (
				E17CB8882834F3D9006ADE67 /* Theme View Controller */,
				E17CB8842834F376006ADE67 /* Account Info View Controller */,
				E1F4828E28343573000D90C7 /* Attendance View Controller */,
				E1C29F1B27DBE35B003B16E9 /* MyMaths View Controller */,
				E19A428227D0F0C70053435F /* Catering View Controller */,
				E19661A827B0442400793007 /* Links View Controller */,
				E196618427B02C5900793007 /* Documents View Controller */,
				E183B1F32791A83A004C6C65 /* MessageViewController */,
				E1B9268E278D96B6001EEDAC /* Messages View Controller */,
				E1A23526277F6FC8004563C9 /* Timetable View Controller */,
				E19621AD275D04500065B446 /* Info View Controller */,
				E19621A7275BD6930065B446 /* Homework View Controller */,
				E15B5BC92753060F0003A56D /* Table View Cells */,
				E10B960C27518AF100C8C12E /* Quick Login Controller */,
				E10B9605275178CB00C8C12E /* Centralis Tab Bar Controller */,
				E10B9602275176B200C8C12E /* Home View Controller */,
				E10B95E72751398F00C8C12E /* Login View Controller */,
				E197456127512D3C00EEB853 /* Common */,
				E197455B2751296800EEB853 /* Onboarding */,
			);
			path = UI;
			sourceTree = "<group>";
		};
		E197455B2751296800EEB853 /* Onboarding */ = {
			isa = PBXGroup;
			children = (
				E197455C2751298900EEB853 /* OnboardingViewController.swift */,
			);
			path = Onboarding;
			sourceTree = "<group>";
		};
		E197455E27512B3700EEB853 /* Extensions */ = {
			isa = PBXGroup;
			children = (
				E197455F27512B4800EEB853 /* Bundle+Extensions.swift */,
				E10B95FC275160C000C8C12E /* URL+Extensions.swift */,
				E1B8C18C27528FAA001FF9FD /* Date+Extensions.swift */,
				E10F656428229F43007E7091 /* UserDefaults+Extension.swift */,
			);
			path = Extensions;
			sourceTree = "<group>";
		};
		E197456127512D3C00EEB853 /* Common */ = {
			isa = PBXGroup;
			children = (
				E10B96082751865E00C8C12E /* BaseSubtitleCell.swift */,
				E10B96092751865E00C8C12E /* BaseTableViewController.swift */,
				E197456227512D6600EEB853 /* ThemeManager.swift */,
				E10B95EB27513A3100C8C12E /* RoundedTextField.swift */,
				E10B95ED27513AD900C8C12E /* LoadingButton.swift */,
				E10B95EF27513E7E00C8C12E /* KeyboardAwareViewController.swift */,
				E10B95FE275164D800C8C12E /* CentralisNavigationController.swift */,
				E19621A5275BC2A50065B446 /* NSAttributedString+Extensions.swift */,
				E11E553C27F1B21300FEA9D7 /* UIAlertController+Extensions.swift */,
				E145D3CA2832F40300EC84C0 /* ChartProgressView.swift */,
			);
			path = Common;
			sourceTree = "<group>";
		};
		E19A428227D0F0C70053435F /* Catering View Controller */ = {
			isa = PBXGroup;
			children = (
				E19A428327D0F1010053435F /* CateringViewController.swift */,
			);
			path = "Catering View Controller";
			sourceTree = "<group>";
		};
		E19A429A27DB91010053435F /* MyMaths */ = {
			isa = PBXGroup;
			children = (
				E19A429B27DB91200053435F /* MyMaths.swift */,
			);
			path = MyMaths;
			sourceTree = "<group>";
		};
		E1A23526277F6FC8004563C9 /* Timetable View Controller */ = {
			isa = PBXGroup;
			children = (
				E1A23527277F6FF9004563C9 /* TimetableViewController.swift */,
			);
			path = "Timetable View Controller";
			sourceTree = "<group>";
		};
		E1B9268E278D96B6001EEDAC /* Messages View Controller */ = {
			isa = PBXGroup;
			children = (
				E1B9268F278D96D7001EEDAC /* MessagesViewController.swift */,
			);
			path = "Messages View Controller";
			sourceTree = "<group>";
		};
		E1C2125E274CFCF20030BE0C /* API Requests */ = {
			isa = PBXGroup;
			children = (
				E1CDE49627502F1B00AA7769 /* Edulink_Status.swift */,
				E10B96122751A35500C8C12E /* Edulink_Homework.swift */,
				E12D63C6275F71F0008DAB00 /* Edulink_Timetable.swift */,
				E1F6BB96278CC6B000E7A360 /* Edulink_Message.swift */,
				E1F6BB9A278E102500E7A360 /* Edulink_Photos.swift */,
				E150BC2C27AD5F84001D34AD /* Edulink_Documents.swift */,
				E19661A627B03AA700793007 /* Edulink_Links.swift */,
				E19A427F27CFA24A0053435F /* Edulink_Catering.swift */,
				E12690DF27EC77A800929C21 /* Edulink_iCalendar.swift */,
				E1A4A7B828226EAC00CF2DCD /* Edulink_Personal.swift */,
				E149969127FAF3D400FC039E /* Edulink_Attendance.swift */,
			);
			path = "API Requests";
			sourceTree = "<group>";
		};
		E1C29F1B27DBE35B003B16E9 /* MyMaths View Controller */ = {
			isa = PBXGroup;
			children = (
				E1C29F1C27DBE3F2003B16E9 /* MyMathsLoginViewController.swift */,
				E1C29F1F27DC0636003B16E9 /* MyMathsTaskList.swift */,
				E1C29F2227DCFB9F003B16E9 /* MyMathsTaskCompletionViewController.swift */,
				E1C29F2527DD36E3003B16E9 /* ProgressSubtitleCell.swift */,
				E1C29F2827DD3785003B16E9 /* TimeConfigSelection.swift */,
			);
			path = "MyMaths View Controller";
			sourceTree = "<group>";
		};
		E1F4828E28343573000D90C7 /* Attendance View Controller */ = {
			isa = PBXGroup;
			children = (
				E1F4828F2834358E000D90C7 /* AttendanceViewController.swift */,
			);
			path = "Attendance View Controller";
			sourceTree = "<group>";
		};
/* End PBXGroup section */

/* Begin PBXNativeTarget section */
		E17E149C274C19B10090F822 /* Centralis */ = {
			isa = PBXNativeTarget;
			buildConfigurationList = E17E14B1274C19B30090F822 /* Build configuration list for PBXNativeTarget "Centralis" */;
			buildPhases = (
				E17E1499274C19B10090F822 /* Sources */,
				E17E149A274C19B10090F822 /* Frameworks */,
				E17E149B274C19B10090F822 /* Resources */,
				E19661A527B0379800793007 /* Embed App Clips */,
				E19661C127B04A3400793007 /* Embed App Extensions */,
			);
			buildRules = (
			);
			dependencies = (
				E19661DE27B0611600793007 /* PBXTargetDependency */,
			);
			name = Centralis;
			packageProductDependencies = (
				E17E14B8274C1A470090F822 /* Evander */,
				E10B961027518EFF00C8C12E /* SQLite */,
				E17FDF92276676EF002F8FF0 /* SerializedSwift */,
				E12993EC27DB908E007AC00B /* SwiftSoup */,
			);
			productName = Centralis;
			productReference = E17E149D274C19B10090F822 /* Centralis.app */;
			productType = "com.apple.product-type.application";
		};
		E19661CA27B0611400793007 /* CentralisAppClip */ = {
			isa = PBXNativeTarget;
			buildConfigurationList = E19661E027B0611600793007 /* Build configuration list for PBXNativeTarget "CentralisAppClip" */;
			buildPhases = (
				E19661C727B0611400793007 /* Sources */,
				E19661C827B0611400793007 /* Frameworks */,
				E19661C927B0611400793007 /* Resources */,
			);
			buildRules = (
			);
			dependencies = (
			);
			name = CentralisAppClip;
			packageProductDependencies = (
				E196621927B0627100793007 /* Evander */,
				E196621B27B0627700793007 /* SQLite */,
				E196621D27B0627A00793007 /* SerializedSwift */,
				E12993EE27DB909A007AC00B /* SwiftSoup */,
			);
			productName = CentralisAppClip;
			productReference = E19661CB27B0611400793007 /* CentralisAppClip.app */;
			productType = "com.apple.product-type.application.on-demand-install-capable";
		};
/* End PBXNativeTarget section */

/* Begin PBXProject section */
		E17E1495274C19B10090F822 /* Project object */ = {
			isa = PBXProject;
			attributes = {
				BuildIndependentTargetsInParallel = 1;
				LastSwiftUpdateCheck = 1330;
				LastUpgradeCheck = 1310;
				TargetAttributes = {
					E17E149C274C19B10090F822 = {
						CreatedOnToolsVersion = 13.1;
					};
					E19661CA27B0611400793007 = {
						CreatedOnToolsVersion = 13.3;
					};
				};
			};
			buildConfigurationList = E17E1498274C19B10090F822 /* Build configuration list for PBXProject "Centralis" */;
			compatibilityVersion = "Xcode 12.0";
			developmentRegion = en;
			hasScannedForEncodings = 0;
			knownRegions = (
				en,
				Base,
			);
			mainGroup = E17E1494274C19B10090F822;
			packageReferences = (
				E17E14B7274C1A470090F822 /* XCRemoteSwiftPackageReference "Evander" */,
				E10B960F27518EFF00C8C12E /* XCRemoteSwiftPackageReference "SQLite" */,
				E17FDF91276676EF002F8FF0 /* XCRemoteSwiftPackageReference "SerializedSwift" */,
				E12993EB27DB908E007AC00B /* XCRemoteSwiftPackageReference "SwiftSoup" */,
			);
			productRefGroup = E17E149E274C19B10090F822 /* Products */;
			projectDirPath = "";
			projectRoot = "";
			targets = (
				E17E149C274C19B10090F822 /* Centralis */,
				E19661CA27B0611400793007 /* CentralisAppClip */,
			);
		};
/* End PBXProject section */

/* Begin PBXResourcesBuildPhase section */
		E17E149B274C19B10090F822 /* Resources */ = {
			isa = PBXResourcesBuildPhase;
			buildActionMask = 2147483647;
			files = (
				E17E14AD274C19B30090F822 /* LaunchScreen.storyboard in Resources */,
				E17E14AA274C19B30090F822 /* Assets.xcassets in Resources */,
			);
			runOnlyForDeploymentPostprocessing = 0;
		};
		E19661C927B0611400793007 /* Resources */ = {
			isa = PBXResourcesBuildPhase;
			buildActionMask = 2147483647;
			files = (
				E196621F27B068A300793007 /* Assets.xcassets in Resources */,
				E19661DA27B0611600793007 /* LaunchScreen.storyboard in Resources */,
			);
			runOnlyForDeploymentPostprocessing = 0;
		};
/* End PBXResourcesBuildPhase section */

/* Begin PBXSourcesBuildPhase section */
		E17E1499274C19B10090F822 /* Sources */ = {
			isa = PBXSourcesBuildPhase;
			buildActionMask = 2147483647;
			files = (
				E1BDD309274C63BE00056027 /* User.swift in Sources */,
				E10B96162752605E00C8C12E /* PersistenceDatabase.swift in Sources */,
				E17E14C8274C20610090F822 /* EdulinkRequests.swift in Sources */,
				E1C29F2327DCFB9F003B16E9 /* MyMathsTaskCompletionViewController.swift in Sources */,
				E19621B3275D076F0065B446 /* ClosureSwitchCell.swift in Sources */,
				E1C29F1D27DBE3F2003B16E9 /* MyMathsLoginViewController.swift in Sources */,
				E19621B1275D05EB0065B446 /* SettingsSwitchTableViewCell.swift in Sources */,
				E10B960A2751865E00C8C12E /* BaseSubtitleCell.swift in Sources */,
				E17CB8862834F3CF006ADE67 /* AccountInfoViewController.swift in Sources */,
				E10B95EE27513AD900C8C12E /* LoadingButton.swift in Sources */,
				E19A428027CFA24A0053435F /* Edulink_Catering.swift in Sources */,
				E17E14CC274C25010090F822 /* EdulinkBase.swift in Sources */,
				E145D3CB2832F40300EC84C0 /* ChartProgressView.swift in Sources */,
				E1A4C65F27EA5B74000B0821 /* PermissionManager.swift in Sources */,
				E17E14C2274C1B2F0090F822 /* UserLogin.swift in Sources */,
				E1F4829328343B83000D90C7 /* AttendanceViewCell.swift in Sources */,
				E19621A6275BC2A50065B446 /* NSAttributedString+Extensions.swift in Sources */,
				E10B95FD275160C000C8C12E /* URL+Extensions.swift in Sources */,
				E196622127B06DC900793007 /* SceneDelegate.swift in Sources */,
				E17E14CA274C211D0090F822 /* Transformers.swift in Sources */,
				E1B8C18D27528FAA001FF9FD /* Date+Extensions.swift in Sources */,
				E1CEBD8F274C3AB9009F35D4 /* SchoolDetails.swift in Sources */,
				E19661A727B03AA700793007 /* Edulink_Links.swift in Sources */,
				E1F482902834358E000D90C7 /* AttendanceViewController.swift in Sources */,
				E11E553D27F1B21300FEA9D7 /* UIAlertController+Extensions.swift in Sources */,
				E19D9FAD27A71732005C8398 /* Reachability.swift in Sources */,
				E1C29F2927DD3785003B16E9 /* TimeConfigSelection.swift in Sources */,
				E197456027512B4800EEB853 /* Bundle+Extensions.swift in Sources */,
				E10B95F027513E7E00C8C12E /* KeyboardAwareViewController.swift in Sources */,
				E10B95EC27513A3100C8C12E /* RoundedTextField.swift in Sources */,
				E10B96042751773D00C8C12E /* HomeViewController.swift in Sources */,
				E19661AA27B0443C00793007 /* LinksViewController.swift in Sources */,
				E1F6BB9D2790BF9500E7A360 /* MessageTableViewCell.swift in Sources */,
				E197455D2751298900EEB853 /* OnboardingViewController.swift in Sources */,
				E15B5BCC275306720003A56D /* BasicInfoCell.swift in Sources */,
				E17E14A1274C19B10090F822 /* AppDelegate.swift in Sources */,
				E1E51EF327A6DA9C00C81413 /* LoginMiddleware.swift in Sources */,
				E12690E027EC77A800929C21 /* Edulink_iCalendar.swift in Sources */,
				E10B95FF275164D800C8C12E /* CentralisNavigationController.swift in Sources */,
				E1CEBD8D274C2F80009F35D4 /* AuthenticatedUser.swift in Sources */,
				E19621AF275D04970065B446 /* InfoViewController.swift in Sources */,
				E1A23523277F58CF004563C9 /* HomeworkCell.swift in Sources */,
				E10F656528229F43007E7091 /* UserDefaults+Extension.swift in Sources */,
				E10B96132751A35500C8C12E /* Edulink_Homework.swift in Sources */,
				E196618827B02CBB00793007 /* DocumentCell.swift in Sources */,
				E19A429C27DB91200053435F /* MyMaths.swift in Sources */,
				E19621AC275CFDA10065B446 /* HomeworkViewController.swift in Sources */,
				E199E1292836453C00E130E9 /* ThemeSelectorCell.swift in Sources */,
				E1A23528277F6FF9004563C9 /* TimetableViewController.swift in Sources */,
				E149969227FAF3D400FC039E /* Edulink_Attendance.swift in Sources */,
				E10B960B2751865E00C8C12E /* BaseTableViewController.swift in Sources */,
				E1C29F2027DC0636003B16E9 /* MyMathsTaskList.swift in Sources */,
				E1B8C1912752A0AD001FF9FD /* NotificationManager.swift in Sources */,
				E17E14BD274C1ABA0090F822 /* EdulinkManager.swift in Sources */,
				E196618627B02C7E00793007 /* DocumentsViewController.swift in Sources */,
				E10B9601275167AD00C8C12E /* UserPasswordViewController.swift in Sources */,
				E197456327512D6600EEB853 /* ThemeManager.swift in Sources */,
				E1F6BB97278CC6B000E7A360 /* Edulink_Message.swift in Sources */,
				E1A4A7B928226EAC00CF2DCD /* Edulink_Personal.swift in Sources */,
				E199E12C283648AF00E130E9 /* ThemeViewController.swift in Sources */,
				E1CEBD91274C5F8E009F35D4 /* Establishment.swift in Sources */,
				E1F6BB9B278E102500E7A360 /* Edulink_Photos.swift in Sources */,
				E10B95E9275139D600C8C12E /* SchoolCodeViewController.swift in Sources */,
				E1CDE49827502F1B00AA7769 /* Edulink_Status.swift in Sources */,
				E150BC2D27AD5F84001D34AD /* Edulink_Documents.swift in Sources */,
				E12D63C7275F71F0008DAB00 /* Edulink_Timetable.swift in Sources */,
				E10B960E27518B0800C8C12E /* QuickLoginViewController.swift in Sources */,
				E1A23525277F5D24004563C9 /* TimetableCell.swift in Sources */,
				E19A428427D0F1010053435F /* CateringViewController.swift in Sources */,
				E1B92690278D96D7001EEDAC /* MessagesViewController.swift in Sources */,
				E183B1FB2791BA20004C6C65 /* MessageViewController.swift in Sources */,
				E196620927B0620E00793007 /* CentralisTabBarController.swift in Sources */,
				E17E14C6274C1ECD0090F822 /* LoginManager.swift in Sources */,
				E1C29F2627DD36E3003B16E9 /* ProgressSubtitleCell.swift in Sources */,
			);
			runOnlyForDeploymentPostprocessing = 0;
		};
		E19661C727B0611400793007 /* Sources */ = {
			isa = PBXSourcesBuildPhase;
			buildActionMask = 2147483647;
			files = (
				E19661EF27B061F100793007 /* User.swift in Sources */,
				E196621727B0624000793007 /* DocumentsViewController.swift in Sources */,
				E19661F227B061F100793007 /* Establishment.swift in Sources */,
				E1C29F2427DCFB9F003B16E9 /* MyMathsTaskCompletionViewController.swift in Sources */,
				E196620C27B0621500793007 /* ClosureSwitchCell.swift in Sources */,
				E1C29F1E27DBE3F2003B16E9 /* MyMathsLoginViewController.swift in Sources */,
				E19661EE27B061F100793007 /* SchoolDetails.swift in Sources */,
				E196620827B0620D00793007 /* CentralisTabBarController.swift in Sources */,
				E17CB8872834F3CF006ADE67 /* AccountInfoViewController.swift in Sources */,
				E196620D27B0621500793007 /* HomeworkCell.swift in Sources */,
				E19A428127CFA24B0053435F /* Edulink_Catering.swift in Sources */,
				E196620727B0620900793007 /* HomeViewController.swift in Sources */,
				E145D3CC2832F40300EC84C0 /* ChartProgressView.swift in Sources */,
				E1A4C66027EA5B74000B0821 /* PermissionManager.swift in Sources */,
				E19661F627B061F400793007 /* LoginMiddleware.swift in Sources */,
				E1F4829428343B83000D90C7 /* AttendanceViewCell.swift in Sources */,
				E196620627B0620500793007 /* UserPasswordViewController.swift in Sources */,
				E19661E827B061EB00793007 /* Edulink_Timetable.swift in Sources */,
				E196622227B06DD500793007 /* SceneDelegate.swift in Sources */,
				E19661F427B061F100793007 /* AuthenticatedUser.swift in Sources */,
				E196620327B0620100793007 /* LoadingButton.swift in Sources */,
				E19661F727B061F600793007 /* Bundle+Extensions.swift in Sources */,
				E196621627B0623D00793007 /* MessageViewController.swift in Sources */,
				E1F482912834358E000D90C7 /* AttendanceViewController.swift in Sources */,
				E11E553E27F1B21300FEA9D7 /* UIAlertController+Extensions.swift in Sources */,
				E19661ED27B061EE00793007 /* EdulinkRequests.swift in Sources */,
				E1C29F2A27DD3785003B16E9 /* TimeConfigSelection.swift in Sources */,
				E19661E427B061E000793007 /* Reachability.swift in Sources */,
				E19661EC27B061EB00793007 /* Edulink_Status.swift in Sources */,
				E196620B27B0621500793007 /* SettingsSwitchTableViewCell.swift in Sources */,
				E196620527B0620500793007 /* SchoolCodeViewController.swift in Sources */,
				E19661F927B061F600793007 /* Date+Extensions.swift in Sources */,
				E196621827B0624300793007 /* LinksViewController.swift in Sources */,
				E19661E327B061DE00793007 /* AppDelegate.swift in Sources */,
				E19661F827B061F600793007 /* URL+Extensions.swift in Sources */,
				E196621427B0623700793007 /* TimetableViewController.swift in Sources */,
				E19661FC27B061FE00793007 /* OnboardingViewController.swift in Sources */,
				E12690E127EC77A900929C21 /* Edulink_iCalendar.swift in Sources */,
				E19661FF27B0620100793007 /* RoundedTextField.swift in Sources */,
				E196620227B0620100793007 /* CentralisNavigationController.swift in Sources */,
				E19661F027B061F100793007 /* Transformers.swift in Sources */,
				E19661FA27B061F900793007 /* PersistenceDatabase.swift in Sources */,
				E10F656628229F4D007E7091 /* UserDefaults+Extension.swift in Sources */,
				E196620E27B0621500793007 /* DocumentCell.swift in Sources */,
				E196620027B0620100793007 /* ThemeManager.swift in Sources */,
				E19A429D27DB91200053435F /* MyMaths.swift in Sources */,
				E196621127B0621500793007 /* BasicInfoCell.swift in Sources */,
				E199E12A2836453C00E130E9 /* ThemeSelectorCell.swift in Sources */,
				E196621027B0621500793007 /* TimetableCell.swift in Sources */,
				E149969327FAF3D500FC039E /* Edulink_Attendance.swift in Sources */,
				E19661E727B061E800793007 /* Edulink_Documents.swift in Sources */,
				E1C29F2127DC0636003B16E9 /* MyMathsTaskList.swift in Sources */,
				E196620A27B0621100793007 /* QuickLoginViewController.swift in Sources */,
				E19661FE27B0620100793007 /* NSAttributedString+Extensions.swift in Sources */,
				E196620427B0620100793007 /* BaseSubtitleCell.swift in Sources */,
				E196621227B0621800793007 /* HomeworkViewController.swift in Sources */,
				E19661E927B061EB00793007 /* Edulink_Homework.swift in Sources */,
				E19661FD27B0620100793007 /* BaseTableViewController.swift in Sources */,
				E1A4A7BA28226EAC00CF2DCD /* Edulink_Personal.swift in Sources */,
				E199E12D283648AF00E130E9 /* ThemeViewController.swift in Sources */,
				E19661E627B061E500793007 /* Edulink_Links.swift in Sources */,
				E19661F127B061F100793007 /* UserLogin.swift in Sources */,
				E196621527B0623A00793007 /* MessagesViewController.swift in Sources */,
				E19661EB27B061EB00793007 /* Edulink_Message.swift in Sources */,
				E196620F27B0621500793007 /* MessageTableViewCell.swift in Sources */,
				E19661E527B061E300793007 /* EdulinkManager.swift in Sources */,
				E196620127B0620100793007 /* KeyboardAwareViewController.swift in Sources */,
				E19661F527B061F400793007 /* LoginManager.swift in Sources */,
				E19A428527D0F1020053435F /* CateringViewController.swift in Sources */,
				E19661FB27B061F900793007 /* NotificationManager.swift in Sources */,
				E19661EA27B061EB00793007 /* Edulink_Photos.swift in Sources */,
				E196621327B0623400793007 /* InfoViewController.swift in Sources */,
				E19661F327B061F100793007 /* EdulinkBase.swift in Sources */,
				E1C29F2727DD36E3003B16E9 /* ProgressSubtitleCell.swift in Sources */,
			);
			runOnlyForDeploymentPostprocessing = 0;
		};
/* End PBXSourcesBuildPhase section */

/* Begin PBXTargetDependency section */
		E19661DE27B0611600793007 /* PBXTargetDependency */ = {
			isa = PBXTargetDependency;
			platformFilter = ios;
			target = E19661CA27B0611400793007 /* CentralisAppClip */;
			targetProxy = E19661DD27B0611600793007 /* PBXContainerItemProxy */;
		};
/* End PBXTargetDependency section */

/* Begin PBXVariantGroup section */
		E17E14AB274C19B30090F822 /* LaunchScreen.storyboard */ = {
			isa = PBXVariantGroup;
			children = (
				E17E14AC274C19B30090F822 /* Base */,
			);
			name = LaunchScreen.storyboard;
			sourceTree = "<group>";
		};
		E19661D827B0611600793007 /* LaunchScreen.storyboard */ = {
			isa = PBXVariantGroup;
			children = (
				E19661D927B0611600793007 /* Base */,
			);
			name = LaunchScreen.storyboard;
			sourceTree = "<group>";
		};
/* End PBXVariantGroup section */

/* Begin XCBuildConfiguration section */
		E17E14AF274C19B30090F822 /* Debug */ = {
			isa = XCBuildConfiguration;
			buildSettings = {
				ALWAYS_SEARCH_USER_PATHS = NO;
				CLANG_ANALYZER_NONNULL = YES;
				CLANG_ANALYZER_NUMBER_OBJECT_CONVERSION = YES_AGGRESSIVE;
				CLANG_CXX_LANGUAGE_STANDARD = "gnu++17";
				CLANG_CXX_LIBRARY = "libc++";
				CLANG_ENABLE_MODULES = YES;
				CLANG_ENABLE_OBJC_ARC = YES;
				CLANG_ENABLE_OBJC_WEAK = YES;
				CLANG_WARN_BLOCK_CAPTURE_AUTORELEASING = YES;
				CLANG_WARN_BOOL_CONVERSION = YES;
				CLANG_WARN_COMMA = YES;
				CLANG_WARN_CONSTANT_CONVERSION = YES;
				CLANG_WARN_DEPRECATED_OBJC_IMPLEMENTATIONS = YES;
				CLANG_WARN_DIRECT_OBJC_ISA_USAGE = YES_ERROR;
				CLANG_WARN_DOCUMENTATION_COMMENTS = YES;
				CLANG_WARN_EMPTY_BODY = YES;
				CLANG_WARN_ENUM_CONVERSION = YES;
				CLANG_WARN_INFINITE_RECURSION = YES;
				CLANG_WARN_INT_CONVERSION = YES;
				CLANG_WARN_NON_LITERAL_NULL_CONVERSION = YES;
				CLANG_WARN_OBJC_IMPLICIT_RETAIN_SELF = YES;
				CLANG_WARN_OBJC_LITERAL_CONVERSION = YES;
				CLANG_WARN_OBJC_ROOT_CLASS = YES_ERROR;
				CLANG_WARN_QUOTED_INCLUDE_IN_FRAMEWORK_HEADER = YES;
				CLANG_WARN_RANGE_LOOP_ANALYSIS = YES;
				CLANG_WARN_STRICT_PROTOTYPES = YES;
				CLANG_WARN_SUSPICIOUS_MOVE = YES;
				CLANG_WARN_UNGUARDED_AVAILABILITY = YES_AGGRESSIVE;
				CLANG_WARN_UNREACHABLE_CODE = YES;
				CLANG_WARN__DUPLICATE_METHOD_MATCH = YES;
				COPY_PHASE_STRIP = NO;
				DEBUG_INFORMATION_FORMAT = dwarf;
				ENABLE_STRICT_OBJC_MSGSEND = YES;
				ENABLE_TESTABILITY = YES;
				GCC_C_LANGUAGE_STANDARD = gnu11;
				GCC_DYNAMIC_NO_PIC = NO;
				GCC_NO_COMMON_BLOCKS = YES;
				GCC_OPTIMIZATION_LEVEL = 0;
				GCC_PREPROCESSOR_DEFINITIONS = (
					"DEBUG=1",
					"$(inherited)",
				);
				GCC_WARN_64_TO_32_BIT_CONVERSION = YES;
				GCC_WARN_ABOUT_RETURN_TYPE = YES_ERROR;
				GCC_WARN_UNDECLARED_SELECTOR = YES;
				GCC_WARN_UNINITIALIZED_AUTOS = YES_AGGRESSIVE;
				GCC_WARN_UNUSED_FUNCTION = YES;
				GCC_WARN_UNUSED_VARIABLE = YES;
				IPHONEOS_DEPLOYMENT_TARGET = 15.0;
				MTL_ENABLE_DEBUG_INFO = INCLUDE_SOURCE;
				MTL_FAST_MATH = YES;
				ONLY_ACTIVE_ARCH = YES;
				SDKROOT = iphoneos;
				SWIFT_ACTIVE_COMPILATION_CONDITIONS = DEBUG;
				SWIFT_OPTIMIZATION_LEVEL = "-Onone";
			};
			name = Debug;
		};
		E17E14B0274C19B30090F822 /* Release */ = {
			isa = XCBuildConfiguration;
			buildSettings = {
				ALWAYS_SEARCH_USER_PATHS = NO;
				CLANG_ANALYZER_NONNULL = YES;
				CLANG_ANALYZER_NUMBER_OBJECT_CONVERSION = YES_AGGRESSIVE;
				CLANG_CXX_LANGUAGE_STANDARD = "gnu++17";
				CLANG_CXX_LIBRARY = "libc++";
				CLANG_ENABLE_MODULES = YES;
				CLANG_ENABLE_OBJC_ARC = YES;
				CLANG_ENABLE_OBJC_WEAK = YES;
				CLANG_WARN_BLOCK_CAPTURE_AUTORELEASING = YES;
				CLANG_WARN_BOOL_CONVERSION = YES;
				CLANG_WARN_COMMA = YES;
				CLANG_WARN_CONSTANT_CONVERSION = YES;
				CLANG_WARN_DEPRECATED_OBJC_IMPLEMENTATIONS = YES;
				CLANG_WARN_DIRECT_OBJC_ISA_USAGE = YES_ERROR;
				CLANG_WARN_DOCUMENTATION_COMMENTS = YES;
				CLANG_WARN_EMPTY_BODY = YES;
				CLANG_WARN_ENUM_CONVERSION = YES;
				CLANG_WARN_INFINITE_RECURSION = YES;
				CLANG_WARN_INT_CONVERSION = YES;
				CLANG_WARN_NON_LITERAL_NULL_CONVERSION = YES;
				CLANG_WARN_OBJC_IMPLICIT_RETAIN_SELF = YES;
				CLANG_WARN_OBJC_LITERAL_CONVERSION = YES;
				CLANG_WARN_OBJC_ROOT_CLASS = YES_ERROR;
				CLANG_WARN_QUOTED_INCLUDE_IN_FRAMEWORK_HEADER = YES;
				CLANG_WARN_RANGE_LOOP_ANALYSIS = YES;
				CLANG_WARN_STRICT_PROTOTYPES = YES;
				CLANG_WARN_SUSPICIOUS_MOVE = YES;
				CLANG_WARN_UNGUARDED_AVAILABILITY = YES_AGGRESSIVE;
				CLANG_WARN_UNREACHABLE_CODE = YES;
				CLANG_WARN__DUPLICATE_METHOD_MATCH = YES;
				COPY_PHASE_STRIP = NO;
				DEBUG_INFORMATION_FORMAT = "dwarf-with-dsym";
				ENABLE_NS_ASSERTIONS = NO;
				ENABLE_STRICT_OBJC_MSGSEND = YES;
				GCC_C_LANGUAGE_STANDARD = gnu11;
				GCC_NO_COMMON_BLOCKS = YES;
				GCC_WARN_64_TO_32_BIT_CONVERSION = YES;
				GCC_WARN_ABOUT_RETURN_TYPE = YES_ERROR;
				GCC_WARN_UNDECLARED_SELECTOR = YES;
				GCC_WARN_UNINITIALIZED_AUTOS = YES_AGGRESSIVE;
				GCC_WARN_UNUSED_FUNCTION = YES;
				GCC_WARN_UNUSED_VARIABLE = YES;
				IPHONEOS_DEPLOYMENT_TARGET = 15.0;
				MTL_ENABLE_DEBUG_INFO = NO;
				MTL_FAST_MATH = YES;
				SDKROOT = iphoneos;
				SWIFT_COMPILATION_MODE = wholemodule;
				SWIFT_OPTIMIZATION_LEVEL = "-O";
				VALIDATE_PRODUCT = YES;
			};
			name = Release;
		};
		E17E14B2274C19B30090F822 /* Debug */ = {
			isa = XCBuildConfiguration;
			buildSettings = {
				ALWAYS_EMBED_SWIFT_STANDARD_LIBRARIES = YES;
				ASSETCATALOG_COMPILER_APPICON_NAME = AppIcon;
				ASSETCATALOG_COMPILER_GLOBAL_ACCENT_COLOR_NAME = AccentColor;
				CLANG_TIDY_BUGPRONE_REDUNDANT_BRANCH_CONDITION = YES;
				CLANG_TIDY_MISC_REDUNDANT_EXPRESSION = YES;
				CODE_SIGN_ENTITLEMENTS = Centralis/Centralis.entitlements;
				CODE_SIGN_STYLE = Automatic;
				CURRENT_PROJECT_VERSION = 56049;
				DEVELOPMENT_TEAM = 7J8FJX4SRX;
				ENABLE_BITCODE = YES;
				"ENABLE_HARDENED_RUNTIME[sdk=macosx*]" = NO;
				GENERATE_INFOPLIST_FILE = YES;
				INFOPLIST_FILE = Centralis/Info.plist;
				INFOPLIST_KEY_UIApplicationSupportsIndirectInputEvents = YES;
				INFOPLIST_KEY_UILaunchStoryboardName = LaunchScreen;
				INFOPLIST_KEY_UISupportedInterfaceOrientations_iPad = "UIInterfaceOrientationPortrait UIInterfaceOrientationPortraitUpsideDown UIInterfaceOrientationLandscapeLeft UIInterfaceOrientationLandscapeRight";
				INFOPLIST_KEY_UISupportedInterfaceOrientations_iPhone = "UIInterfaceOrientationPortrait UIInterfaceOrientationLandscapeLeft UIInterfaceOrientationLandscapeRight";
				IPHONEOS_DEPLOYMENT_TARGET = 14.0;
				LD_RUNPATH_SEARCH_PATHS = (
					"$(inherited)",
					"@executable_path/Frameworks",
				);
				MARKETING_VERSION = 1.2;
				PRODUCT_BUNDLE_IDENTIFIER = com.amywhile.Centralis;
				PRODUCT_NAME = "$(TARGET_NAME)";
				SUPPORTS_MACCATALYST = NO;
				SWIFT_EMIT_LOC_STRINGS = YES;
				SWIFT_INSTALL_OBJC_HEADER = NO;
				SWIFT_OBJC_BRIDGING_HEADER = "";
				SWIFT_VERSION = 5.0;
				TARGETED_DEVICE_FAMILY = "1,2";
			};
			name = Debug;
		};
		E17E14B3274C19B30090F822 /* Release */ = {
			isa = XCBuildConfiguration;
			buildSettings = {
				ALWAYS_EMBED_SWIFT_STANDARD_LIBRARIES = YES;
				ASSETCATALOG_COMPILER_APPICON_NAME = AppIcon;
				ASSETCATALOG_COMPILER_GLOBAL_ACCENT_COLOR_NAME = AccentColor;
				ASSETCATALOG_COMPILER_OPTIMIZATION = space;
				CLANG_STATIC_ANALYZER_MODE = deep;
				CLANG_TIDY_BUGPRONE_REDUNDANT_BRANCH_CONDITION = YES;
				CLANG_TIDY_MISC_REDUNDANT_EXPRESSION = YES;
				CODE_SIGN_ENTITLEMENTS = Centralis/Centralis.entitlements;
				CODE_SIGN_STYLE = Automatic;
				CURRENT_PROJECT_VERSION = 56049;
				DEVELOPMENT_TEAM = 7J8FJX4SRX;
				ENABLE_BITCODE = YES;
				"ENABLE_HARDENED_RUNTIME[sdk=macosx*]" = NO;
				GENERATE_INFOPLIST_FILE = YES;
				INFOPLIST_FILE = Centralis/Info.plist;
				INFOPLIST_KEY_UIApplicationSupportsIndirectInputEvents = YES;
				INFOPLIST_KEY_UILaunchStoryboardName = LaunchScreen;
				INFOPLIST_KEY_UISupportedInterfaceOrientations_iPad = "UIInterfaceOrientationPortrait UIInterfaceOrientationPortraitUpsideDown UIInterfaceOrientationLandscapeLeft UIInterfaceOrientationLandscapeRight";
				INFOPLIST_KEY_UISupportedInterfaceOrientations_iPhone = "UIInterfaceOrientationPortrait UIInterfaceOrientationLandscapeLeft UIInterfaceOrientationLandscapeRight";
				IPHONEOS_DEPLOYMENT_TARGET = 14.0;
				LD_RUNPATH_SEARCH_PATHS = (
					"$(inherited)",
					"@executable_path/Frameworks",
				);
				LLVM_LTO = YES;
				MARKETING_VERSION = 1.2;
				PRODUCT_BUNDLE_IDENTIFIER = com.amywhile.Centralis;
				PRODUCT_NAME = "$(TARGET_NAME)";
				RUN_CLANG_STATIC_ANALYZER = YES;
				SUPPORTS_MACCATALYST = NO;
				SWIFT_EMIT_LOC_STRINGS = YES;
				SWIFT_INSTALL_OBJC_HEADER = NO;
				SWIFT_OBJC_BRIDGING_HEADER = "";
				SWIFT_OPTIMIZATION_LEVEL = "-Osize";
				SWIFT_OPTIMIZE_OBJECT_LIFETIME = YES;
				SWIFT_VERSION = 5.0;
				TARGETED_DEVICE_FAMILY = "1,2";
			};
			name = Release;
		};
		E19661E127B0611600793007 /* Debug */ = {
			isa = XCBuildConfiguration;
			buildSettings = {
				ASSETCATALOG_COMPILER_APPICON_NAME = AppIcon;
				ASSETCATALOG_COMPILER_GLOBAL_ACCENT_COLOR_NAME = AccentColor;
				CODE_SIGN_ENTITLEMENTS = CentralisAppClip/CentralisAppClip.entitlements;
				CODE_SIGN_STYLE = Automatic;
				CURRENT_PROJECT_VERSION = 56049;
				DEVELOPMENT_TEAM = 7J8FJX4SRX;
				GCC_PREPROCESSOR_DEFINITIONS = (
					"$(inherited)",
					"APPCLIP=1",
				);
				GENERATE_INFOPLIST_FILE = YES;
				INFOPLIST_FILE = CentralisAppClip/Info.plist;
				INFOPLIST_KEY_CFBundleDisplayName = Centralis;
				INFOPLIST_KEY_UIApplicationSupportsIndirectInputEvents = YES;
				INFOPLIST_KEY_UILaunchStoryboardName = LaunchScreen;
				INFOPLIST_KEY_UISupportedInterfaceOrientations_iPad = "UIInterfaceOrientationPortrait UIInterfaceOrientationPortraitUpsideDown UIInterfaceOrientationLandscapeLeft UIInterfaceOrientationLandscapeRight";
				INFOPLIST_KEY_UISupportedInterfaceOrientations_iPhone = "UIInterfaceOrientationPortrait UIInterfaceOrientationLandscapeLeft UIInterfaceOrientationLandscapeRight";
				IPHONEOS_DEPLOYMENT_TARGET = 14.0;
				LD_RUNPATH_SEARCH_PATHS = (
					"$(inherited)",
					"@executable_path/Frameworks",
				);
				MARKETING_VERSION = 1.2;
				PRODUCT_BUNDLE_IDENTIFIER = com.amywhile.Centralis.Clip;
				PRODUCT_NAME = "$(TARGET_NAME)";
				SWIFT_ACTIVE_COMPILATION_CONDITIONS = "DEBUG APPCLIP";
				SWIFT_EMIT_LOC_STRINGS = YES;
				SWIFT_VERSION = 5.0;
				TARGETED_DEVICE_FAMILY = "1,2";
			};
			name = Debug;
		};
		E19661E227B0611600793007 /* Release */ = {
			isa = XCBuildConfiguration;
			buildSettings = {
				ASSETCATALOG_COMPILER_APPICON_NAME = AppIcon;
				ASSETCATALOG_COMPILER_GLOBAL_ACCENT_COLOR_NAME = AccentColor;
				CODE_SIGN_ENTITLEMENTS = CentralisAppClip/CentralisAppClip.entitlements;
				CODE_SIGN_STYLE = Automatic;
				CURRENT_PROJECT_VERSION = 56049;
				DEVELOPMENT_TEAM = 7J8FJX4SRX;
				GCC_PREPROCESSOR_DEFINITIONS = "APPCLIP=1";
				GENERATE_INFOPLIST_FILE = YES;
				INFOPLIST_FILE = CentralisAppClip/Info.plist;
				INFOPLIST_KEY_CFBundleDisplayName = Centralis;
				INFOPLIST_KEY_UIApplicationSupportsIndirectInputEvents = YES;
				INFOPLIST_KEY_UILaunchStoryboardName = LaunchScreen;
				INFOPLIST_KEY_UISupportedInterfaceOrientations_iPad = "UIInterfaceOrientationPortrait UIInterfaceOrientationPortraitUpsideDown UIInterfaceOrientationLandscapeLeft UIInterfaceOrientationLandscapeRight";
				INFOPLIST_KEY_UISupportedInterfaceOrientations_iPhone = "UIInterfaceOrientationPortrait UIInterfaceOrientationLandscapeLeft UIInterfaceOrientationLandscapeRight";
				IPHONEOS_DEPLOYMENT_TARGET = 14.0;
				LD_RUNPATH_SEARCH_PATHS = (
					"$(inherited)",
					"@executable_path/Frameworks",
				);
				MARKETING_VERSION = 1.2;
				PRODUCT_BUNDLE_IDENTIFIER = com.amywhile.Centralis.Clip;
				PRODUCT_NAME = "$(TARGET_NAME)";
				SWIFT_ACTIVE_COMPILATION_CONDITIONS = APPCLIP;
				SWIFT_EMIT_LOC_STRINGS = YES;
				SWIFT_VERSION = 5.0;
				TARGETED_DEVICE_FAMILY = "1,2";
			};
			name = Release;
		};
/* End XCBuildConfiguration section */

/* Begin XCConfigurationList section */
		E17E1498274C19B10090F822 /* Build configuration list for PBXProject "Centralis" */ = {
			isa = XCConfigurationList;
			buildConfigurations = (
				E17E14AF274C19B30090F822 /* Debug */,
				E17E14B0274C19B30090F822 /* Release */,
			);
			defaultConfigurationIsVisible = 0;
			defaultConfigurationName = Release;
		};
		E17E14B1274C19B30090F822 /* Build configuration list for PBXNativeTarget "Centralis" */ = {
			isa = XCConfigurationList;
			buildConfigurations = (
				E17E14B2274C19B30090F822 /* Debug */,
				E17E14B3274C19B30090F822 /* Release */,
			);
			defaultConfigurationIsVisible = 0;
			defaultConfigurationName = Release;
		};
		E19661E027B0611600793007 /* Build configuration list for PBXNativeTarget "CentralisAppClip" */ = {
			isa = XCConfigurationList;
			buildConfigurations = (
				E19661E127B0611600793007 /* Debug */,
				E19661E227B0611600793007 /* Release */,
			);
			defaultConfigurationIsVisible = 0;
			defaultConfigurationName = Release;
		};
/* End XCConfigurationList section */

/* Begin XCRemoteSwiftPackageReference section */
		E10B960F27518EFF00C8C12E /* XCRemoteSwiftPackageReference "SQLite" */ = {
			isa = XCRemoteSwiftPackageReference;
			repositoryURL = "https://github.com/stephencelis/SQLite.swift";
			requirement = {
				kind = upToNextMajorVersion;
				minimumVersion = 0.9.2;
			};
		};
		E12993EB27DB908E007AC00B /* XCRemoteSwiftPackageReference "SwiftSoup" */ = {
			isa = XCRemoteSwiftPackageReference;
			repositoryURL = "https://github.com/scinfu/SwiftSoup";
			requirement = {
				kind = upToNextMajorVersion;
				minimumVersion = 2.3.8;
			};
		};
		E17E14B7274C1A470090F822 /* XCRemoteSwiftPackageReference "Evander" */ = {
			isa = XCRemoteSwiftPackageReference;
			repositoryURL = "https://github.com/elihwyma/Evander";
			requirement = {
				branch = main;
				kind = branch;
			};
		};
		E17FDF91276676EF002F8FF0 /* XCRemoteSwiftPackageReference "SerializedSwift" */ = {
			isa = XCRemoteSwiftPackageReference;
			repositoryURL = "https://github.com/elihwyma/SerializedSwift";
			requirement = {
				branch = master;
				kind = branch;
			};
		};
/* End XCRemoteSwiftPackageReference section */

/* Begin XCSwiftPackageProductDependency section */
		E10B961027518EFF00C8C12E /* SQLite */ = {
			isa = XCSwiftPackageProductDependency;
			package = E10B960F27518EFF00C8C12E /* XCRemoteSwiftPackageReference "SQLite" */;
			productName = SQLite;
		};
		E12993EC27DB908E007AC00B /* SwiftSoup */ = {
			isa = XCSwiftPackageProductDependency;
			package = E12993EB27DB908E007AC00B /* XCRemoteSwiftPackageReference "SwiftSoup" */;
			productName = SwiftSoup;
		};
		E12993EE27DB909A007AC00B /* SwiftSoup */ = {
			isa = XCSwiftPackageProductDependency;
			package = E12993EB27DB908E007AC00B /* XCRemoteSwiftPackageReference "SwiftSoup" */;
			productName = SwiftSoup;
		};
		E17E14B8274C1A470090F822 /* Evander */ = {
			isa = XCSwiftPackageProductDependency;
			package = E17E14B7274C1A470090F822 /* XCRemoteSwiftPackageReference "Evander" */;
			productName = Evander;
		};
		E17FDF92276676EF002F8FF0 /* SerializedSwift */ = {
			isa = XCSwiftPackageProductDependency;
			package = E17FDF91276676EF002F8FF0 /* XCRemoteSwiftPackageReference "SerializedSwift" */;
			productName = SerializedSwift;
		};
		E196621927B0627100793007 /* Evander */ = {
			isa = XCSwiftPackageProductDependency;
			package = E17E14B7274C1A470090F822 /* XCRemoteSwiftPackageReference "Evander" */;
			productName = Evander;
		};
		E196621B27B0627700793007 /* SQLite */ = {
			isa = XCSwiftPackageProductDependency;
			package = E10B960F27518EFF00C8C12E /* XCRemoteSwiftPackageReference "SQLite" */;
			productName = SQLite;
		};
		E196621D27B0627A00793007 /* SerializedSwift */ = {
			isa = XCSwiftPackageProductDependency;
			package = E17FDF91276676EF002F8FF0 /* XCRemoteSwiftPackageReference "SerializedSwift" */;
			productName = SerializedSwift;
		};
/* End XCSwiftPackageProductDependency section */
	};
	rootObject = E17E1495274C19B10090F822 /* Project object */;
}
