// !$*UTF8*$!
{
	archiveVersion = 1;
	classes = {
	};
	objectVersion = 50;
	objects = {

/* Begin PBXBuildFile section */
		531870D1257968BD000191FD /* TextViewController.swift in Sources */ = {isa = PBXBuildFile; fileRef = 531870D0257968BD000191FD /* TextViewController.swift */; };
		5319692F257BC8A70056BF51 /* CarouselController.swift in Sources */ = {isa = PBXBuildFile; fileRef = 5319692E257BC8A70056BF51 /* CarouselController.swift */; };
		53243436257828A300875BAD /* TextViewCell.swift in Sources */ = {isa = PBXBuildFile; fileRef = 53243434257828A200875BAD /* TextViewCell.swift */; };
		53243437257828A300875BAD /* TextViewCell.xib in Resources */ = {isa = PBXBuildFile; fileRef = 53243435257828A200875BAD /* TextViewCell.xib */; };
		53874502257BD61800174D07 /* CarouselContainerController.swift in Sources */ = {isa = PBXBuildFile; fileRef = 53874501257BD61800174D07 /* CarouselContainerController.swift */; };
		53874506257BD7AD00174D07 /* HomeworkTableViewController.xib in Resources */ = {isa = PBXBuildFile; fileRef = 53874505257BD7AD00174D07 /* HomeworkTableViewController.xib */; };
		53874509257BD7D600174D07 /* HomeworkTableViewController.swift in Sources */ = {isa = PBXBuildFile; fileRef = 53874508257BD7D500174D07 /* HomeworkTableViewController.swift */; };
		5387450E257BDB7100174D07 /* HomeworkCell.swift in Sources */ = {isa = PBXBuildFile; fileRef = 5387450C257BDB7100174D07 /* HomeworkCell.swift */; };
		5387450F257BDB7100174D07 /* HomeworkCell.xib in Resources */ = {isa = PBXBuildFile; fileRef = 5387450D257BDB7100174D07 /* HomeworkCell.xib */; };
		53874512257BDCD400174D07 /* NSMutableAttributedString+Extension.swift in Sources */ = {isa = PBXBuildFile; fileRef = 53874511257BDCD300174D07 /* NSMutableAttributedString+Extension.swift */; };
		53874526257C1EB100174D07 /* HomeworkDetailView.xib in Resources */ = {isa = PBXBuildFile; fileRef = 53874525257C1EB000174D07 /* HomeworkDetailView.xib */; };
		5387452E257C205500174D07 /* HomeworkDetailView.swift in Sources */ = {isa = PBXBuildFile; fileRef = 5387452D257C205500174D07 /* HomeworkDetailView.swift */; };
		53CA2DEE2576CC9E00E3A02B /* LoginCell.swift in Sources */ = {isa = PBXBuildFile; fileRef = 53CA2DEC2576CC9D00E3A02B /* LoginCell.swift */; };
		53CA2DEF2576CC9E00E3A02B /* LoginCell.xib in Resources */ = {isa = PBXBuildFile; fileRef = 53CA2DED2576CC9D00E3A02B /* LoginCell.xib */; };
		53CA2DF32576D67A00E3A02B /* WorkingCover.xib in Resources */ = {isa = PBXBuildFile; fileRef = 53CA2DF22576D67900E3A02B /* WorkingCover.xib */; };
		53CA2DF62576D69A00E3A02B /* WorkingCover.swift in Sources */ = {isa = PBXBuildFile; fileRef = 53CA2DF52576D69A00E3A02B /* WorkingCover.swift */; };
		53CA2E012576DD2A00E3A02B /* HomeViewController.swift in Sources */ = {isa = PBXBuildFile; fileRef = 53CA2E002576DD2A00E3A02B /* HomeViewController.swift */; };
		53CB50722572D1780077DDAE /* AppDelegate.swift in Sources */ = {isa = PBXBuildFile; fileRef = 53CB50712572D1780077DDAE /* AppDelegate.swift */; };
		53CB50792572D1780077DDAE /* Main.storyboard in Resources */ = {isa = PBXBuildFile; fileRef = 53CB50772572D1780077DDAE /* Main.storyboard */; };
		53CB507B2572D1880077DDAE /* Assets.xcassets in Resources */ = {isa = PBXBuildFile; fileRef = 53CB507A2572D1880077DDAE /* Assets.xcassets */; };
		53CB507E2572D1880077DDAE /* LaunchScreen.storyboard in Resources */ = {isa = PBXBuildFile; fileRef = 53CB507C2572D1880077DDAE /* LaunchScreen.storyboard */; };
		53CB509A2572D7C40077DDAE /* UIView+Extensions.swift in Sources */ = {isa = PBXBuildFile; fileRef = 53CB50992572D7C40077DDAE /* UIView+Extensions.swift */; };
		53CB509D2572D9300077DDAE /* LoginViewController.swift in Sources */ = {isa = PBXBuildFile; fileRef = 53CB509C2572D92F0077DDAE /* LoginViewController.swift */; };
		53CB50A12572F0B50077DDAE /* ResizedTableView.swift in Sources */ = {isa = PBXBuildFile; fileRef = 53CB50A02572F0B50077DDAE /* ResizedTableView.swift */; };
		E10A5B25259BE4F300FA8BD0 /* ErrorView.swift in Sources */ = {isa = PBXBuildFile; fileRef = E10A5B23259BE4F300FA8BD0 /* ErrorView.swift */; };
		E10A5B26259BE4F300FA8BD0 /* ErrorView.xib in Resources */ = {isa = PBXBuildFile; fileRef = E10A5B24259BE4F300FA8BD0 /* ErrorView.xib */; };
		E1226FBF25FD1BBD00D81A43 /* WidgetKit.framework in Frameworks */ = {isa = PBXBuildFile; fileRef = E1226FBE25FD1BBD00D81A43 /* WidgetKit.framework */; };
		E1226FC125FD1BBD00D81A43 /* SwiftUI.framework in Frameworks */ = {isa = PBXBuildFile; fileRef = E1226FC025FD1BBD00D81A43 /* SwiftUI.framework */; };
		E1226FC425FD1BBD00D81A43 /* CentralisWidget.swift in Sources */ = {isa = PBXBuildFile; fileRef = E1226FC325FD1BBD00D81A43 /* CentralisWidget.swift */; };
		E1226FC625FD1BBE00D81A43 /* Assets.xcassets in Resources */ = {isa = PBXBuildFile; fileRef = E1226FC525FD1BBE00D81A43 /* Assets.xcassets */; };
		E1226FCA25FD1BBE00D81A43 /* CentralisWidgetExtension.appex in Embed App Extensions */ = {isa = PBXBuildFile; fileRef = E1226FBC25FD1BBD00D81A43 /* CentralisWidgetExtension.appex */; settings = {ATTRIBUTES = (RemoveHeadersOnCopy, ); }; };
		E1226FD225FD1BDD00D81A43 /* EduLink_Timetable.swift in Sources */ = {isa = PBXBuildFile; fileRef = E1B77AB025F0173800CFF9DC /* EduLink_Timetable.swift */; };
		E1226FD525FD1BE000D81A43 /* LoginManager.swift in Sources */ = {isa = PBXBuildFile; fileRef = E1B77AB925F0173800CFF9DC /* LoginManager.swift */; };
		E1226FD825FD1BE300D81A43 /* EduLinkAPI.swift in Sources */ = {isa = PBXBuildFile; fileRef = E1B77ABA25F0173800CFF9DC /* EduLinkAPI.swift */; };
		E1226FDB25FD1BEC00D81A43 /* ColourConverter.swift in Sources */ = {isa = PBXBuildFile; fileRef = E1B77AAA25F0173800CFF9DC /* ColourConverter.swift */; };
		E1226FDE25FD1BEF00D81A43 /* UUID.swift in Sources */ = {isa = PBXBuildFile; fileRef = E1B77AAC25F0173800CFF9DC /* UUID.swift */; };
		E1226FE125FD1BF200D81A43 /* EduLink_Employee.swift in Sources */ = {isa = PBXBuildFile; fileRef = E1B77AAE25F0173800CFF9DC /* EduLink_Employee.swift */; };
		E1226FE425FD1BF300D81A43 /* EduLink_Documents.swift in Sources */ = {isa = PBXBuildFile; fileRef = E1B77AAF25F0173800CFF9DC /* EduLink_Documents.swift */; };
		E1226FE725FD1BF700D81A43 /* EduLink_Personal.swift in Sources */ = {isa = PBXBuildFile; fileRef = E1B77AB125F0173800CFF9DC /* EduLink_Personal.swift */; };
		E1226FEA25FD1BF900D81A43 /* EduLink_Attendance.swift in Sources */ = {isa = PBXBuildFile; fileRef = E1B77AB225F0173800CFF9DC /* EduLink_Attendance.swift */; };
		E1226FED25FD1BFB00D81A43 /* EduLink_Achievement.swift in Sources */ = {isa = PBXBuildFile; fileRef = E1B77AB325F0173800CFF9DC /* EduLink_Achievement.swift */; };
		E1226FF025FD1BFD00D81A43 /* EduLink_Catering.swift in Sources */ = {isa = PBXBuildFile; fileRef = E1B77AB425F0173800CFF9DC /* EduLink_Catering.swift */; };
		E1226FF325FD1BFF00D81A43 /* EduLink_Links.swift in Sources */ = {isa = PBXBuildFile; fileRef = E1B77AB525F0173800CFF9DC /* EduLink_Links.swift */; };
		E1226FF625FD1C0100D81A43 /* EduLink_Homework.swift in Sources */ = {isa = PBXBuildFile; fileRef = E1B77AB625F0173800CFF9DC /* EduLink_Homework.swift */; };
		E1226FF925FD1C0400D81A43 /* EduLink_Status.swift in Sources */ = {isa = PBXBuildFile; fileRef = E1B77AB725F0173800CFF9DC /* EduLink_Status.swift */; };
		E1226FFC25FD1C0600D81A43 /* EduLink_Register.swift in Sources */ = {isa = PBXBuildFile; fileRef = E1B77AB825F0173800CFF9DC /* EduLink_Register.swift */; };
		E1226FFF25FD1C0800D81A43 /* EduLink_Photo.swift in Sources */ = {isa = PBXBuildFile; fileRef = E1B77AD625F0F7F600CFF9DC /* EduLink_Photo.swift */; };
		E122700225FD1C0E00D81A43 /* StructModels.swift in Sources */ = {isa = PBXBuildFile; fileRef = E1B77ABB25F0173800CFF9DC /* StructModels.swift */; };
		E122700525FD1C1000D81A43 /* NSNotification+Extensions.swift in Sources */ = {isa = PBXBuildFile; fileRef = E1B77ABD25F0173800CFF9DC /* NSNotification+Extensions.swift */; };
		E122700825FD1C1400D81A43 /* KeychainManager.swift in Sources */ = {isa = PBXBuildFile; fileRef = E1B77AA825F0173800CFF9DC /* KeychainManager.swift */; };
		E122700B25FD1C1600D81A43 /* NetworkManager.swift in Sources */ = {isa = PBXBuildFile; fileRef = E1B77ABF25F0173800CFF9DC /* NetworkManager.swift */; };
		E1305DA3259BEFDD00AB3119 /* UIButton+Extension.swift in Sources */ = {isa = PBXBuildFile; fileRef = E1305DA2259BEFDD00AB3119 /* UIButton+Extension.swift */; };
		E14A7E55259FCF2400EF9712 /* HomeMenuCell.swift in Sources */ = {isa = PBXBuildFile; fileRef = E14A7E53259FCF2300EF9712 /* HomeMenuCell.swift */; };
		E14A7E56259FCF2400EF9712 /* HomeMenuCell.xib in Resources */ = {isa = PBXBuildFile; fileRef = E14A7E54259FCF2300EF9712 /* HomeMenuCell.xib */; };
		E152162025A7D0E700557F20 /* NSDate+Extension.swift in Sources */ = {isa = PBXBuildFile; fileRef = E152161F25A7D0E700557F20 /* NSDate+Extension.swift */; };
		E1576054258BB68000DD496F /* AmyChart.swift in Sources */ = {isa = PBXBuildFile; fileRef = E1576053258BB68000DD496F /* AmyChart.swift */; };
		E1576058258BBD8E00DD496F /* ChartTableViewController.xib in Resources */ = {isa = PBXBuildFile; fileRef = E1576057258BBD8E00DD496F /* ChartTableViewController.xib */; };
		E157605B258BBDE700DD496F /* ChartTableViewController.swift in Sources */ = {isa = PBXBuildFile; fileRef = E157605A258BBDE700DD496F /* ChartTableViewController.swift */; };
		E1576060258BF56B00DD496F /* AmyChartCell.swift in Sources */ = {isa = PBXBuildFile; fileRef = E157605E258BF56B00DD496F /* AmyChartCell.swift */; };
		E1576061258BF56B00DD496F /* AmyChartCell.xib in Resources */ = {isa = PBXBuildFile; fileRef = E157605F258BF56B00DD496F /* AmyChartCell.xib */; };
		E1768305259A7EAE0099BB92 /* NewUserSchoolController.swift in Sources */ = {isa = PBXBuildFile; fileRef = E1768304259A7EAE0099BB92 /* NewUserSchoolController.swift */; };
		E1768308259A8C7A0099BB92 /* NewUserUPController.swift in Sources */ = {isa = PBXBuildFile; fileRef = E1768307259A8C7A0099BB92 /* NewUserUPController.swift */; };
		E19B2F5B258D71CE00930AE1 /* Double+Extensions.swift in Sources */ = {isa = PBXBuildFile; fileRef = E19B2F5A258D71CE00930AE1 /* Double+Extensions.swift */; };
		E1B77AC025F0173800CFF9DC /* KeychainManager.swift in Sources */ = {isa = PBXBuildFile; fileRef = E1B77AA825F0173800CFF9DC /* KeychainManager.swift */; };
		E1B77AC125F0173800CFF9DC /* ColourConverter.swift in Sources */ = {isa = PBXBuildFile; fileRef = E1B77AAA25F0173800CFF9DC /* ColourConverter.swift */; };
		E1B77AC225F0173800CFF9DC /* UUID.swift in Sources */ = {isa = PBXBuildFile; fileRef = E1B77AAC25F0173800CFF9DC /* UUID.swift */; };
		E1B77AC325F0173800CFF9DC /* EduLink_Employee.swift in Sources */ = {isa = PBXBuildFile; fileRef = E1B77AAE25F0173800CFF9DC /* EduLink_Employee.swift */; };
		E1B77AC425F0173800CFF9DC /* EduLink_Documents.swift in Sources */ = {isa = PBXBuildFile; fileRef = E1B77AAF25F0173800CFF9DC /* EduLink_Documents.swift */; };
		E1B77AC525F0173800CFF9DC /* EduLink_Timetable.swift in Sources */ = {isa = PBXBuildFile; fileRef = E1B77AB025F0173800CFF9DC /* EduLink_Timetable.swift */; };
		E1B77AC625F0173800CFF9DC /* EduLink_Personal.swift in Sources */ = {isa = PBXBuildFile; fileRef = E1B77AB125F0173800CFF9DC /* EduLink_Personal.swift */; };
		E1B77AC725F0173800CFF9DC /* EduLink_Attendance.swift in Sources */ = {isa = PBXBuildFile; fileRef = E1B77AB225F0173800CFF9DC /* EduLink_Attendance.swift */; };
		E1B77AC825F0173800CFF9DC /* EduLink_Achievement.swift in Sources */ = {isa = PBXBuildFile; fileRef = E1B77AB325F0173800CFF9DC /* EduLink_Achievement.swift */; };
		E1B77AC925F0173800CFF9DC /* EduLink_Catering.swift in Sources */ = {isa = PBXBuildFile; fileRef = E1B77AB425F0173800CFF9DC /* EduLink_Catering.swift */; };
		E1B77ACA25F0173800CFF9DC /* EduLink_Links.swift in Sources */ = {isa = PBXBuildFile; fileRef = E1B77AB525F0173800CFF9DC /* EduLink_Links.swift */; };
		E1B77ACB25F0173800CFF9DC /* EduLink_Homework.swift in Sources */ = {isa = PBXBuildFile; fileRef = E1B77AB625F0173800CFF9DC /* EduLink_Homework.swift */; };
		E1B77ACC25F0173800CFF9DC /* EduLink_Status.swift in Sources */ = {isa = PBXBuildFile; fileRef = E1B77AB725F0173800CFF9DC /* EduLink_Status.swift */; };
		E1B77ACD25F0173800CFF9DC /* EduLink_Register.swift in Sources */ = {isa = PBXBuildFile; fileRef = E1B77AB825F0173800CFF9DC /* EduLink_Register.swift */; };
		E1B77ACE25F0173800CFF9DC /* LoginManager.swift in Sources */ = {isa = PBXBuildFile; fileRef = E1B77AB925F0173800CFF9DC /* LoginManager.swift */; };
		E1B77ACF25F0173800CFF9DC /* EduLinkAPI.swift in Sources */ = {isa = PBXBuildFile; fileRef = E1B77ABA25F0173800CFF9DC /* EduLinkAPI.swift */; };
		E1B77AD025F0173800CFF9DC /* StructModels.swift in Sources */ = {isa = PBXBuildFile; fileRef = E1B77ABB25F0173800CFF9DC /* StructModels.swift */; };
		E1B77AD125F0173800CFF9DC /* NSNotification+Extensions.swift in Sources */ = {isa = PBXBuildFile; fileRef = E1B77ABD25F0173800CFF9DC /* NSNotification+Extensions.swift */; };
		E1B77AD225F0173800CFF9DC /* NetworkManager.swift in Sources */ = {isa = PBXBuildFile; fileRef = E1B77ABF25F0173800CFF9DC /* NetworkManager.swift */; };
		E1B77AD725F0F7F600CFF9DC /* EduLink_Photo.swift in Sources */ = {isa = PBXBuildFile; fileRef = E1B77AD625F0F7F600CFF9DC /* EduLink_Photo.swift */; };
		E1B77ADB25F1133D00CFF9DC /* ChildSelection.xib in Resources */ = {isa = PBXBuildFile; fileRef = E1B77ADA25F1133D00CFF9DC /* ChildSelection.xib */; };
		E1B77AE225F115E800CFF9DC /* ChildSelection.swift in Sources */ = {isa = PBXBuildFile; fileRef = E1B77AE125F115E800CFF9DC /* ChildSelection.swift */; };
		E1C8FD73258165BD0006F36F /* EmbeddedTableViewController.xib in Resources */ = {isa = PBXBuildFile; fileRef = E1C8FD72258165BD0006F36F /* EmbeddedTableViewController.xib */; };
		E1C8FD76258166210006F36F /* EmbeddedTableViewController.swift in Sources */ = {isa = PBXBuildFile; fileRef = E1C8FD75258166210006F36F /* EmbeddedTableViewController.swift */; };
		E1F9A49825850F6000CEA071 /* DocumentWebViewController.swift in Sources */ = {isa = PBXBuildFile; fileRef = E1F9A49725850F6000CEA071 /* DocumentWebViewController.swift */; };
		E1FB73CD25A0E33E00BA4E77 /* HomeMenuLessonCell.swift in Sources */ = {isa = PBXBuildFile; fileRef = E1FB73CB25A0E33E00BA4E77 /* HomeMenuLessonCell.swift */; };
		E1FB73CE25A0E33E00BA4E77 /* HomeMenuLessonCell.xib in Resources */ = {isa = PBXBuildFile; fileRef = E1FB73CC25A0E33E00BA4E77 /* HomeMenuLessonCell.xib */; };
/* End PBXBuildFile section */

/* Begin PBXContainerItemProxy section */
		E1226FC825FD1BBE00D81A43 /* PBXContainerItemProxy */ = {
			isa = PBXContainerItemProxy;
			containerPortal = 53CB50662572D1770077DDAE /* Project object */;
			proxyType = 1;
			remoteGlobalIDString = E1226FBB25FD1BBD00D81A43;
			remoteInfo = CentralisWidgetExtension;
		};
/* End PBXContainerItemProxy section */

/* Begin PBXCopyFilesBuildPhase section */
		E1226FCC25FD1BBF00D81A43 /* Embed App Extensions */ = {
			isa = PBXCopyFilesBuildPhase;
			buildActionMask = 2147483647;
			dstPath = "";
			dstSubfolderSpec = 13;
			files = (
				E1226FCA25FD1BBE00D81A43 /* CentralisWidgetExtension.appex in Embed App Extensions */,
			);
			name = "Embed App Extensions";
			runOnlyForDeploymentPostprocessing = 0;
		};
/* End PBXCopyFilesBuildPhase section */

/* Begin PBXFileReference section */
		531870D0257968BD000191FD /* TextViewController.swift */ = {isa = PBXFileReference; lastKnownFileType = sourcecode.swift; path = TextViewController.swift; sourceTree = "<group>"; };
		5319692E257BC8A70056BF51 /* CarouselController.swift */ = {isa = PBXFileReference; lastKnownFileType = sourcecode.swift; path = CarouselController.swift; sourceTree = "<group>"; };
		53243434257828A200875BAD /* TextViewCell.swift */ = {isa = PBXFileReference; lastKnownFileType = sourcecode.swift; path = TextViewCell.swift; sourceTree = "<group>"; };
		53243435257828A200875BAD /* TextViewCell.xib */ = {isa = PBXFileReference; lastKnownFileType = file.xib; path = TextViewCell.xib; sourceTree = "<group>"; };
		53874501257BD61800174D07 /* CarouselContainerController.swift */ = {isa = PBXFileReference; lastKnownFileType = sourcecode.swift; path = CarouselContainerController.swift; sourceTree = "<group>"; };
		53874505257BD7AD00174D07 /* HomeworkTableViewController.xib */ = {isa = PBXFileReference; lastKnownFileType = file.xib; path = HomeworkTableViewController.xib; sourceTree = "<group>"; };
		53874508257BD7D500174D07 /* HomeworkTableViewController.swift */ = {isa = PBXFileReference; lastKnownFileType = sourcecode.swift; path = HomeworkTableViewController.swift; sourceTree = "<group>"; };
		5387450C257BDB7100174D07 /* HomeworkCell.swift */ = {isa = PBXFileReference; lastKnownFileType = sourcecode.swift; path = HomeworkCell.swift; sourceTree = "<group>"; };
		5387450D257BDB7100174D07 /* HomeworkCell.xib */ = {isa = PBXFileReference; lastKnownFileType = file.xib; path = HomeworkCell.xib; sourceTree = "<group>"; };
		53874511257BDCD300174D07 /* NSMutableAttributedString+Extension.swift */ = {isa = PBXFileReference; lastKnownFileType = sourcecode.swift; path = "NSMutableAttributedString+Extension.swift"; sourceTree = "<group>"; };
		53874525257C1EB000174D07 /* HomeworkDetailView.xib */ = {isa = PBXFileReference; lastKnownFileType = file.xib; path = HomeworkDetailView.xib; sourceTree = "<group>"; };
		5387452D257C205500174D07 /* HomeworkDetailView.swift */ = {isa = PBXFileReference; lastKnownFileType = sourcecode.swift; path = HomeworkDetailView.swift; sourceTree = "<group>"; };
		53874530257C333800174D07 /* Centralis.entitlements */ = {isa = PBXFileReference; lastKnownFileType = text.plist.entitlements; path = Centralis.entitlements; sourceTree = "<group>"; };
		53CA2DEC2576CC9D00E3A02B /* LoginCell.swift */ = {isa = PBXFileReference; lastKnownFileType = sourcecode.swift; path = LoginCell.swift; sourceTree = "<group>"; };
		53CA2DED2576CC9D00E3A02B /* LoginCell.xib */ = {isa = PBXFileReference; lastKnownFileType = file.xib; path = LoginCell.xib; sourceTree = "<group>"; };
		53CA2DF22576D67900E3A02B /* WorkingCover.xib */ = {isa = PBXFileReference; lastKnownFileType = file.xib; path = WorkingCover.xib; sourceTree = "<group>"; };
		53CA2DF52576D69A00E3A02B /* WorkingCover.swift */ = {isa = PBXFileReference; lastKnownFileType = sourcecode.swift; path = WorkingCover.swift; sourceTree = "<group>"; };
		53CA2E002576DD2A00E3A02B /* HomeViewController.swift */ = {isa = PBXFileReference; lastKnownFileType = sourcecode.swift; path = HomeViewController.swift; sourceTree = "<group>"; };
		53CB506E2572D1780077DDAE /* Centralis.app */ = {isa = PBXFileReference; explicitFileType = wrapper.application; includeInIndex = 0; path = Centralis.app; sourceTree = BUILT_PRODUCTS_DIR; };
		53CB50712572D1780077DDAE /* AppDelegate.swift */ = {isa = PBXFileReference; lastKnownFileType = sourcecode.swift; path = AppDelegate.swift; sourceTree = "<group>"; };
		53CB50782572D1780077DDAE /* Base */ = {isa = PBXFileReference; lastKnownFileType = file.storyboard; name = Base; path = Base.lproj/Main.storyboard; sourceTree = "<group>"; };
		53CB507A2572D1880077DDAE /* Assets.xcassets */ = {isa = PBXFileReference; lastKnownFileType = folder.assetcatalog; path = Assets.xcassets; sourceTree = "<group>"; };
		53CB507D2572D1880077DDAE /* Base */ = {isa = PBXFileReference; lastKnownFileType = file.storyboard; name = Base; path = Base.lproj/LaunchScreen.storyboard; sourceTree = "<group>"; };
		53CB507F2572D1880077DDAE /* Info.plist */ = {isa = PBXFileReference; lastKnownFileType = text.plist.xml; path = Info.plist; sourceTree = "<group>"; };
		53CB50992572D7C40077DDAE /* UIView+Extensions.swift */ = {isa = PBXFileReference; fileEncoding = 4; lastKnownFileType = sourcecode.swift; path = "UIView+Extensions.swift"; sourceTree = "<group>"; };
		53CB509C2572D92F0077DDAE /* LoginViewController.swift */ = {isa = PBXFileReference; lastKnownFileType = sourcecode.swift; path = LoginViewController.swift; sourceTree = "<group>"; };
		53CB50A02572F0B50077DDAE /* ResizedTableView.swift */ = {isa = PBXFileReference; lastKnownFileType = sourcecode.swift; path = ResizedTableView.swift; sourceTree = "<group>"; };
		E10A5B23259BE4F300FA8BD0 /* ErrorView.swift */ = {isa = PBXFileReference; fileEncoding = 4; lastKnownFileType = sourcecode.swift; path = ErrorView.swift; sourceTree = "<group>"; };
		E10A5B24259BE4F300FA8BD0 /* ErrorView.xib */ = {isa = PBXFileReference; fileEncoding = 4; lastKnownFileType = file.xib; path = ErrorView.xib; sourceTree = "<group>"; };
		E1226FBC25FD1BBD00D81A43 /* CentralisWidgetExtension.appex */ = {isa = PBXFileReference; explicitFileType = "wrapper.app-extension"; includeInIndex = 0; path = CentralisWidgetExtension.appex; sourceTree = BUILT_PRODUCTS_DIR; };
		E1226FBE25FD1BBD00D81A43 /* WidgetKit.framework */ = {isa = PBXFileReference; lastKnownFileType = wrapper.framework; name = WidgetKit.framework; path = System/Library/Frameworks/WidgetKit.framework; sourceTree = SDKROOT; };
		E1226FC025FD1BBD00D81A43 /* SwiftUI.framework */ = {isa = PBXFileReference; lastKnownFileType = wrapper.framework; name = SwiftUI.framework; path = System/Library/Frameworks/SwiftUI.framework; sourceTree = SDKROOT; };
		E1226FC325FD1BBD00D81A43 /* CentralisWidget.swift */ = {isa = PBXFileReference; lastKnownFileType = sourcecode.swift; path = CentralisWidget.swift; sourceTree = "<group>"; };
		E1226FC525FD1BBE00D81A43 /* Assets.xcassets */ = {isa = PBXFileReference; lastKnownFileType = folder.assetcatalog; path = Assets.xcassets; sourceTree = "<group>"; };
		E1226FC725FD1BBE00D81A43 /* Info.plist */ = {isa = PBXFileReference; lastKnownFileType = text.plist.xml; path = Info.plist; sourceTree = "<group>"; };
		E1226FCB25FD1BBF00D81A43 /* CentralisWidgetExtension.entitlements */ = {isa = PBXFileReference; lastKnownFileType = text.plist.entitlements; path = CentralisWidgetExtension.entitlements; sourceTree = "<group>"; };
		E1305DA2259BEFDD00AB3119 /* UIButton+Extension.swift */ = {isa = PBXFileReference; lastKnownFileType = sourcecode.swift; path = "UIButton+Extension.swift"; sourceTree = "<group>"; };
		E14A7E53259FCF2300EF9712 /* HomeMenuCell.swift */ = {isa = PBXFileReference; lastKnownFileType = sourcecode.swift; path = HomeMenuCell.swift; sourceTree = "<group>"; };
		E14A7E54259FCF2300EF9712 /* HomeMenuCell.xib */ = {isa = PBXFileReference; lastKnownFileType = file.xib; path = HomeMenuCell.xib; sourceTree = "<group>"; };
		E152161F25A7D0E700557F20 /* NSDate+Extension.swift */ = {isa = PBXFileReference; lastKnownFileType = sourcecode.swift; path = "NSDate+Extension.swift"; sourceTree = "<group>"; };
		E1576053258BB68000DD496F /* AmyChart.swift */ = {isa = PBXFileReference; lastKnownFileType = sourcecode.swift; path = AmyChart.swift; sourceTree = "<group>"; };
		E1576057258BBD8E00DD496F /* ChartTableViewController.xib */ = {isa = PBXFileReference; lastKnownFileType = file.xib; path = ChartTableViewController.xib; sourceTree = "<group>"; };
		E157605A258BBDE700DD496F /* ChartTableViewController.swift */ = {isa = PBXFileReference; lastKnownFileType = sourcecode.swift; path = ChartTableViewController.swift; sourceTree = "<group>"; };
		E157605E258BF56B00DD496F /* AmyChartCell.swift */ = {isa = PBXFileReference; lastKnownFileType = sourcecode.swift; path = AmyChartCell.swift; sourceTree = "<group>"; };
		E157605F258BF56B00DD496F /* AmyChartCell.xib */ = {isa = PBXFileReference; lastKnownFileType = file.xib; path = AmyChartCell.xib; sourceTree = "<group>"; };
		E1768304259A7EAE0099BB92 /* NewUserSchoolController.swift */ = {isa = PBXFileReference; lastKnownFileType = sourcecode.swift; path = NewUserSchoolController.swift; sourceTree = "<group>"; };
		E1768307259A8C7A0099BB92 /* NewUserUPController.swift */ = {isa = PBXFileReference; lastKnownFileType = sourcecode.swift; path = NewUserUPController.swift; sourceTree = "<group>"; };
		E19B2F5A258D71CE00930AE1 /* Double+Extensions.swift */ = {isa = PBXFileReference; lastKnownFileType = sourcecode.swift; path = "Double+Extensions.swift"; sourceTree = "<group>"; };
		E1B77AA825F0173800CFF9DC /* KeychainManager.swift */ = {isa = PBXFileReference; fileEncoding = 4; lastKnownFileType = sourcecode.swift; path = KeychainManager.swift; sourceTree = "<group>"; };
		E1B77AAA25F0173800CFF9DC /* ColourConverter.swift */ = {isa = PBXFileReference; fileEncoding = 4; lastKnownFileType = sourcecode.swift; path = ColourConverter.swift; sourceTree = "<group>"; };
		E1B77AAC25F0173800CFF9DC /* UUID.swift */ = {isa = PBXFileReference; fileEncoding = 4; lastKnownFileType = sourcecode.swift; path = UUID.swift; sourceTree = "<group>"; };
		E1B77AAE25F0173800CFF9DC /* EduLink_Employee.swift */ = {isa = PBXFileReference; fileEncoding = 4; lastKnownFileType = sourcecode.swift; path = EduLink_Employee.swift; sourceTree = "<group>"; };
		E1B77AAF25F0173800CFF9DC /* EduLink_Documents.swift */ = {isa = PBXFileReference; fileEncoding = 4; lastKnownFileType = sourcecode.swift; path = EduLink_Documents.swift; sourceTree = "<group>"; };
		E1B77AB025F0173800CFF9DC /* EduLink_Timetable.swift */ = {isa = PBXFileReference; fileEncoding = 4; lastKnownFileType = sourcecode.swift; path = EduLink_Timetable.swift; sourceTree = "<group>"; };
		E1B77AB125F0173800CFF9DC /* EduLink_Personal.swift */ = {isa = PBXFileReference; fileEncoding = 4; lastKnownFileType = sourcecode.swift; path = EduLink_Personal.swift; sourceTree = "<group>"; };
		E1B77AB225F0173800CFF9DC /* EduLink_Attendance.swift */ = {isa = PBXFileReference; fileEncoding = 4; lastKnownFileType = sourcecode.swift; path = EduLink_Attendance.swift; sourceTree = "<group>"; };
		E1B77AB325F0173800CFF9DC /* EduLink_Achievement.swift */ = {isa = PBXFileReference; fileEncoding = 4; lastKnownFileType = sourcecode.swift; path = EduLink_Achievement.swift; sourceTree = "<group>"; };
		E1B77AB425F0173800CFF9DC /* EduLink_Catering.swift */ = {isa = PBXFileReference; fileEncoding = 4; lastKnownFileType = sourcecode.swift; path = EduLink_Catering.swift; sourceTree = "<group>"; };
		E1B77AB525F0173800CFF9DC /* EduLink_Links.swift */ = {isa = PBXFileReference; fileEncoding = 4; lastKnownFileType = sourcecode.swift; path = EduLink_Links.swift; sourceTree = "<group>"; };
		E1B77AB625F0173800CFF9DC /* EduLink_Homework.swift */ = {isa = PBXFileReference; fileEncoding = 4; lastKnownFileType = sourcecode.swift; path = EduLink_Homework.swift; sourceTree = "<group>"; };
		E1B77AB725F0173800CFF9DC /* EduLink_Status.swift */ = {isa = PBXFileReference; fileEncoding = 4; lastKnownFileType = sourcecode.swift; path = EduLink_Status.swift; sourceTree = "<group>"; };
		E1B77AB825F0173800CFF9DC /* EduLink_Register.swift */ = {isa = PBXFileReference; fileEncoding = 4; lastKnownFileType = sourcecode.swift; path = EduLink_Register.swift; sourceTree = "<group>"; };
		E1B77AB925F0173800CFF9DC /* LoginManager.swift */ = {isa = PBXFileReference; fileEncoding = 4; lastKnownFileType = sourcecode.swift; path = LoginManager.swift; sourceTree = "<group>"; };
		E1B77ABA25F0173800CFF9DC /* EduLinkAPI.swift */ = {isa = PBXFileReference; fileEncoding = 4; lastKnownFileType = sourcecode.swift; path = EduLinkAPI.swift; sourceTree = "<group>"; };
		E1B77ABB25F0173800CFF9DC /* StructModels.swift */ = {isa = PBXFileReference; fileEncoding = 4; lastKnownFileType = sourcecode.swift; path = StructModels.swift; sourceTree = "<group>"; };
		E1B77ABD25F0173800CFF9DC /* NSNotification+Extensions.swift */ = {isa = PBXFileReference; fileEncoding = 4; lastKnownFileType = sourcecode.swift; path = "NSNotification+Extensions.swift"; sourceTree = "<group>"; };
		E1B77ABF25F0173800CFF9DC /* NetworkManager.swift */ = {isa = PBXFileReference; fileEncoding = 4; lastKnownFileType = sourcecode.swift; path = NetworkManager.swift; sourceTree = "<group>"; };
		E1B77AD625F0F7F600CFF9DC /* EduLink_Photo.swift */ = {isa = PBXFileReference; lastKnownFileType = sourcecode.swift; path = EduLink_Photo.swift; sourceTree = "<group>"; };
		E1B77ADA25F1133D00CFF9DC /* ChildSelection.xib */ = {isa = PBXFileReference; lastKnownFileType = file.xib; path = ChildSelection.xib; sourceTree = "<group>"; };
		E1B77AE125F115E800CFF9DC /* ChildSelection.swift */ = {isa = PBXFileReference; lastKnownFileType = sourcecode.swift; path = ChildSelection.swift; sourceTree = "<group>"; };
		E1C8FD72258165BD0006F36F /* EmbeddedTableViewController.xib */ = {isa = PBXFileReference; lastKnownFileType = file.xib; path = EmbeddedTableViewController.xib; sourceTree = "<group>"; };
		E1C8FD75258166210006F36F /* EmbeddedTableViewController.swift */ = {isa = PBXFileReference; lastKnownFileType = sourcecode.swift; path = EmbeddedTableViewController.swift; sourceTree = "<group>"; };
		E1F9A49725850F6000CEA071 /* DocumentWebViewController.swift */ = {isa = PBXFileReference; lastKnownFileType = sourcecode.swift; path = DocumentWebViewController.swift; sourceTree = "<group>"; };
		E1FB73CB25A0E33E00BA4E77 /* HomeMenuLessonCell.swift */ = {isa = PBXFileReference; lastKnownFileType = sourcecode.swift; path = HomeMenuLessonCell.swift; sourceTree = "<group>"; };
		E1FB73CC25A0E33E00BA4E77 /* HomeMenuLessonCell.xib */ = {isa = PBXFileReference; lastKnownFileType = file.xib; path = HomeMenuLessonCell.xib; sourceTree = "<group>"; };
/* End PBXFileReference section */

/* Begin PBXFrameworksBuildPhase section */
		53CB506B2572D1780077DDAE /* Frameworks */ = {
			isa = PBXFrameworksBuildPhase;
			buildActionMask = 2147483647;
			files = (
			);
			runOnlyForDeploymentPostprocessing = 0;
		};
		E1226FB925FD1BBD00D81A43 /* Frameworks */ = {
			isa = PBXFrameworksBuildPhase;
			buildActionMask = 2147483647;
			files = (
				E1226FC125FD1BBD00D81A43 /* SwiftUI.framework in Frameworks */,
				E1226FBF25FD1BBD00D81A43 /* WidgetKit.framework in Frameworks */,
			);
			runOnlyForDeploymentPostprocessing = 0;
		};
/* End PBXFrameworksBuildPhase section */

/* Begin PBXGroup section */
		53196929257BC83E0056BF51 /* LoginViewController */ = {
			isa = PBXGroup;
			children = (
				53CB509F2572F07A0077DDAE /* ResizedTableView */,
				53CB509C2572D92F0077DDAE /* LoginViewController.swift */,
			);
			path = LoginViewController;
			sourceTree = "<group>";
		};
		5319692B257BC84A0056BF51 /* HomeViewController */ = {
			isa = PBXGroup;
			children = (
				53CA2E002576DD2A00E3A02B /* HomeViewController.swift */,
			);
			path = HomeViewController;
			sourceTree = "<group>";
		};
		5319692C257BC8560056BF51 /* TextViewController */ = {
			isa = PBXGroup;
			children = (
				531870D0257968BD000191FD /* TextViewController.swift */,
			);
			path = TextViewController;
			sourceTree = "<group>";
		};
		5319692D257BC8610056BF51 /* HomeworkController */ = {
			isa = PBXGroup;
			children = (
				53874505257BD7AD00174D07 /* HomeworkTableViewController.xib */,
				53874508257BD7D500174D07 /* HomeworkTableViewController.swift */,
				5387452D257C205500174D07 /* HomeworkDetailView.swift */,
				53874525257C1EB000174D07 /* HomeworkDetailView.xib */,
			);
			path = HomeworkController;
			sourceTree = "<group>";
		};
		532434332578288500875BAD /* TextViewCell */ = {
			isa = PBXGroup;
			children = (
				53243434257828A200875BAD /* TextViewCell.swift */,
				53243435257828A200875BAD /* TextViewCell.xib */,
			);
			path = TextViewCell;
			sourceTree = "<group>";
		};
		5387450B257BDB5300174D07 /* HomeworkCell */ = {
			isa = PBXGroup;
			children = (
				5387450C257BDB7100174D07 /* HomeworkCell.swift */,
				5387450D257BDB7100174D07 /* HomeworkCell.xib */,
			);
			path = HomeworkCell;
			sourceTree = "<group>";
		};
		53CA2DEA2576CC4300E3A02B /* Table Cells */ = {
			isa = PBXGroup;
			children = (
				E1FB73CA25A0E30E00BA4E77 /* HomeMenuLessonCell */,
				E14A7E52259FCEEA00EF9712 /* HomeMenuCell */,
				E157605D258BF54C00DD496F /* AmyChartCell */,
				5387450B257BDB5300174D07 /* HomeworkCell */,
				532434332578288500875BAD /* TextViewCell */,
				53CA2DEB2576CC4B00E3A02B /* LoginCell */,
			);
			path = "Table Cells";
			sourceTree = "<group>";
		};
		53CA2DEB2576CC4B00E3A02B /* LoginCell */ = {
			isa = PBXGroup;
			children = (
				53CA2DEC2576CC9D00E3A02B /* LoginCell.swift */,
				53CA2DED2576CC9D00E3A02B /* LoginCell.xib */,
			);
			path = LoginCell;
			sourceTree = "<group>";
		};
		53CA2DF12576D65E00E3A02B /* WorkingCover */ = {
			isa = PBXGroup;
			children = (
				53CA2DF22576D67900E3A02B /* WorkingCover.xib */,
				53CA2DF52576D69A00E3A02B /* WorkingCover.swift */,
			);
			path = WorkingCover;
			sourceTree = "<group>";
		};
		53CB50652572D1770077DDAE = {
			isa = PBXGroup;
			children = (
				E1226FCB25FD1BBF00D81A43 /* CentralisWidgetExtension.entitlements */,
				E1B77AA625F0172900CFF9DC /* libCentralis */,
				53CB50702572D1780077DDAE /* Centralis */,
				E1226FC225FD1BBD00D81A43 /* CentralisWidget */,
				E1226FBD25FD1BBD00D81A43 /* Frameworks */,
				53CB506F2572D1780077DDAE /* Products */,
			);
			sourceTree = "<group>";
		};
		53CB506F2572D1780077DDAE /* Products */ = {
			isa = PBXGroup;
			children = (
				53CB506E2572D1780077DDAE /* Centralis.app */,
				E1226FBC25FD1BBD00D81A43 /* CentralisWidgetExtension.appex */,
			);
			name = Products;
			sourceTree = "<group>";
		};
		53CB50702572D1780077DDAE /* Centralis */ = {
			isa = PBXGroup;
			children = (
				53CB50952572D79E0077DDAE /* Extensions */,
				53CB508F2572D6850077DDAE /* Views */,
				53CB508E2572D6800077DDAE /* View Controllers */,
				53CB508B2572D60E0077DDAE /* Storyboards */,
				53CB508A2572D59C0077DDAE /* Resources */,
				53CB50872572D5790077DDAE /* Delegates */,
			);
			path = Centralis;
			sourceTree = "<group>";
		};
		53CB50872572D5790077DDAE /* Delegates */ = {
			isa = PBXGroup;
			children = (
				53CB50712572D1780077DDAE /* AppDelegate.swift */,
			);
			path = Delegates;
			sourceTree = "<group>";
		};
		53CB508A2572D59C0077DDAE /* Resources */ = {
			isa = PBXGroup;
			children = (
				53874530257C333800174D07 /* Centralis.entitlements */,
				53CB507F2572D1880077DDAE /* Info.plist */,
				53CB507A2572D1880077DDAE /* Assets.xcassets */,
			);
			path = Resources;
			sourceTree = "<group>";
		};
		53CB508B2572D60E0077DDAE /* Storyboards */ = {
			isa = PBXGroup;
			children = (
				53CB507C2572D1880077DDAE /* LaunchScreen.storyboard */,
				53CB50772572D1780077DDAE /* Main.storyboard */,
			);
			path = Storyboards;
			sourceTree = "<group>";
		};
		53CB508E2572D6800077DDAE /* View Controllers */ = {
			isa = PBXGroup;
			children = (
				E1768303259A7D530099BB92 /* NewUserControllers */,
				E1F9A49625850F3D00CEA071 /* DocumentWebViewController */,
				E180E9C32580115100ABFE69 /* CarouselViewControllers */,
				E180E9C22580104800ABFE69 /* CarouselContainer */,
				5319692C257BC8560056BF51 /* TextViewController */,
				5319692B257BC84A0056BF51 /* HomeViewController */,
				53196929257BC83E0056BF51 /* LoginViewController */,
			);
			path = "View Controllers";
			sourceTree = "<group>";
		};
		53CB508F2572D6850077DDAE /* Views */ = {
			isa = PBXGroup;
			children = (
				53CA2DEA2576CC4300E3A02B /* Table Cells */,
				53CB50902572D69A0077DDAE /* Views */,
			);
			path = Views;
			sourceTree = "<group>";
		};
		53CB50902572D69A0077DDAE /* Views */ = {
			isa = PBXGroup;
			children = (
				E1B77AD925F1132100CFF9DC /* ChildSelection */,
				E10A5B22259BE4F200FA8BD0 /* ErrorView */,
				E1576052258BB65D00DD496F /* AmyChart */,
				53CA2DF12576D65E00E3A02B /* WorkingCover */,
			);
			path = Views;
			sourceTree = "<group>";
		};
		53CB50952572D79E0077DDAE /* Extensions */ = {
			isa = PBXGroup;
			children = (
				53CB50992572D7C40077DDAE /* UIView+Extensions.swift */,
				53874511257BDCD300174D07 /* NSMutableAttributedString+Extension.swift */,
				E19B2F5A258D71CE00930AE1 /* Double+Extensions.swift */,
				E1305DA2259BEFDD00AB3119 /* UIButton+Extension.swift */,
				E152161F25A7D0E700557F20 /* NSDate+Extension.swift */,
			);
			path = Extensions;
			sourceTree = "<group>";
		};
		53CB509F2572F07A0077DDAE /* ResizedTableView */ = {
			isa = PBXGroup;
			children = (
				53CB50A02572F0B50077DDAE /* ResizedTableView.swift */,
			);
			path = ResizedTableView;
			sourceTree = "<group>";
		};
		E10A5B22259BE4F200FA8BD0 /* ErrorView */ = {
			isa = PBXGroup;
			children = (
				E10A5B23259BE4F300FA8BD0 /* ErrorView.swift */,
				E10A5B24259BE4F300FA8BD0 /* ErrorView.xib */,
			);
			path = ErrorView;
			sourceTree = "<group>";
		};
		E1226FBD25FD1BBD00D81A43 /* Frameworks */ = {
			isa = PBXGroup;
			children = (
				E1226FBE25FD1BBD00D81A43 /* WidgetKit.framework */,
				E1226FC025FD1BBD00D81A43 /* SwiftUI.framework */,
			);
			name = Frameworks;
			sourceTree = "<group>";
		};
		E1226FC225FD1BBD00D81A43 /* CentralisWidget */ = {
			isa = PBXGroup;
			children = (
				E1226FC325FD1BBD00D81A43 /* CentralisWidget.swift */,
				E1226FC525FD1BBE00D81A43 /* Assets.xcassets */,
				E1226FC725FD1BBE00D81A43 /* Info.plist */,
			);
			path = CentralisWidget;
			sourceTree = "<group>";
		};
		E14A7E52259FCEEA00EF9712 /* HomeMenuCell */ = {
			isa = PBXGroup;
			children = (
				E14A7E53259FCF2300EF9712 /* HomeMenuCell.swift */,
				E14A7E54259FCF2300EF9712 /* HomeMenuCell.xib */,
			);
			path = HomeMenuCell;
			sourceTree = "<group>";
		};
		E1576052258BB65D00DD496F /* AmyChart */ = {
			isa = PBXGroup;
			children = (
				E1576053258BB68000DD496F /* AmyChart.swift */,
			);
			path = AmyChart;
			sourceTree = "<group>";
		};
		E1576056258BBD7500DD496F /* ChartTableViewController */ = {
			isa = PBXGroup;
			children = (
				E1576057258BBD8E00DD496F /* ChartTableViewController.xib */,
				E157605A258BBDE700DD496F /* ChartTableViewController.swift */,
			);
			path = ChartTableViewController;
			sourceTree = "<group>";
		};
		E157605D258BF54C00DD496F /* AmyChartCell */ = {
			isa = PBXGroup;
			children = (
				E157605E258BF56B00DD496F /* AmyChartCell.swift */,
				E157605F258BF56B00DD496F /* AmyChartCell.xib */,
			);
			path = AmyChartCell;
			sourceTree = "<group>";
		};
		E1768303259A7D530099BB92 /* NewUserControllers */ = {
			isa = PBXGroup;
			children = (
				E1768304259A7EAE0099BB92 /* NewUserSchoolController.swift */,
				E1768307259A8C7A0099BB92 /* NewUserUPController.swift */,
			);
			path = NewUserControllers;
			sourceTree = "<group>";
		};
		E180E9C22580104800ABFE69 /* CarouselContainer */ = {
			isa = PBXGroup;
			children = (
				53874501257BD61800174D07 /* CarouselContainerController.swift */,
				5319692E257BC8A70056BF51 /* CarouselController.swift */,
			);
			path = CarouselContainer;
			sourceTree = "<group>";
		};
		E180E9C32580115100ABFE69 /* CarouselViewControllers */ = {
			isa = PBXGroup;
			children = (
				E1576056258BBD7500DD496F /* ChartTableViewController */,
				E1C8FD71258165790006F36F /* EmbeddedTableViewController */,
				5319692D257BC8610056BF51 /* HomeworkController */,
			);
			path = CarouselViewControllers;
			sourceTree = "<group>";
		};
		E1B77AA625F0172900CFF9DC /* libCentralis */ = {
			isa = PBXGroup;
			children = (
				E1B77AA925F0173800CFF9DC /* ColourConverter */,
				E1B77AAB25F0173800CFF9DC /* EduLink API */,
				E1B77ABC25F0173800CFF9DC /* Extensions */,
				E1B77AA725F0173800CFF9DC /* KeychainManager */,
				E1B77ABE25F0173800CFF9DC /* Network Manager */,
			);
			path = libCentralis;
			sourceTree = "<group>";
		};
		E1B77AA725F0173800CFF9DC /* KeychainManager */ = {
			isa = PBXGroup;
			children = (
				E1B77AA825F0173800CFF9DC /* KeychainManager.swift */,
			);
			path = KeychainManager;
			sourceTree = "<group>";
		};
		E1B77AA925F0173800CFF9DC /* ColourConverter */ = {
			isa = PBXGroup;
			children = (
				E1B77AAA25F0173800CFF9DC /* ColourConverter.swift */,
			);
			path = ColourConverter;
			sourceTree = "<group>";
		};
		E1B77AAB25F0173800CFF9DC /* EduLink API */ = {
			isa = PBXGroup;
			children = (
				E1B77AAC25F0173800CFF9DC /* UUID.swift */,
				E1B77AAD25F0173800CFF9DC /* Models */,
				E1B77AB925F0173800CFF9DC /* LoginManager.swift */,
				E1B77ABA25F0173800CFF9DC /* EduLinkAPI.swift */,
				E1B77ABB25F0173800CFF9DC /* StructModels.swift */,
			);
			path = "EduLink API";
			sourceTree = "<group>";
		};
		E1B77AAD25F0173800CFF9DC /* Models */ = {
			isa = PBXGroup;
			children = (
				E1B77AAE25F0173800CFF9DC /* EduLink_Employee.swift */,
				E1B77AAF25F0173800CFF9DC /* EduLink_Documents.swift */,
				E1B77AB025F0173800CFF9DC /* EduLink_Timetable.swift */,
				E1B77AB125F0173800CFF9DC /* EduLink_Personal.swift */,
				E1B77AB225F0173800CFF9DC /* EduLink_Attendance.swift */,
				E1B77AB325F0173800CFF9DC /* EduLink_Achievement.swift */,
				E1B77AB425F0173800CFF9DC /* EduLink_Catering.swift */,
				E1B77AB525F0173800CFF9DC /* EduLink_Links.swift */,
				E1B77AB625F0173800CFF9DC /* EduLink_Homework.swift */,
				E1B77AB725F0173800CFF9DC /* EduLink_Status.swift */,
				E1B77AB825F0173800CFF9DC /* EduLink_Register.swift */,
				E1B77AD625F0F7F600CFF9DC /* EduLink_Photo.swift */,
			);
			path = Models;
			sourceTree = "<group>";
		};
		E1B77ABC25F0173800CFF9DC /* Extensions */ = {
			isa = PBXGroup;
			children = (
				E1B77ABD25F0173800CFF9DC /* NSNotification+Extensions.swift */,
			);
			path = Extensions;
			sourceTree = "<group>";
		};
		E1B77ABE25F0173800CFF9DC /* Network Manager */ = {
			isa = PBXGroup;
			children = (
				E1B77ABF25F0173800CFF9DC /* NetworkManager.swift */,
			);
			path = "Network Manager";
			sourceTree = "<group>";
		};
		E1B77AD925F1132100CFF9DC /* ChildSelection */ = {
			isa = PBXGroup;
			children = (
				E1B77ADA25F1133D00CFF9DC /* ChildSelection.xib */,
				E1B77AE125F115E800CFF9DC /* ChildSelection.swift */,
			);
			path = ChildSelection;
			sourceTree = "<group>";
		};
		E1C8FD71258165790006F36F /* EmbeddedTableViewController */ = {
			isa = PBXGroup;
			children = (
				E1C8FD72258165BD0006F36F /* EmbeddedTableViewController.xib */,
				E1C8FD75258166210006F36F /* EmbeddedTableViewController.swift */,
			);
			path = EmbeddedTableViewController;
			sourceTree = "<group>";
		};
		E1F9A49625850F3D00CEA071 /* DocumentWebViewController */ = {
			isa = PBXGroup;
			children = (
				E1F9A49725850F6000CEA071 /* DocumentWebViewController.swift */,
			);
			path = DocumentWebViewController;
			sourceTree = "<group>";
		};
		E1FB73CA25A0E30E00BA4E77 /* HomeMenuLessonCell */ = {
			isa = PBXGroup;
			children = (
				E1FB73CB25A0E33E00BA4E77 /* HomeMenuLessonCell.swift */,
				E1FB73CC25A0E33E00BA4E77 /* HomeMenuLessonCell.xib */,
			);
			path = HomeMenuLessonCell;
			sourceTree = "<group>";
		};
/* End PBXGroup section */

/* Begin PBXNativeTarget section */
		53CB506D2572D1780077DDAE /* Centralis */ = {
			isa = PBXNativeTarget;
			buildConfigurationList = 53CB50822572D1880077DDAE /* Build configuration list for PBXNativeTarget "Centralis" */;
			buildPhases = (
				53CB506A2572D1780077DDAE /* Sources */,
				53CB506B2572D1780077DDAE /* Frameworks */,
				53CB506C2572D1780077DDAE /* Resources */,
				E1226FCC25FD1BBF00D81A43 /* Embed App Extensions */,
			);
			buildRules = (
			);
			dependencies = (
				E1226FC925FD1BBE00D81A43 /* PBXTargetDependency */,
			);
			name = Centralis;
			packageProductDependencies = (
			);
			productName = Centralis;
			productReference = 53CB506E2572D1780077DDAE /* Centralis.app */;
			productType = "com.apple.product-type.application";
		};
		E1226FBB25FD1BBD00D81A43 /* CentralisWidgetExtension */ = {
			isa = PBXNativeTarget;
			buildConfigurationList = E1226FCF25FD1BBF00D81A43 /* Build configuration list for PBXNativeTarget "CentralisWidgetExtension" */;
			buildPhases = (
				E1226FB825FD1BBD00D81A43 /* Sources */,
				E1226FB925FD1BBD00D81A43 /* Frameworks */,
				E1226FBA25FD1BBD00D81A43 /* Resources */,
			);
			buildRules = (
			);
			dependencies = (
			);
			name = CentralisWidgetExtension;
			productName = CentralisWidgetExtension;
			productReference = E1226FBC25FD1BBD00D81A43 /* CentralisWidgetExtension.appex */;
			productType = "com.apple.product-type.app-extension";
		};
/* End PBXNativeTarget section */

/* Begin PBXProject section */
		53CB50662572D1770077DDAE /* Project object */ = {
			isa = PBXProject;
			attributes = {
				LastSwiftUpdateCheck = 1240;
				LastUpgradeCheck = 1230;
				TargetAttributes = {
					53CB506D2572D1780077DDAE = {
						CreatedOnToolsVersion = 12.2;
					};
					E1226FBB25FD1BBD00D81A43 = {
						CreatedOnToolsVersion = 12.4;
					};
				};
			};
			buildConfigurationList = 53CB50692572D1770077DDAE /* Build configuration list for PBXProject "Centralis" */;
			compatibilityVersion = "Xcode 9.3";
			developmentRegion = en;
			hasScannedForEncodings = 0;
			knownRegions = (
				en,
				Base,
			);
			mainGroup = 53CB50652572D1770077DDAE;
			packageReferences = (
			);
			productRefGroup = 53CB506F2572D1780077DDAE /* Products */;
			projectDirPath = "";
			projectRoot = "";
			targets = (
				53CB506D2572D1780077DDAE /* Centralis */,
				E1226FBB25FD1BBD00D81A43 /* CentralisWidgetExtension */,
			);
		};
/* End PBXProject section */

/* Begin PBXResourcesBuildPhase section */
		53CB506C2572D1780077DDAE /* Resources */ = {
			isa = PBXResourcesBuildPhase;
			buildActionMask = 2147483647;
			files = (
				E10A5B26259BE4F300FA8BD0 /* ErrorView.xib in Resources */,
				53874526257C1EB100174D07 /* HomeworkDetailView.xib in Resources */,
				53CA2DEF2576CC9E00E3A02B /* LoginCell.xib in Resources */,
				E1576061258BF56B00DD496F /* AmyChartCell.xib in Resources */,
				E14A7E56259FCF2400EF9712 /* HomeMenuCell.xib in Resources */,
				53CB507E2572D1880077DDAE /* LaunchScreen.storyboard in Resources */,
				53874506257BD7AD00174D07 /* HomeworkTableViewController.xib in Resources */,
				E1C8FD73258165BD0006F36F /* EmbeddedTableViewController.xib in Resources */,
				53CB507B2572D1880077DDAE /* Assets.xcassets in Resources */,
				E1FB73CE25A0E33E00BA4E77 /* HomeMenuLessonCell.xib in Resources */,
				E1576058258BBD8E00DD496F /* ChartTableViewController.xib in Resources */,
				53CB50792572D1780077DDAE /* Main.storyboard in Resources */,
				5387450F257BDB7100174D07 /* HomeworkCell.xib in Resources */,
				E1B77ADB25F1133D00CFF9DC /* ChildSelection.xib in Resources */,
				53243437257828A300875BAD /* TextViewCell.xib in Resources */,
				53CA2DF32576D67A00E3A02B /* WorkingCover.xib in Resources */,
			);
			runOnlyForDeploymentPostprocessing = 0;
		};
		E1226FBA25FD1BBD00D81A43 /* Resources */ = {
			isa = PBXResourcesBuildPhase;
			buildActionMask = 2147483647;
			files = (
				E1226FC625FD1BBE00D81A43 /* Assets.xcassets in Resources */,
			);
			runOnlyForDeploymentPostprocessing = 0;
		};
/* End PBXResourcesBuildPhase section */

/* Begin PBXSourcesBuildPhase section */
		53CB506A2572D1780077DDAE /* Sources */ = {
			isa = PBXSourcesBuildPhase;
			buildActionMask = 2147483647;
			files = (
				E14A7E55259FCF2400EF9712 /* HomeMenuCell.swift in Sources */,
				53243436257828A300875BAD /* TextViewCell.swift in Sources */,
				E1B77AD025F0173800CFF9DC /* StructModels.swift in Sources */,
				E1768308259A8C7A0099BB92 /* NewUserUPController.swift in Sources */,
				E1B77AD225F0173800CFF9DC /* NetworkManager.swift in Sources */,
				E1B77AE225F115E800CFF9DC /* ChildSelection.swift in Sources */,
				E1F9A49825850F6000CEA071 /* DocumentWebViewController.swift in Sources */,
				E1B77AC125F0173800CFF9DC /* ColourConverter.swift in Sources */,
				E1B77ACF25F0173800CFF9DC /* EduLinkAPI.swift in Sources */,
				53CB509D2572D9300077DDAE /* LoginViewController.swift in Sources */,
				E157605B258BBDE700DD496F /* ChartTableViewController.swift in Sources */,
				E1305DA3259BEFDD00AB3119 /* UIButton+Extension.swift in Sources */,
				53CA2DEE2576CC9E00E3A02B /* LoginCell.swift in Sources */,
				E1C8FD76258166210006F36F /* EmbeddedTableViewController.swift in Sources */,
				E1B77AC425F0173800CFF9DC /* EduLink_Documents.swift in Sources */,
				E1B77ACC25F0173800CFF9DC /* EduLink_Status.swift in Sources */,
				53CA2E012576DD2A00E3A02B /* HomeViewController.swift in Sources */,
				E1576060258BF56B00DD496F /* AmyChartCell.swift in Sources */,
				E1768305259A7EAE0099BB92 /* NewUserSchoolController.swift in Sources */,
				E1B77ACA25F0173800CFF9DC /* EduLink_Links.swift in Sources */,
				E1B77AD725F0F7F600CFF9DC /* EduLink_Photo.swift in Sources */,
				53CB50722572D1780077DDAE /* AppDelegate.swift in Sources */,
				E1B77AC025F0173800CFF9DC /* KeychainManager.swift in Sources */,
				53874502257BD61800174D07 /* CarouselContainerController.swift in Sources */,
				E1B77AD125F0173800CFF9DC /* NSNotification+Extensions.swift in Sources */,
				E19B2F5B258D71CE00930AE1 /* Double+Extensions.swift in Sources */,
				E10A5B25259BE4F300FA8BD0 /* ErrorView.swift in Sources */,
				E1B77ACD25F0173800CFF9DC /* EduLink_Register.swift in Sources */,
				E1B77AC225F0173800CFF9DC /* UUID.swift in Sources */,
				5319692F257BC8A70056BF51 /* CarouselController.swift in Sources */,
				E1B77AC725F0173800CFF9DC /* EduLink_Attendance.swift in Sources */,
				5387450E257BDB7100174D07 /* HomeworkCell.swift in Sources */,
				53CB509A2572D7C40077DDAE /* UIView+Extensions.swift in Sources */,
				5387452E257C205500174D07 /* HomeworkDetailView.swift in Sources */,
				E152162025A7D0E700557F20 /* NSDate+Extension.swift in Sources */,
				E1B77AC825F0173800CFF9DC /* EduLink_Achievement.swift in Sources */,
				E1576054258BB68000DD496F /* AmyChart.swift in Sources */,
				E1B77ACE25F0173800CFF9DC /* LoginManager.swift in Sources */,
				E1B77AC525F0173800CFF9DC /* EduLink_Timetable.swift in Sources */,
				53CA2DF62576D69A00E3A02B /* WorkingCover.swift in Sources */,
				53874512257BDCD400174D07 /* NSMutableAttributedString+Extension.swift in Sources */,
				E1B77ACB25F0173800CFF9DC /* EduLink_Homework.swift in Sources */,
				E1B77AC925F0173800CFF9DC /* EduLink_Catering.swift in Sources */,
				53CB50A12572F0B50077DDAE /* ResizedTableView.swift in Sources */,
				E1B77AC325F0173800CFF9DC /* EduLink_Employee.swift in Sources */,
				53874509257BD7D600174D07 /* HomeworkTableViewController.swift in Sources */,
				E1B77AC625F0173800CFF9DC /* EduLink_Personal.swift in Sources */,
				531870D1257968BD000191FD /* TextViewController.swift in Sources */,
				E1FB73CD25A0E33E00BA4E77 /* HomeMenuLessonCell.swift in Sources */,
			);
			runOnlyForDeploymentPostprocessing = 0;
		};
		E1226FB825FD1BBD00D81A43 /* Sources */ = {
			isa = PBXSourcesBuildPhase;
			buildActionMask = 2147483647;
			files = (
				E1226FF925FD1C0400D81A43 /* EduLink_Status.swift in Sources */,
				E1226FFC25FD1C0600D81A43 /* EduLink_Register.swift in Sources */,
				E122700225FD1C0E00D81A43 /* StructModels.swift in Sources */,
				E122700B25FD1C1600D81A43 /* NetworkManager.swift in Sources */,
				E1226FDE25FD1BEF00D81A43 /* UUID.swift in Sources */,
				E1226FF325FD1BFF00D81A43 /* EduLink_Links.swift in Sources */,
				E1226FD225FD1BDD00D81A43 /* EduLink_Timetable.swift in Sources */,
				E1226FD825FD1BE300D81A43 /* EduLinkAPI.swift in Sources */,
				E1226FF625FD1C0100D81A43 /* EduLink_Homework.swift in Sources */,
				E1226FC425FD1BBD00D81A43 /* CentralisWidget.swift in Sources */,
				E1226FE725FD1BF700D81A43 /* EduLink_Personal.swift in Sources */,
				E1226FD525FD1BE000D81A43 /* LoginManager.swift in Sources */,
				E1226FE125FD1BF200D81A43 /* EduLink_Employee.swift in Sources */,
				E1226FEA25FD1BF900D81A43 /* EduLink_Attendance.swift in Sources */,
				E1226FED25FD1BFB00D81A43 /* EduLink_Achievement.swift in Sources */,
				E1226FF025FD1BFD00D81A43 /* EduLink_Catering.swift in Sources */,
				E1226FFF25FD1C0800D81A43 /* EduLink_Photo.swift in Sources */,
				E1226FDB25FD1BEC00D81A43 /* ColourConverter.swift in Sources */,
				E1226FE425FD1BF300D81A43 /* EduLink_Documents.swift in Sources */,
				E122700525FD1C1000D81A43 /* NSNotification+Extensions.swift in Sources */,
				E122700825FD1C1400D81A43 /* KeychainManager.swift in Sources */,
			);
			runOnlyForDeploymentPostprocessing = 0;
		};
/* End PBXSourcesBuildPhase section */

/* Begin PBXTargetDependency section */
		E1226FC925FD1BBE00D81A43 /* PBXTargetDependency */ = {
			isa = PBXTargetDependency;
			target = E1226FBB25FD1BBD00D81A43 /* CentralisWidgetExtension */;
			targetProxy = E1226FC825FD1BBE00D81A43 /* PBXContainerItemProxy */;
		};
/* End PBXTargetDependency section */

/* Begin PBXVariantGroup section */
		53CB50772572D1780077DDAE /* Main.storyboard */ = {
			isa = PBXVariantGroup;
			children = (
				53CB50782572D1780077DDAE /* Base */,
			);
			name = Main.storyboard;
			sourceTree = "<group>";
		};
		53CB507C2572D1880077DDAE /* LaunchScreen.storyboard */ = {
			isa = PBXVariantGroup;
			children = (
				53CB507D2572D1880077DDAE /* Base */,
			);
			name = LaunchScreen.storyboard;
			sourceTree = "<group>";
		};
/* End PBXVariantGroup section */

/* Begin XCBuildConfiguration section */
		53CB50802572D1880077DDAE /* Debug */ = {
			isa = XCBuildConfiguration;
			buildSettings = {
				ALWAYS_SEARCH_USER_PATHS = NO;
				CLANG_ANALYZER_NONNULL = YES;
				CLANG_ANALYZER_NUMBER_OBJECT_CONVERSION = YES_AGGRESSIVE;
				CLANG_CXX_LANGUAGE_STANDARD = "gnu++14";
				CLANG_CXX_LIBRARY = "libc++";
				CLANG_ENABLE_MODULES = YES;
				CLANG_ENABLE_OBJC_ARC = YES;
				CLANG_ENABLE_OBJC_WEAK = YES;
				CLANG_WARN_BLOCK_CAPTURE_AUTORELEASING = YES;
				CLANG_WARN_BOOL_CONVERSION = YES;
				CLANG_WARN_COMMA = YES;
				CLANG_WARN_CONSTANT_CONVERSION = YES;
				CLANG_WARN_DEPRECATED_OBJC_IMPLEMENTATIONS = YES;
				CLANG_WARN_DIRECT_OBJC_ISA_USAGE = YES_ERROR;
				CLANG_WARN_DOCUMENTATION_COMMENTS = YES;
				CLANG_WARN_EMPTY_BODY = YES;
				CLANG_WARN_ENUM_CONVERSION = YES;
				CLANG_WARN_INFINITE_RECURSION = YES;
				CLANG_WARN_INT_CONVERSION = YES;
				CLANG_WARN_NON_LITERAL_NULL_CONVERSION = YES;
				CLANG_WARN_OBJC_IMPLICIT_RETAIN_SELF = YES;
				CLANG_WARN_OBJC_LITERAL_CONVERSION = YES;
				CLANG_WARN_OBJC_ROOT_CLASS = YES_ERROR;
				CLANG_WARN_QUOTED_INCLUDE_IN_FRAMEWORK_HEADER = YES;
				CLANG_WARN_RANGE_LOOP_ANALYSIS = YES;
				CLANG_WARN_STRICT_PROTOTYPES = YES;
				CLANG_WARN_SUSPICIOUS_MOVE = YES;
				CLANG_WARN_UNGUARDED_AVAILABILITY = YES_AGGRESSIVE;
				CLANG_WARN_UNREACHABLE_CODE = YES;
				CLANG_WARN__DUPLICATE_METHOD_MATCH = YES;
				COPY_PHASE_STRIP = NO;
				DEBUG_INFORMATION_FORMAT = dwarf;
				ENABLE_STRICT_OBJC_MSGSEND = YES;
				ENABLE_TESTABILITY = YES;
				GCC_C_LANGUAGE_STANDARD = gnu11;
				GCC_DYNAMIC_NO_PIC = NO;
				GCC_NO_COMMON_BLOCKS = YES;
				GCC_OPTIMIZATION_LEVEL = 0;
				GCC_PREPROCESSOR_DEFINITIONS = (
					"DEBUG=1",
					"$(inherited)",
				);
				GCC_WARN_64_TO_32_BIT_CONVERSION = YES;
				GCC_WARN_ABOUT_RETURN_TYPE = YES_ERROR;
				GCC_WARN_UNDECLARED_SELECTOR = YES;
				GCC_WARN_UNINITIALIZED_AUTOS = YES_AGGRESSIVE;
				GCC_WARN_UNUSED_FUNCTION = YES;
				GCC_WARN_UNUSED_VARIABLE = YES;
				IPHONEOS_DEPLOYMENT_TARGET = 14.2;
				MTL_ENABLE_DEBUG_INFO = INCLUDE_SOURCE;
				MTL_FAST_MATH = YES;
				ONLY_ACTIVE_ARCH = YES;
				SDKROOT = iphoneos;
				STRIP_INSTALLED_PRODUCT = NO;
				SWIFT_ACTIVE_COMPILATION_CONDITIONS = DEBUG;
				SWIFT_OPTIMIZATION_LEVEL = "-Onone";
			};
			name = Debug;
		};
		53CB50812572D1880077DDAE /* Release */ = {
			isa = XCBuildConfiguration;
			buildSettings = {
				ALWAYS_SEARCH_USER_PATHS = NO;
				CLANG_ANALYZER_NONNULL = YES;
				CLANG_ANALYZER_NUMBER_OBJECT_CONVERSION = YES_AGGRESSIVE;
				CLANG_CXX_LANGUAGE_STANDARD = "gnu++14";
				CLANG_CXX_LIBRARY = "libc++";
				CLANG_ENABLE_MODULES = YES;
				CLANG_ENABLE_OBJC_ARC = YES;
				CLANG_ENABLE_OBJC_WEAK = YES;
				CLANG_WARN_BLOCK_CAPTURE_AUTORELEASING = YES;
				CLANG_WARN_BOOL_CONVERSION = YES;
				CLANG_WARN_COMMA = YES;
				CLANG_WARN_CONSTANT_CONVERSION = YES;
				CLANG_WARN_DEPRECATED_OBJC_IMPLEMENTATIONS = YES;
				CLANG_WARN_DIRECT_OBJC_ISA_USAGE = YES_ERROR;
				CLANG_WARN_DOCUMENTATION_COMMENTS = YES;
				CLANG_WARN_EMPTY_BODY = YES;
				CLANG_WARN_ENUM_CONVERSION = YES;
				CLANG_WARN_INFINITE_RECURSION = YES;
				CLANG_WARN_INT_CONVERSION = YES;
				CLANG_WARN_NON_LITERAL_NULL_CONVERSION = YES;
				CLANG_WARN_OBJC_IMPLICIT_RETAIN_SELF = YES;
				CLANG_WARN_OBJC_LITERAL_CONVERSION = YES;
				CLANG_WARN_OBJC_ROOT_CLASS = YES_ERROR;
				CLANG_WARN_QUOTED_INCLUDE_IN_FRAMEWORK_HEADER = YES;
				CLANG_WARN_RANGE_LOOP_ANALYSIS = YES;
				CLANG_WARN_STRICT_PROTOTYPES = YES;
				CLANG_WARN_SUSPICIOUS_MOVE = YES;
				CLANG_WARN_UNGUARDED_AVAILABILITY = YES_AGGRESSIVE;
				CLANG_WARN_UNREACHABLE_CODE = YES;
				CLANG_WARN__DUPLICATE_METHOD_MATCH = YES;
				COPY_PHASE_STRIP = YES;
				DEBUG_INFORMATION_FORMAT = "dwarf-with-dsym";
				DEPLOYMENT_POSTPROCESSING = YES;
				ENABLE_NS_ASSERTIONS = NO;
				ENABLE_STRICT_OBJC_MSGSEND = YES;
				GCC_C_LANGUAGE_STANDARD = gnu11;
				GCC_NO_COMMON_BLOCKS = YES;
				GCC_WARN_64_TO_32_BIT_CONVERSION = YES;
				GCC_WARN_ABOUT_RETURN_TYPE = YES_ERROR;
				GCC_WARN_UNDECLARED_SELECTOR = YES;
				GCC_WARN_UNINITIALIZED_AUTOS = YES_AGGRESSIVE;
				GCC_WARN_UNUSED_FUNCTION = YES;
				GCC_WARN_UNUSED_VARIABLE = YES;
				IPHONEOS_DEPLOYMENT_TARGET = 14.2;
				MTL_ENABLE_DEBUG_INFO = NO;
				MTL_FAST_MATH = YES;
				SDKROOT = iphoneos;
				SWIFT_COMPILATION_MODE = wholemodule;
				SWIFT_OPTIMIZATION_LEVEL = "-O";
				VALIDATE_PRODUCT = YES;
			};
			name = Release;
		};
		53CB50832572D1880077DDAE /* Debug */ = {
			isa = XCBuildConfiguration;
			buildSettings = {
				ALWAYS_EMBED_SWIFT_STANDARD_LIBRARIES = YES;
				ASSETCATALOG_COMPILER_APPICON_NAME = AppIcon;
				ASSETCATALOG_COMPILER_GLOBAL_ACCENT_COLOR_NAME = AccentColor;
				CODE_SIGN_ENTITLEMENTS = Centralis/Resources/Centralis.entitlements;
				CODE_SIGN_STYLE = Automatic;
				CURRENT_PROJECT_VERSION = 893;
				DEVELOPMENT_TEAM = 7J8FJX4SRX;
				INFOPLIST_FILE = Centralis/Resources/Info.plist;
				IPHONEOS_DEPLOYMENT_TARGET = 13.0;
				"IPHONEOS_DEPLOYMENT_TARGET[sdk=macosx*]" = 14.2;
				LD_RUNPATH_SEARCH_PATHS = (
					"$(inherited)",
					"@executable_path/Frameworks",
				);
				MARKETING_VERSION = 0.1;
				PRODUCT_BUNDLE_IDENTIFIER = com.amywhile.Centralis;
				PRODUCT_NAME = "$(TARGET_NAME)";
				SUPPORTS_MACCATALYST = YES;
				SUPPORTS_MAC_DESIGNED_FOR_IPHONE_IPAD = NO;
				SWIFT_VERSION = 5.0;
				TARGETED_DEVICE_FAMILY = "1,2,6";
			};
			name = Debug;
		};
		53CB50842572D1880077DDAE /* Release */ = {
			isa = XCBuildConfiguration;
			buildSettings = {
				ALWAYS_EMBED_SWIFT_STANDARD_LIBRARIES = YES;
				ASSETCATALOG_COMPILER_APPICON_NAME = AppIcon;
				ASSETCATALOG_COMPILER_GLOBAL_ACCENT_COLOR_NAME = AccentColor;
				CODE_SIGN_ENTITLEMENTS = Centralis/Resources/Centralis.entitlements;
				CODE_SIGN_STYLE = Automatic;
				CURRENT_PROJECT_VERSION = 893;
				DEVELOPMENT_TEAM = 7J8FJX4SRX;
				GCC_OPTIMIZATION_LEVEL = fast;
				INFOPLIST_FILE = Centralis/Resources/Info.plist;
				IPHONEOS_DEPLOYMENT_TARGET = 13.0;
				"IPHONEOS_DEPLOYMENT_TARGET[sdk=macosx*]" = 14.2;
				LD_RUNPATH_SEARCH_PATHS = (
					"$(inherited)",
					"@executable_path/Frameworks",
				);
				MARKETING_VERSION = 0.1;
				PRODUCT_BUNDLE_IDENTIFIER = com.amywhile.Centralis;
				PRODUCT_NAME = "$(TARGET_NAME)";
				SUPPORTS_MACCATALYST = YES;
				SUPPORTS_MAC_DESIGNED_FOR_IPHONE_IPAD = NO;
				SWIFT_VERSION = 5.0;
				TARGETED_DEVICE_FAMILY = "1,2,6";
			};
			name = Release;
		};
		E1226FCD25FD1BBF00D81A43 /* Debug */ = {
			isa = XCBuildConfiguration;
			buildSettings = {
				ASSETCATALOG_COMPILER_GLOBAL_ACCENT_COLOR_NAME = AccentColor;
				ASSETCATALOG_COMPILER_WIDGET_BACKGROUND_COLOR_NAME = WidgetBackground;
				CODE_SIGN_ENTITLEMENTS = CentralisWidgetExtension.entitlements;
				CODE_SIGN_STYLE = Automatic;
				CURRENT_PROJECT_VERSION = 893;
				DEVELOPMENT_TEAM = 7J8FJX4SRX;
				INFOPLIST_FILE = CentralisWidget/Info.plist;
				IPHONEOS_DEPLOYMENT_TARGET = 14.1;
				LD_RUNPATH_SEARCH_PATHS = (
					"$(inherited)",
					"@executable_path/Frameworks",
					"@executable_path/../../Frameworks",
				);
				MARKETING_VERSION = 0.1;
				PRODUCT_BUNDLE_IDENTIFIER = com.amywhile.Centralis.CentralisWidget;
				PRODUCT_NAME = "$(TARGET_NAME)";
				SKIP_INSTALL = YES;
				SUPPORTS_MACCATALYST = NO;
				SWIFT_VERSION = 5.0;
				TARGETED_DEVICE_FAMILY = "1,2";
			};
			name = Debug;
		};
		E1226FCE25FD1BBF00D81A43 /* Release */ = {
			isa = XCBuildConfiguration;
			buildSettings = {
				ASSETCATALOG_COMPILER_GLOBAL_ACCENT_COLOR_NAME = AccentColor;
				ASSETCATALOG_COMPILER_WIDGET_BACKGROUND_COLOR_NAME = WidgetBackground;
				CODE_SIGN_ENTITLEMENTS = CentralisWidgetExtension.entitlements;
				CODE_SIGN_STYLE = Automatic;
				COPY_PHASE_STRIP = NO;
				CURRENT_PROJECT_VERSION = 893;
				DEVELOPMENT_TEAM = 7J8FJX4SRX;
				INFOPLIST_FILE = CentralisWidget/Info.plist;
				IPHONEOS_DEPLOYMENT_TARGET = 14.1;
				LD_RUNPATH_SEARCH_PATHS = (
					"$(inherited)",
					"@executable_path/Frameworks",
					"@executable_path/../../Frameworks",
				);
				MARKETING_VERSION = 0.1;
				PRODUCT_BUNDLE_IDENTIFIER = com.amywhile.Centralis.CentralisWidget;
				PRODUCT_NAME = "$(TARGET_NAME)";
				SKIP_INSTALL = YES;
				SUPPORTS_MACCATALYST = NO;
				SWIFT_VERSION = 5.0;
				TARGETED_DEVICE_FAMILY = "1,2";
			};
			name = Release;
		};
/* End XCBuildConfiguration section */

/* Begin XCConfigurationList section */
		53CB50692572D1770077DDAE /* Build configuration list for PBXProject "Centralis" */ = {
			isa = XCConfigurationList;
			buildConfigurations = (
				53CB50802572D1880077DDAE /* Debug */,
				53CB50812572D1880077DDAE /* Release */,
			);
			defaultConfigurationIsVisible = 0;
			defaultConfigurationName = Release;
		};
		53CB50822572D1880077DDAE /* Build configuration list for PBXNativeTarget "Centralis" */ = {
			isa = XCConfigurationList;
			buildConfigurations = (
				53CB50832572D1880077DDAE /* Debug */,
				53CB50842572D1880077DDAE /* Release */,
			);
			defaultConfigurationIsVisible = 0;
			defaultConfigurationName = Release;
		};
		E1226FCF25FD1BBF00D81A43 /* Build configuration list for PBXNativeTarget "CentralisWidgetExtension" */ = {
			isa = XCConfigurationList;
			buildConfigurations = (
				E1226FCD25FD1BBF00D81A43 /* Debug */,
				E1226FCE25FD1BBF00D81A43 /* Release */,
			);
			defaultConfigurationIsVisible = 0;
			defaultConfigurationName = Release;
		};
/* End XCConfigurationList section */
	};
	rootObject = 53CB50662572D1770077DDAE /* Project object */;
}
