{
  "object": {
    "pins": [
      {
        "package": "libCentralis",
        "repositoryURL": "https://github.com/CharlieWhile13/libCentralis.git",
        "state": {
          "branch": "development",
          "revision": "b03413b16c787b51a926ecc688a0b903bab6807b",
          "version": null
        }
      }
    ]
  },
  "version": 1
}
