{
  "object": {
    "pins": [
      {
        "package": "libCentralis",
        "repositoryURL": "https://github.com/CharlieWhile13/libCentralis",
        "state": {
          "branch": "uwu",
          "revision": "0ea2b3ff53d784e422638ec9c22acb8580612eca",
          "version": null
        }
      }
    ]
  },
  "version": 1
}
